{
  "version": 4,
  "terraform_version": "1.3.9",
  "serial": 463,
  "lineage": "0fba18ac-3dc4-6bc9-9fc4-09bd6fb362f3",
  "outputs": {},
  "resources": [
    {
      "module": "module.dev",
      "mode": "managed",
      "type": "github_actions_environment_secret",
      "name": "cloudrun_project_id_secret",
      "provider": "provider[\"registry.terraform.io/integrations/github\"]",
      "instances": [
        {
          "schema_version": 0,
          "attributes": {
            "created_at": "2023-03-07 02:10:17 +0000 UTC",
            "encrypted_value": "",
            "environment": "dev",
            "id": "gh-rollout:dev:cloudrun_project_id",
            "plaintext_value": "my-hello-service-dev-4154",
            "repository": "gh-rollout",
            "secret_name": "cloudrun_project_id",
            "updated_at": "2023-03-07 02:10:17 +0000 UTC"
          },
          "sensitive_attributes": [],
          "private": "bnVsbA==",
          "dependencies": [
            "module.dev.google_project.project",
            "module.dev.random_id.default",
            "module.service.google_project.admin_project",
            "module.service.google_project_service.admin_enabled_services",
            "module.service.module.github_ci_access_config.google_artifact_registry_repository.artifact_repository",
            "module.service.module.github_ci_access_config.google_project_service.services",
            "module.service.module.github_ci_access_config.google_service_account.ci_service_account",
            "module.service.module.github_ci_access_config.random_id.default",
            "module.service.random_id.default"
          ]
        }
      ]
    },
    {
      "module": "module.dev",
      "mode": "managed",
      "type": "github_actions_environment_secret",
      "name": "cloudrun_region_secret",
      "provider": "provider[\"registry.terraform.io/integrations/github\"]",
      "instances": [
        {
          "schema_version": 0,
          "attributes": {
            "created_at": "2023-03-01 02:49:07 +0000 UTC",
            "encrypted_value": "",
            "environment": "dev",
            "id": "gh-rollout:dev:cloudrun_region",
            "plaintext_value": "us-west1",
            "repository": "gh-rollout",
            "secret_name": "cloudrun_region",
            "updated_at": "2023-03-01 02:49:07 +0000 UTC"
          },
          "sensitive_attributes": [],
          "private": "bnVsbA==",
          "dependencies": [
            "module.service.google_project.admin_project",
            "module.service.google_project_service.admin_enabled_services",
            "module.service.module.github_ci_access_config.google_artifact_registry_repository.artifact_repository",
            "module.service.module.github_ci_access_config.google_project_service.services",
            "module.service.module.github_ci_access_config.google_service_account.ci_service_account",
            "module.service.module.github_ci_access_config.random_id.default",
            "module.service.random_id.default"
          ]
        }
      ]
    },
    {
      "module": "module.dev",
      "mode": "managed",
      "type": "github_actions_environment_secret",
      "name": "cloudrun_service_secret",
      "provider": "provider[\"registry.terraform.io/integrations/github\"]",
      "instances": [
        {
          "schema_version": 0,
          "attributes": {
            "created_at": "2023-03-02 23:49:01 +0000 UTC",
            "encrypted_value": "",
            "environment": "dev",
            "id": "gh-rollout:dev:cloudrun_service",
            "plaintext_value": "my-hello-service-56a5",
            "repository": "gh-rollout",
            "secret_name": "cloudrun_service",
            "updated_at": "2023-03-02 23:49:01 +0000 UTC"
          },
          "sensitive_attributes": [],
          "private": "bnVsbA==",
          "dependencies": [
            "module.dev.google_project.project",
            "module.dev.google_project_service.default",
            "module.dev.google_service_account.cloudrun_service_account",
            "module.dev.module.cloud_run_service.google_cloud_run_service.service",
            "module.dev.module.cloud_run_service.google_project_service.services",
            "module.dev.module.cloud_run_service.google_secret_manager_secret.secrets",
            "module.dev.module.cloud_run_service.google_secret_manager_secret_iam_member.secrets_accessors_iam",
            "module.dev.module.cloud_run_service.random_id.default",
            "module.dev.random_id.default",
            "module.service.google_project.admin_project",
            "module.service.google_project_service.admin_enabled_services",
            "module.service.module.github_ci_access_config.google_artifact_registry_repository.artifact_repository",
            "module.service.module.github_ci_access_config.google_project_service.services",
            "module.service.module.github_ci_access_config.google_service_account.ci_service_account",
            "module.service.module.github_ci_access_config.random_id.default",
            "module.service.random_id.default"
          ]
        }
      ]
    },
    {
      "module": "module.dev",
      "mode": "managed",
      "type": "github_repository_environment",
      "name": "default",
      "provider": "provider[\"registry.terraform.io/integrations/github\"]",
      "instances": [
        {
          "schema_version": 0,
          "attributes": {
            "deployment_branch_policy": [
              {
                "custom_branch_policies": false,
                "protected_branches": false
              }
            ],
            "environment": "dev",
            "id": "gh-rollout:dev",
            "repository": "gh-rollout",
            "reviewers": [
              {
                "teams": null,
                "users": null
              }
            ],
            "wait_timer": null
          },
          "sensitive_attributes": [],
          "private": "bnVsbA==",
          "dependencies": [
            "module.service.google_project.admin_project",
            "module.service.google_project_service.admin_enabled_services",
            "module.service.module.github_ci_access_config.google_artifact_registry_repository.artifact_repository",
            "module.service.module.github_ci_access_config.google_service_account.ci_service_account"
          ]
        }
      ]
    },
    {
      "module": "module.dev",
      "mode": "managed",
      "type": "google_artifact_registry_repository_iam_member",
      "name": "cloudrun_sa_gar_reader",
      "provider": "provider[\"registry.terraform.io/hashicorp/google\"]",
      "instances": [
        {
          "schema_version": 0,
          "attributes": {
            "condition": [],
            "etag": "BwX2WLnIxME=",
            "id": "projects/my-hello-service-admin-0e60/locations/us-west1/repositories/my-hello-service-images/roles/artifactregistry.reader/serviceAccount:service-101804105673@serverless-robot-prod.iam.gserviceaccount.com",
            "location": "us-west1",
            "member": "serviceAccount:service-101804105673@serverless-robot-prod.iam.gserviceaccount.com",
            "project": "my-hello-service-admin-0e60",
            "repository": "projects/my-hello-service-admin-0e60/locations/us-west1/repositories/my-hello-service-images",
            "role": "roles/artifactregistry.reader"
          },
          "sensitive_attributes": [],
          "private": "bnVsbA==",
          "dependencies": [
            "module.dev.google_project.project",
            "module.dev.google_project_service.default",
            "module.dev.google_service_account.cloudrun_service_account",
            "module.dev.module.cloud_run_service.google_cloud_run_service.service",
            "module.dev.module.cloud_run_service.google_cloud_run_service_iam_binding.admins",
            "module.dev.module.cloud_run_service.google_cloud_run_service_iam_binding.developers",
            "module.dev.module.cloud_run_service.google_cloud_run_service_iam_binding.invokers",
            "module.dev.module.cloud_run_service.google_project_iam_member.run_observability_iam",
            "module.dev.module.cloud_run_service.google_project_service.services",
            "module.dev.module.cloud_run_service.google_secret_manager_secret.secrets",
            "module.dev.module.cloud_run_service.google_secret_manager_secret_iam_member.secrets_accessors_iam",
            "module.dev.module.cloud_run_service.google_secret_manager_secret_version.secrets_default_version",
            "module.dev.module.cloud_run_service.random_id.default",
            "module.dev.random_id.default",
            "module.service.google_project.admin_project",
            "module.service.google_project_service.admin_enabled_services",
            "module.service.module.github_ci_access_config.google_artifact_registry_repository.artifact_repository",
            "module.service.module.github_ci_access_config.google_project_service.services",
            "module.service.module.github_ci_access_config.google_service_account.ci_service_account",
            "module.service.module.github_ci_access_config.random_id.default",
            "module.service.random_id.default"
          ]
        }
      ]
    },
    {
      "module": "module.dev",
      "mode": "managed",
      "type": "google_project",
      "name": "project",
      "provider": "provider[\"registry.terraform.io/hashicorp/google\"]",
      "instances": [
        {
          "schema_version": 1,
          "attributes": {
            "auto_create_network": true,
            "billing_account": "009DE6-A7C95A-2AEE97",
            "folder_id": "436745444848",
            "id": "projects/my-hello-service-dev-4154",
            "labels": {},
            "name": "my-hello-service-dev-4154",
            "number": "101804105673",
            "org_id": "",
            "project_id": "my-hello-service-dev-4154",
            "skip_delete": null,
            "timeouts": null
          },
          "sensitive_attributes": [],
          "private": "eyJlMmJmYjczMC1lY2FhLTExZTYtOGY4OC0zNDM2M2JjN2M0YzAiOnsiY3JlYXRlIjo2MDAwMDAwMDAwMDAsImRlbGV0ZSI6NjAwMDAwMDAwMDAwLCJyZWFkIjo2MDAwMDAwMDAwMDAsInVwZGF0ZSI6NjAwMDAwMDAwMDAwfSwic2NoZW1hX3ZlcnNpb24iOiIxIn0=",
          "dependencies": [
            "module.dev.random_id.default",
            "module.service.google_project.admin_project",
            "module.service.google_project_service.admin_enabled_services",
            "module.service.module.github_ci_access_config.google_artifact_registry_repository.artifact_repository",
            "module.service.module.github_ci_access_config.google_project_service.services",
            "module.service.module.github_ci_access_config.google_service_account.ci_service_account",
            "module.service.module.github_ci_access_config.random_id.default",
            "module.service.random_id.default"
          ]
        }
      ]
    },
    {
      "module": "module.dev",
      "mode": "managed",
      "type": "google_project_service",
      "name": "default",
      "provider": "provider[\"registry.terraform.io/hashicorp/google\"]",
      "instances": [
        {
          "index_key": "iam.googleapis.com",
          "schema_version": 0,
          "attributes": {
            "disable_dependent_services": null,
            "disable_on_destroy": true,
            "id": "my-hello-service-dev-4154/iam.googleapis.com",
            "project": "my-hello-service-dev-4154",
            "service": "iam.googleapis.com",
            "timeouts": null
          },
          "sensitive_attributes": [],
          "private": "eyJlMmJmYjczMC1lY2FhLTExZTYtOGY4OC0zNDM2M2JjN2M0YzAiOnsiY3JlYXRlIjoxMjAwMDAwMDAwMDAwLCJkZWxldGUiOjEyMDAwMDAwMDAwMDAsInJlYWQiOjYwMDAwMDAwMDAwMCwidXBkYXRlIjoxMjAwMDAwMDAwMDAwfX0=",
          "dependencies": [
            "module.dev.google_project.project",
            "module.dev.random_id.default",
            "module.service.google_project.admin_project",
            "module.service.google_project_service.admin_enabled_services",
            "module.service.module.github_ci_access_config.google_artifact_registry_repository.artifact_repository",
            "module.service.module.github_ci_access_config.google_project_service.services",
            "module.service.module.github_ci_access_config.google_service_account.ci_service_account",
            "module.service.module.github_ci_access_config.random_id.default",
            "module.service.random_id.default"
          ]
        },
        {
          "index_key": "run.googleapis.com",
          "schema_version": 0,
          "attributes": {
            "disable_dependent_services": null,
            "disable_on_destroy": true,
            "id": "my-hello-service-dev-4154/run.googleapis.com",
            "project": "my-hello-service-dev-4154",
            "service": "run.googleapis.com",
            "timeouts": null
          },
          "sensitive_attributes": [],
          "private": "eyJlMmJmYjczMC1lY2FhLTExZTYtOGY4OC0zNDM2M2JjN2M0YzAiOnsiY3JlYXRlIjoxMjAwMDAwMDAwMDAwLCJkZWxldGUiOjEyMDAwMDAwMDAwMDAsInJlYWQiOjYwMDAwMDAwMDAwMCwidXBkYXRlIjoxMjAwMDAwMDAwMDAwfX0=",
          "dependencies": [
            "module.dev.google_project.project",
            "module.dev.random_id.default",
            "module.service.google_project.admin_project",
            "module.service.google_project_service.admin_enabled_services",
            "module.service.module.github_ci_access_config.google_artifact_registry_repository.artifact_repository",
            "module.service.module.github_ci_access_config.google_project_service.services",
            "module.service.module.github_ci_access_config.google_service_account.ci_service_account",
            "module.service.module.github_ci_access_config.random_id.default",
            "module.service.random_id.default"
          ]
        }
      ]
    },
    {
      "module": "module.dev",
      "mode": "managed",
      "type": "google_service_account",
      "name": "cloudrun_service_account",
      "provider": "provider[\"registry.terraform.io/hashicorp/google\"]",
      "instances": [
        {
          "schema_version": 0,
          "attributes": {
            "account_id": "cloudrun-sa",
            "description": "",
            "disabled": false,
            "display_name": "",
            "email": "cloudrun-sa@my-hello-service-dev-4154.iam.gserviceaccount.com",
            "id": "projects/my-hello-service-dev-4154/serviceAccounts/cloudrun-sa@my-hello-service-dev-4154.iam.gserviceaccount.com",
            "member": "serviceAccount:cloudrun-sa@my-hello-service-dev-4154.iam.gserviceaccount.com",
            "name": "projects/my-hello-service-dev-4154/serviceAccounts/cloudrun-sa@my-hello-service-dev-4154.iam.gserviceaccount.com",
            "project": "my-hello-service-dev-4154",
            "timeouts": null,
            "unique_id": "116899525122426218329"
          },
          "sensitive_attributes": [],
          "private": "eyJlMmJmYjczMC1lY2FhLTExZTYtOGY4OC0zNDM2M2JjN2M0YzAiOnsiY3JlYXRlIjozMDAwMDAwMDAwMDB9fQ==",
          "dependencies": [
            "module.dev.google_project.project",
            "module.dev.google_project_service.default",
            "module.dev.random_id.default",
            "module.service.google_project.admin_project",
            "module.service.google_project_service.admin_enabled_services",
            "module.service.module.github_ci_access_config.google_artifact_registry_repository.artifact_repository",
            "module.service.module.github_ci_access_config.google_project_service.services",
            "module.service.module.github_ci_access_config.google_service_account.ci_service_account",
            "module.service.module.github_ci_access_config.random_id.default",
            "module.service.random_id.default"
          ]
        }
      ]
    },
    {
      "module": "module.dev",
      "mode": "managed",
      "type": "google_service_account_iam_member",
      "name": "impersonate",
      "provider": "provider[\"registry.terraform.io/hashicorp/google\"]",
      "instances": [
        {
          "schema_version": 0,
          "attributes": {
            "condition": [],
            "etag": "BwX2WK3aYZw=",
            "id": "projects/my-hello-service-dev-4154/serviceAccounts/cloudrun-sa@my-hello-service-dev-4154.iam.gserviceaccount.com/roles/iam.serviceAccountUser/serviceAccount:my-hello-service-5099-ci-sa@my-hello-service-admin-0e60.iam.gserviceaccount.com",
            "member": "serviceAccount:my-hello-service-5099-ci-sa@my-hello-service-admin-0e60.iam.gserviceaccount.com",
            "role": "roles/iam.serviceAccountUser",
            "service_account_id": "projects/my-hello-service-dev-4154/serviceAccounts/cloudrun-sa@my-hello-service-dev-4154.iam.gserviceaccount.com"
          },
          "sensitive_attributes": [],
          "private": "bnVsbA==",
          "dependencies": [
            "module.dev.google_project.project",
            "module.dev.google_project_service.default",
            "module.dev.google_service_account.cloudrun_service_account",
            "module.dev.random_id.default",
            "module.service.google_project.admin_project",
            "module.service.google_project_service.admin_enabled_services",
            "module.service.module.github_ci_access_config.google_artifact_registry_repository.artifact_repository",
            "module.service.module.github_ci_access_config.google_project_service.services",
            "module.service.module.github_ci_access_config.google_service_account.ci_service_account",
            "module.service.module.github_ci_access_config.random_id.default",
            "module.service.random_id.default"
          ]
        }
      ]
    },
    {
      "module": "module.dev",
      "mode": "managed",
      "type": "random_id",
      "name": "default",
      "provider": "provider[\"registry.terraform.io/hashicorp/random\"]",
      "instances": [
        {
          "schema_version": 0,
          "attributes": {
            "b64_std": "QVQ=",
            "b64_url": "QVQ",
            "byte_length": 2,
            "dec": "16724",
            "hex": "4154",
            "id": "QVQ",
            "keepers": null,
            "prefix": null
          },
          "sensitive_attributes": []
        }
      ]
    },
    {
      "module": "module.dev.module.cloud_run_service",
      "mode": "managed",
      "type": "google_cloud_run_service",
      "name": "service",
      "provider": "provider[\"registry.terraform.io/hashicorp/google\"]",
      "instances": [
        {
          "schema_version": 1,
          "attributes": {
            "autogenerate_revision_name": true,
            "id": "locations/us-west1/namespaces/my-hello-service-dev-4154/services/my-hello-service-56a5",
            "location": "us-west1",
            "metadata": [
              {
                "annotations": {
                  "run.googleapis.com/ingress": "internal",
                  "run.googleapis.com/ingress-status": "internal",
                  "run.googleapis.com/operation-id": "03073d06-a88a-46e5-a986-f2f5ea9363e2",
                  "serving.knative.dev/creator": "revell@google.com",
                  "serving.knative.dev/lastModifier": "revell@google.com"
                },
                "generation": 2,
                "labels": {
                  "cloud.googleapis.com/location": "us-west1"
                },
                "namespace": "my-hello-service-dev-4154",
                "resource_version": "AAX2WK86+5c",
                "self_link": "/apis/serving.knative.dev/v1/namespaces/101804105673/services/my-hello-service-56a5",
                "uid": "ee490e44-773e-44f6-8dd5-9d4600a107e7"
              }
            ],
            "name": "my-hello-service-56a5",
            "project": "my-hello-service-dev-4154",
            "status": [
              {
                "conditions": [
                  {
                    "message": "",
                    "reason": "",
                    "status": "True",
                    "type": "Ready"
                  },
                  {
                    "message": "",
                    "reason": "",
                    "status": "True",
                    "type": "ConfigurationsReady"
                  },
                  {
                    "message": "",
                    "reason": "",
                    "status": "True",
                    "type": "RoutesReady"
                  }
                ],
                "latest_created_revision_name": "my-hello-service-56a5-rv2fj",
                "latest_ready_revision_name": "my-hello-service-56a5-rv2fj",
                "observed_generation": 2,
                "url": "https://my-hello-service-56a5-hhcyelve3q-uw.a.run.app"
              }
            ],
            "template": [
              {
                "metadata": [
                  {
                    "annotations": {
                      "autoscaling.knative.dev/maxScale": "10",
                      "autoscaling.knative.dev/minScale": "1",
                      "run.googleapis.com/execution-environment": "gen1"
                    },
                    "generation": 0,
                    "labels": {},
                    "name": "",
                    "namespace": "",
                    "resource_version": "",
                    "self_link": "",
                    "uid": ""
                  }
                ],
                "spec": [
                  {
                    "container_concurrency": 80,
                    "containers": [
                      {
                        "args": [],
                        "command": [],
                        "env": [],
                        "env_from": [],
                        "image": "us-docker.pkg.dev/cloudrun/container/hello",
                        "ports": [
                          {
                            "container_port": 8080,
                            "name": "http1",
                            "protocol": ""
                          }
                        ],
                        "resources": [
                          {
                            "limits": {
                              "cpu": "1000m",
                              "memory": "512Mi"
                            },
                            "requests": {
                              "cpu": "1000m",
                              "memory": "512Mi"
                            }
                          }
                        ],
                        "volume_mounts": [],
                        "working_dir": ""
                      }
                    ],
                    "service_account_name": "cloudrun-sa@my-hello-service-dev-4154.iam.gserviceaccount.com",
                    "serving_state": "",
                    "timeout_seconds": 300,
                    "volumes": []
                  }
                ]
              }
            ],
            "timeouts": null,
            "traffic": [
              {
                "latest_revision": true,
                "percent": 100,
                "revision_name": "",
                "tag": "",
                "url": ""
              }
            ]
          },
          "sensitive_attributes": [],
          "private": "eyJlMmJmYjczMC1lY2FhLTExZTYtOGY4OC0zNDM2M2JjN2M0YzAiOnsiY3JlYXRlIjoxMjAwMDAwMDAwMDAwLCJkZWxldGUiOjEyMDAwMDAwMDAwMDAsInVwZGF0ZSI6MTIwMDAwMDAwMDAwMH0sInNjaGVtYV92ZXJzaW9uIjoiMSJ9",
          "dependencies": [
            "module.dev.google_project.project",
            "module.dev.google_project_service.default",
            "module.dev.google_service_account.cloudrun_service_account",
            "module.dev.module.cloud_run_service.google_project_service.services",
            "module.dev.module.cloud_run_service.google_secret_manager_secret.secrets",
            "module.dev.module.cloud_run_service.google_secret_manager_secret_iam_member.secrets_accessors_iam",
            "module.dev.module.cloud_run_service.random_id.default",
            "module.dev.random_id.default",
            "module.service.google_project.admin_project",
            "module.service.google_project_service.admin_enabled_services",
            "module.service.module.github_ci_access_config.google_artifact_registry_repository.artifact_repository",
            "module.service.module.github_ci_access_config.google_project_service.services",
            "module.service.module.github_ci_access_config.google_service_account.ci_service_account",
            "module.service.module.github_ci_access_config.random_id.default",
            "module.service.random_id.default"
          ]
        }
      ]
    },
    {
      "module": "module.dev.module.cloud_run_service",
      "mode": "managed",
      "type": "google_cloud_run_service_iam_binding",
      "name": "admins",
      "provider": "provider[\"registry.terraform.io/hashicorp/google\"]",
      "instances": [
        {
          "schema_version": 0,
          "attributes": {
            "condition": [],
            "etag": null,
            "id": "v1/projects/my-hello-service-dev-4154/locations/us-west1/services/my-hello-service-56a5/roles/run.admin",
            "location": "us-west1",
            "members": [],
            "project": "my-hello-service-dev-4154",
            "role": "roles/run.admin",
            "service": "v1/projects/my-hello-service-dev-4154/locations/us-west1/services/my-hello-service-56a5"
          },
          "sensitive_attributes": [],
          "private": "bnVsbA==",
          "dependencies": [
            "module.dev.google_project.project",
            "module.dev.google_project_service.default",
            "module.dev.google_service_account.cloudrun_service_account",
            "module.dev.module.cloud_run_service.google_cloud_run_service.service",
            "module.dev.module.cloud_run_service.google_project_service.services",
            "module.dev.module.cloud_run_service.google_secret_manager_secret.secrets",
            "module.dev.module.cloud_run_service.google_secret_manager_secret_iam_member.secrets_accessors_iam",
            "module.dev.module.cloud_run_service.random_id.default",
            "module.dev.random_id.default",
            "module.service.google_project.admin_project",
            "module.service.google_project_service.admin_enabled_services",
            "module.service.module.github_ci_access_config.google_artifact_registry_repository.artifact_repository",
            "module.service.module.github_ci_access_config.google_project_service.services",
            "module.service.module.github_ci_access_config.google_service_account.ci_service_account",
            "module.service.module.github_ci_access_config.random_id.default",
            "module.service.random_id.default"
          ]
        }
      ]
    },
    {
      "module": "module.dev.module.cloud_run_service",
      "mode": "managed",
      "type": "google_cloud_run_service_iam_binding",
      "name": "developers",
      "provider": "provider[\"registry.terraform.io/hashicorp/google\"]",
      "instances": [
        {
          "schema_version": 0,
          "attributes": {
            "condition": [],
            "etag": "BwX2VetelPg=",
            "id": "v1/projects/my-hello-service-dev-4154/locations/us-west1/services/my-hello-service-56a5/roles/run.developer",
            "location": "us-west1",
            "members": [
              "serviceAccount:my-hello-service-5099-ci-sa@my-hello-service-admin-0e60.iam.gserviceaccount.com"
            ],
            "project": "my-hello-service-dev-4154",
            "role": "roles/run.developer",
            "service": "v1/projects/my-hello-service-dev-4154/locations/us-west1/services/my-hello-service-56a5"
          },
          "sensitive_attributes": [],
          "private": "bnVsbA==",
          "dependencies": [
            "module.dev.google_project.project",
            "module.dev.google_project_service.default",
            "module.dev.google_service_account.cloudrun_service_account",
            "module.dev.module.cloud_run_service.google_cloud_run_service.service",
            "module.dev.module.cloud_run_service.google_project_service.services",
            "module.dev.module.cloud_run_service.google_secret_manager_secret.secrets",
            "module.dev.module.cloud_run_service.google_secret_manager_secret_iam_member.secrets_accessors_iam",
            "module.dev.module.cloud_run_service.random_id.default",
            "module.dev.random_id.default",
            "module.service.google_project.admin_project",
            "module.service.google_project_service.admin_enabled_services",
            "module.service.module.github_ci_access_config.google_artifact_registry_repository.artifact_repository",
            "module.service.module.github_ci_access_config.google_project_service.services",
            "module.service.module.github_ci_access_config.google_service_account.ci_service_account",
            "module.service.module.github_ci_access_config.random_id.default",
            "module.service.random_id.default"
          ]
        }
      ]
    },
    {
      "module": "module.dev.module.cloud_run_service",
      "mode": "managed",
      "type": "google_cloud_run_service_iam_binding",
      "name": "invokers",
      "provider": "provider[\"registry.terraform.io/hashicorp/google\"]",
      "instances": [
        {
          "schema_version": 0,
          "attributes": {
            "condition": [],
            "etag": null,
            "id": "v1/projects/my-hello-service-dev-4154/locations/us-west1/services/my-hello-service-56a5/roles/run.invoker",
            "location": "us-west1",
            "members": [
              "user:drevell@google.com"
            ],
            "project": "my-hello-service-dev-4154",
            "role": "roles/run.invoker",
            "service": "v1/projects/my-hello-service-dev-4154/locations/us-west1/services/my-hello-service-56a5"
          },
          "sensitive_attributes": [],
          "private": "bnVsbA==",
          "dependencies": [
            "module.dev.module.cloud_run_service.google_cloud_run_service.service",
            "module.service.google_project.admin_project",
            "module.service.google_project_service.admin_enabled_services",
            "module.service.module.github_ci_access_config.google_artifact_registry_repository.artifact_repository",
            "module.service.module.github_ci_access_config.google_service_account.ci_service_account"
          ]
        }
      ]
    },
    {
      "module": "module.dev.module.cloud_run_service",
      "mode": "managed",
      "type": "google_project_iam_member",
      "name": "run_observability_iam",
      "provider": "provider[\"registry.terraform.io/hashicorp/google\"]",
      "instances": [
        {
          "index_key": "roles/cloudtrace.agent",
          "schema_version": 0,
          "attributes": {
            "condition": [],
            "etag": "BwX2WK52F9c=",
            "id": "my-hello-service-dev-4154/roles/cloudtrace.agent/serviceAccount:cloudrun-sa@my-hello-service-dev-4154.iam.gserviceaccount.com",
            "member": "serviceAccount:cloudrun-sa@my-hello-service-dev-4154.iam.gserviceaccount.com",
            "project": "my-hello-service-dev-4154",
            "role": "roles/cloudtrace.agent"
          },
          "sensitive_attributes": [],
          "private": "bnVsbA==",
          "dependencies": [
            "module.dev.google_project.project",
            "module.dev.google_project_service.default",
            "module.dev.google_service_account.cloudrun_service_account",
            "module.dev.module.cloud_run_service.google_project_service.services",
            "module.dev.random_id.default",
            "module.service.google_project.admin_project",
            "module.service.google_project_service.admin_enabled_services",
            "module.service.module.github_ci_access_config.google_artifact_registry_repository.artifact_repository",
            "module.service.module.github_ci_access_config.google_project_service.services",
            "module.service.module.github_ci_access_config.google_service_account.ci_service_account",
            "module.service.module.github_ci_access_config.random_id.default",
            "module.service.random_id.default"
          ]
        },
        {
          "index_key": "roles/logging.logWriter",
          "schema_version": 0,
          "attributes": {
            "condition": [],
            "etag": "BwX2WK52F9c=",
            "id": "my-hello-service-dev-4154/roles/logging.logWriter/serviceAccount:cloudrun-sa@my-hello-service-dev-4154.iam.gserviceaccount.com",
            "member": "serviceAccount:cloudrun-sa@my-hello-service-dev-4154.iam.gserviceaccount.com",
            "project": "my-hello-service-dev-4154",
            "role": "roles/logging.logWriter"
          },
          "sensitive_attributes": [],
          "private": "bnVsbA==",
          "dependencies": [
            "module.dev.google_project.project",
            "module.dev.google_project_service.default",
            "module.dev.google_service_account.cloudrun_service_account",
            "module.dev.module.cloud_run_service.google_project_service.services",
            "module.dev.random_id.default",
            "module.service.google_project.admin_project",
            "module.service.google_project_service.admin_enabled_services",
            "module.service.module.github_ci_access_config.google_artifact_registry_repository.artifact_repository",
            "module.service.module.github_ci_access_config.google_project_service.services",
            "module.service.module.github_ci_access_config.google_service_account.ci_service_account",
            "module.service.module.github_ci_access_config.random_id.default",
            "module.service.random_id.default"
          ]
        },
        {
          "index_key": "roles/monitoring.metricWriter",
          "schema_version": 0,
          "attributes": {
            "condition": [],
            "etag": "BwX2WK52F9c=",
            "id": "my-hello-service-dev-4154/roles/monitoring.metricWriter/serviceAccount:cloudrun-sa@my-hello-service-dev-4154.iam.gserviceaccount.com",
            "member": "serviceAccount:cloudrun-sa@my-hello-service-dev-4154.iam.gserviceaccount.com",
            "project": "my-hello-service-dev-4154",
            "role": "roles/monitoring.metricWriter"
          },
          "sensitive_attributes": [],
          "private": "bnVsbA==",
          "dependencies": [
            "module.dev.google_project.project",
            "module.dev.google_project_service.default",
            "module.dev.google_service_account.cloudrun_service_account",
            "module.dev.module.cloud_run_service.google_project_service.services",
            "module.dev.random_id.default",
            "module.service.google_project.admin_project",
            "module.service.google_project_service.admin_enabled_services",
            "module.service.module.github_ci_access_config.google_artifact_registry_repository.artifact_repository",
            "module.service.module.github_ci_access_config.google_project_service.services",
            "module.service.module.github_ci_access_config.google_service_account.ci_service_account",
            "module.service.module.github_ci_access_config.random_id.default",
            "module.service.random_id.default"
          ]
        },
        {
          "index_key": "roles/stackdriver.resourceMetadata.writer",
          "schema_version": 0,
          "attributes": {
            "condition": [],
            "etag": "BwX2WK52F9c=",
            "id": "my-hello-service-dev-4154/roles/stackdriver.resourceMetadata.writer/serviceAccount:cloudrun-sa@my-hello-service-dev-4154.iam.gserviceaccount.com",
            "member": "serviceAccount:cloudrun-sa@my-hello-service-dev-4154.iam.gserviceaccount.com",
            "project": "my-hello-service-dev-4154",
            "role": "roles/stackdriver.resourceMetadata.writer"
          },
          "sensitive_attributes": [],
          "private": "bnVsbA==",
          "dependencies": [
            "module.dev.google_project.project",
            "module.dev.google_project_service.default",
            "module.dev.google_service_account.cloudrun_service_account",
            "module.dev.module.cloud_run_service.google_project_service.services",
            "module.dev.random_id.default",
            "module.service.google_project.admin_project",
            "module.service.google_project_service.admin_enabled_services",
            "module.service.module.github_ci_access_config.google_artifact_registry_repository.artifact_repository",
            "module.service.module.github_ci_access_config.google_project_service.services",
            "module.service.module.github_ci_access_config.google_service_account.ci_service_account",
            "module.service.module.github_ci_access_config.random_id.default",
            "module.service.random_id.default"
          ]
        }
      ]
    },
    {
      "module": "module.dev.module.cloud_run_service",
      "mode": "managed",
      "type": "google_project_service",
      "name": "services",
      "provider": "provider[\"registry.terraform.io/hashicorp/google\"]",
      "instances": [
        {
          "index_key": "cloudresourcemanager.googleapis.com",
          "schema_version": 0,
          "attributes": {
            "disable_dependent_services": false,
            "disable_on_destroy": false,
            "id": "my-hello-service-dev-4154/cloudresourcemanager.googleapis.com",
            "project": "my-hello-service-dev-4154",
            "service": "cloudresourcemanager.googleapis.com",
            "timeouts": null
          },
          "sensitive_attributes": [],
          "private": "eyJlMmJmYjczMC1lY2FhLTExZTYtOGY4OC0zNDM2M2JjN2M0YzAiOnsiY3JlYXRlIjoxMjAwMDAwMDAwMDAwLCJkZWxldGUiOjEyMDAwMDAwMDAwMDAsInJlYWQiOjYwMDAwMDAwMDAwMCwidXBkYXRlIjoxMjAwMDAwMDAwMDAwfX0=",
          "dependencies": [
            "module.dev.google_project.project",
            "module.dev.random_id.default",
            "module.service.google_project.admin_project",
            "module.service.google_project_service.admin_enabled_services",
            "module.service.module.github_ci_access_config.google_artifact_registry_repository.artifact_repository",
            "module.service.module.github_ci_access_config.google_project_service.services",
            "module.service.module.github_ci_access_config.google_service_account.ci_service_account",
            "module.service.module.github_ci_access_config.random_id.default",
            "module.service.random_id.default"
          ]
        },
        {
          "index_key": "monitoring.googleapis.com",
          "schema_version": 0,
          "attributes": {
            "disable_dependent_services": false,
            "disable_on_destroy": false,
            "id": "my-hello-service-dev-4154/monitoring.googleapis.com",
            "project": "my-hello-service-dev-4154",
            "service": "monitoring.googleapis.com",
            "timeouts": null
          },
          "sensitive_attributes": [],
          "private": "eyJlMmJmYjczMC1lY2FhLTExZTYtOGY4OC0zNDM2M2JjN2M0YzAiOnsiY3JlYXRlIjoxMjAwMDAwMDAwMDAwLCJkZWxldGUiOjEyMDAwMDAwMDAwMDAsInJlYWQiOjYwMDAwMDAwMDAwMCwidXBkYXRlIjoxMjAwMDAwMDAwMDAwfX0=",
          "dependencies": [
            "module.dev.google_project.project",
            "module.dev.random_id.default",
            "module.service.google_project.admin_project",
            "module.service.google_project_service.admin_enabled_services",
            "module.service.module.github_ci_access_config.google_artifact_registry_repository.artifact_repository",
            "module.service.module.github_ci_access_config.google_project_service.services",
            "module.service.module.github_ci_access_config.google_service_account.ci_service_account",
            "module.service.module.github_ci_access_config.random_id.default",
            "module.service.random_id.default"
          ]
        },
        {
          "index_key": "run.googleapis.com",
          "schema_version": 0,
          "attributes": {
            "disable_dependent_services": false,
            "disable_on_destroy": false,
            "id": "my-hello-service-dev-4154/run.googleapis.com",
            "project": "my-hello-service-dev-4154",
            "service": "run.googleapis.com",
            "timeouts": null
          },
          "sensitive_attributes": [],
          "private": "eyJlMmJmYjczMC1lY2FhLTExZTYtOGY4OC0zNDM2M2JjN2M0YzAiOnsiY3JlYXRlIjoxMjAwMDAwMDAwMDAwLCJkZWxldGUiOjEyMDAwMDAwMDAwMDAsInJlYWQiOjYwMDAwMDAwMDAwMCwidXBkYXRlIjoxMjAwMDAwMDAwMDAwfX0=",
          "dependencies": [
            "module.dev.google_project.project",
            "module.dev.random_id.default",
            "module.service.google_project.admin_project",
            "module.service.google_project_service.admin_enabled_services",
            "module.service.module.github_ci_access_config.google_artifact_registry_repository.artifact_repository",
            "module.service.module.github_ci_access_config.google_project_service.services",
            "module.service.module.github_ci_access_config.google_service_account.ci_service_account",
            "module.service.module.github_ci_access_config.random_id.default",
            "module.service.random_id.default"
          ]
        },
        {
          "index_key": "secretmanager.googleapis.com",
          "schema_version": 0,
          "attributes": {
            "disable_dependent_services": false,
            "disable_on_destroy": false,
            "id": "my-hello-service-dev-4154/secretmanager.googleapis.com",
            "project": "my-hello-service-dev-4154",
            "service": "secretmanager.googleapis.com",
            "timeouts": null
          },
          "sensitive_attributes": [],
          "private": "eyJlMmJmYjczMC1lY2FhLTExZTYtOGY4OC0zNDM2M2JjN2M0YzAiOnsiY3JlYXRlIjoxMjAwMDAwMDAwMDAwLCJkZWxldGUiOjEyMDAwMDAwMDAwMDAsInJlYWQiOjYwMDAwMDAwMDAwMCwidXBkYXRlIjoxMjAwMDAwMDAwMDAwfX0=",
          "dependencies": [
            "module.dev.google_project.project",
            "module.dev.random_id.default",
            "module.service.google_project.admin_project",
            "module.service.google_project_service.admin_enabled_services",
            "module.service.module.github_ci_access_config.google_artifact_registry_repository.artifact_repository",
            "module.service.module.github_ci_access_config.google_project_service.services",
            "module.service.module.github_ci_access_config.google_service_account.ci_service_account",
            "module.service.module.github_ci_access_config.random_id.default",
            "module.service.random_id.default"
          ]
        },
        {
          "index_key": "serviceusage.googleapis.com",
          "schema_version": 0,
          "attributes": {
            "disable_dependent_services": false,
            "disable_on_destroy": false,
            "id": "my-hello-service-dev-4154/serviceusage.googleapis.com",
            "project": "my-hello-service-dev-4154",
            "service": "serviceusage.googleapis.com",
            "timeouts": null
          },
          "sensitive_attributes": [],
          "private": "eyJlMmJmYjczMC1lY2FhLTExZTYtOGY4OC0zNDM2M2JjN2M0YzAiOnsiY3JlYXRlIjoxMjAwMDAwMDAwMDAwLCJkZWxldGUiOjEyMDAwMDAwMDAwMDAsInJlYWQiOjYwMDAwMDAwMDAwMCwidXBkYXRlIjoxMjAwMDAwMDAwMDAwfX0=",
          "dependencies": [
            "module.dev.google_project.project",
            "module.dev.random_id.default",
            "module.service.google_project.admin_project",
            "module.service.google_project_service.admin_enabled_services",
            "module.service.module.github_ci_access_config.google_artifact_registry_repository.artifact_repository",
            "module.service.module.github_ci_access_config.google_project_service.services",
            "module.service.module.github_ci_access_config.google_service_account.ci_service_account",
            "module.service.module.github_ci_access_config.random_id.default",
            "module.service.random_id.default"
          ]
        },
        {
          "index_key": "stackdriver.googleapis.com",
          "schema_version": 0,
          "attributes": {
            "disable_dependent_services": false,
            "disable_on_destroy": false,
            "id": "my-hello-service-dev-4154/stackdriver.googleapis.com",
            "project": "my-hello-service-dev-4154",
            "service": "stackdriver.googleapis.com",
            "timeouts": null
          },
          "sensitive_attributes": [],
          "private": "eyJlMmJmYjczMC1lY2FhLTExZTYtOGY4OC0zNDM2M2JjN2M0YzAiOnsiY3JlYXRlIjoxMjAwMDAwMDAwMDAwLCJkZWxldGUiOjEyMDAwMDAwMDAwMDAsInJlYWQiOjYwMDAwMDAwMDAwMCwidXBkYXRlIjoxMjAwMDAwMDAwMDAwfX0=",
          "dependencies": [
            "module.dev.google_project.project",
            "module.dev.random_id.default",
            "module.service.google_project.admin_project",
            "module.service.google_project_service.admin_enabled_services",
            "module.service.module.github_ci_access_config.google_artifact_registry_repository.artifact_repository",
            "module.service.module.github_ci_access_config.google_project_service.services",
            "module.service.module.github_ci_access_config.google_service_account.ci_service_account",
            "module.service.module.github_ci_access_config.random_id.default",
            "module.service.random_id.default"
          ]
        }
      ]
    },
    {
      "module": "module.dev.module.cloud_run_service",
      "mode": "managed",
      "type": "random_id",
      "name": "default",
      "provider": "provider[\"registry.terraform.io/hashicorp/random\"]",
      "instances": [
        {
          "schema_version": 0,
          "attributes": {
            "b64_std": "VqU=",
            "b64_url": "VqU",
            "byte_length": 2,
            "dec": "22181",
            "hex": "56a5",
            "id": "VqU",
            "keepers": null,
            "prefix": null
          },
          "sensitive_attributes": []
        }
      ]
    },
    {
      "module": "module.prod",
      "mode": "managed",
      "type": "github_actions_environment_secret",
      "name": "cloudrun_project_id_secret",
      "provider": "provider[\"registry.terraform.io/integrations/github\"]",
      "instances": [
        {
          "schema_version": 0,
          "attributes": {
            "created_at": "2023-03-08 00:34:26 +0000 UTC",
            "encrypted_value": "",
            "environment": "prod",
            "id": "gh-rollout:prod:cloudrun_project_id",
            "plaintext_value": "my-hello-service-prod-9015",
            "repository": "gh-rollout",
            "secret_name": "cloudrun_project_id",
            "updated_at": "2023-03-08 00:34:26 +0000 UTC"
          },
          "sensitive_attributes": [],
          "private": "bnVsbA==",
          "dependencies": [
            "module.prod.google_project.project",
            "module.prod.random_id.default",
            "module.service.google_project.admin_project",
            "module.service.google_project_service.admin_enabled_services",
            "module.service.module.github_ci_access_config.google_artifact_registry_repository.artifact_repository",
            "module.service.module.github_ci_access_config.google_project_service.services",
            "module.service.module.github_ci_access_config.google_service_account.ci_service_account",
            "module.service.module.github_ci_access_config.random_id.default",
            "module.service.random_id.default"
          ]
        }
      ]
    },
    {
      "module": "module.prod",
      "mode": "managed",
      "type": "github_actions_environment_secret",
      "name": "cloudrun_region_secret",
      "provider": "provider[\"registry.terraform.io/integrations/github\"]",
      "instances": [
        {
          "schema_version": 0,
          "attributes": {
            "created_at": "2023-03-01 02:49:10 +0000 UTC",
            "encrypted_value": "",
            "environment": "prod",
            "id": "gh-rollout:prod:cloudrun_region",
            "plaintext_value": "us-west1",
            "repository": "gh-rollout",
            "secret_name": "cloudrun_region",
            "updated_at": "2023-03-01 02:49:10 +0000 UTC"
          },
          "sensitive_attributes": [],
          "private": "bnVsbA==",
          "dependencies": [
            "module.service.google_project.admin_project",
            "module.service.google_project_service.admin_enabled_services",
            "module.service.module.github_ci_access_config.google_artifact_registry_repository.artifact_repository",
            "module.service.module.github_ci_access_config.google_project_service.services",
            "module.service.module.github_ci_access_config.google_service_account.ci_service_account",
            "module.service.module.github_ci_access_config.random_id.default",
            "module.service.random_id.default"
          ]
        }
      ]
    },
    {
      "module": "module.prod",
      "mode": "managed",
      "type": "github_actions_environment_secret",
      "name": "cloudrun_service_secret",
      "provider": "provider[\"registry.terraform.io/integrations/github\"]",
      "instances": [
        {
          "schema_version": 0,
          "attributes": {
            "created_at": "2023-03-02 23:48:56 +0000 UTC",
            "encrypted_value": "",
            "environment": "prod",
            "id": "gh-rollout:prod:cloudrun_service",
            "plaintext_value": "my-hello-service-35cf",
            "repository": "gh-rollout",
            "secret_name": "cloudrun_service",
            "updated_at": "2023-03-02 23:48:56 +0000 UTC"
          },
          "sensitive_attributes": [],
          "private": "bnVsbA==",
          "dependencies": [
            "module.prod.google_project.project",
            "module.prod.google_project_service.default",
            "module.prod.google_service_account.cloudrun_service_account",
            "module.prod.module.cloud_run_service.google_cloud_run_service.service",
            "module.prod.module.cloud_run_service.google_project_service.services",
            "module.prod.module.cloud_run_service.google_secret_manager_secret.secrets",
            "module.prod.module.cloud_run_service.google_secret_manager_secret_iam_member.secrets_accessors_iam",
            "module.prod.module.cloud_run_service.random_id.default",
            "module.prod.random_id.default",
            "module.service.google_project.admin_project",
            "module.service.google_project_service.admin_enabled_services",
            "module.service.module.github_ci_access_config.google_artifact_registry_repository.artifact_repository",
            "module.service.module.github_ci_access_config.google_project_service.services",
            "module.service.module.github_ci_access_config.google_service_account.ci_service_account",
            "module.service.module.github_ci_access_config.random_id.default",
            "module.service.random_id.default"
          ]
        }
      ]
    },
    {
      "module": "module.prod",
      "mode": "managed",
      "type": "github_repository_environment",
      "name": "default",
      "provider": "provider[\"registry.terraform.io/integrations/github\"]",
      "instances": [
        {
          "schema_version": 0,
          "attributes": {
            "deployment_branch_policy": [
              {
                "custom_branch_policies": true,
                "protected_branches": true
              }
            ],
            "environment": "prod",
            "id": "gh-rollout:prod",
            "repository": "gh-rollout",
            "reviewers": [
              {
                "teams": [
                  7454159
                ],
                "users": [
                  168090
                ]
              }
            ],
            "wait_timer": null
          },
          "sensitive_attributes": [],
          "private": "bnVsbA==",
          "dependencies": [
            "module.service.google_project.admin_project",
            "module.service.google_project_service.admin_enabled_services",
            "module.service.module.github_ci_access_config.google_artifact_registry_repository.artifact_repository",
            "module.service.module.github_ci_access_config.google_project_service.services",
            "module.service.module.github_ci_access_config.google_service_account.ci_service_account",
            "module.service.module.github_ci_access_config.random_id.default",
            "module.service.random_id.default"
          ]
        }
      ]
    },
    {
      "module": "module.prod",
      "mode": "managed",
      "type": "google_artifact_registry_repository_iam_member",
      "name": "cloudrun_sa_gar_reader",
      "provider": "provider[\"registry.terraform.io/hashicorp/google\"]",
      "instances": [
        {
          "schema_version": 0,
          "attributes": {
            "condition": [],
            "etag": "BwX2WLnIxME=",
            "id": "projects/my-hello-service-admin-0e60/locations/us-west1/repositories/my-hello-service-images/roles/artifactregistry.reader/serviceAccount:service-69294939203@serverless-robot-prod.iam.gserviceaccount.com",
            "location": "us-west1",
            "member": "serviceAccount:service-69294939203@serverless-robot-prod.iam.gserviceaccount.com",
            "project": "my-hello-service-admin-0e60",
            "repository": "projects/my-hello-service-admin-0e60/locations/us-west1/repositories/my-hello-service-images",
            "role": "roles/artifactregistry.reader"
          },
          "sensitive_attributes": [],
          "private": "bnVsbA==",
          "dependencies": [
            "module.prod.google_project.project",
            "module.prod.google_project_service.default",
            "module.prod.google_service_account.cloudrun_service_account",
            "module.prod.module.cloud_run_service.google_cloud_run_service.service",
            "module.prod.module.cloud_run_service.google_cloud_run_service_iam_binding.admins",
            "module.prod.module.cloud_run_service.google_cloud_run_service_iam_binding.developers",
            "module.prod.module.cloud_run_service.google_cloud_run_service_iam_binding.invokers",
            "module.prod.module.cloud_run_service.google_project_iam_member.run_observability_iam",
            "module.prod.module.cloud_run_service.google_project_service.services",
            "module.prod.module.cloud_run_service.google_secret_manager_secret.secrets",
            "module.prod.module.cloud_run_service.google_secret_manager_secret_iam_member.secrets_accessors_iam",
            "module.prod.module.cloud_run_service.google_secret_manager_secret_version.secrets_default_version",
            "module.prod.module.cloud_run_service.random_id.default",
            "module.prod.random_id.default",
            "module.service.google_project.admin_project",
            "module.service.google_project_service.admin_enabled_services",
            "module.service.module.github_ci_access_config.google_artifact_registry_repository.artifact_repository",
            "module.service.module.github_ci_access_config.google_project_service.services",
            "module.service.module.github_ci_access_config.google_service_account.ci_service_account",
            "module.service.module.github_ci_access_config.random_id.default",
            "module.service.random_id.default"
          ]
        }
      ]
    },
    {
      "module": "module.prod",
      "mode": "managed",
      "type": "google_project",
      "name": "project",
      "provider": "provider[\"registry.terraform.io/hashicorp/google\"]",
      "instances": [
        {
          "schema_version": 1,
          "attributes": {
            "auto_create_network": true,
            "billing_account": "009DE6-A7C95A-2AEE97",
            "folder_id": "436745444848",
            "id": "projects/my-hello-service-prod-9015",
            "labels": {},
            "name": "my-hello-service-prod-9015",
            "number": "69294939203",
            "org_id": "",
            "project_id": "my-hello-service-prod-9015",
            "skip_delete": null,
            "timeouts": null
          },
          "sensitive_attributes": [],
          "private": "eyJlMmJmYjczMC1lY2FhLTExZTYtOGY4OC0zNDM2M2JjN2M0YzAiOnsiY3JlYXRlIjo2MDAwMDAwMDAwMDAsImRlbGV0ZSI6NjAwMDAwMDAwMDAwLCJyZWFkIjo2MDAwMDAwMDAwMDAsInVwZGF0ZSI6NjAwMDAwMDAwMDAwfSwic2NoZW1hX3ZlcnNpb24iOiIxIn0=",
          "dependencies": [
            "module.prod.random_id.default",
            "module.service.google_project.admin_project",
            "module.service.google_project_service.admin_enabled_services",
            "module.service.module.github_ci_access_config.google_artifact_registry_repository.artifact_repository",
            "module.service.module.github_ci_access_config.google_project_service.services",
            "module.service.module.github_ci_access_config.google_service_account.ci_service_account",
            "module.service.module.github_ci_access_config.random_id.default",
            "module.service.random_id.default"
          ]
        }
      ]
    },
    {
      "module": "module.prod",
      "mode": "managed",
      "type": "google_project_service",
      "name": "default",
      "provider": "provider[\"registry.terraform.io/hashicorp/google\"]",
      "instances": [
        {
          "index_key": "iam.googleapis.com",
          "schema_version": 0,
          "attributes": {
            "disable_dependent_services": null,
            "disable_on_destroy": true,
            "id": "my-hello-service-prod-9015/iam.googleapis.com",
            "project": "my-hello-service-prod-9015",
            "service": "iam.googleapis.com",
            "timeouts": null
          },
          "sensitive_attributes": [],
          "private": "eyJlMmJmYjczMC1lY2FhLTExZTYtOGY4OC0zNDM2M2JjN2M0YzAiOnsiY3JlYXRlIjoxMjAwMDAwMDAwMDAwLCJkZWxldGUiOjEyMDAwMDAwMDAwMDAsInJlYWQiOjYwMDAwMDAwMDAwMCwidXBkYXRlIjoxMjAwMDAwMDAwMDAwfX0=",
          "dependencies": [
            "module.prod.google_project.project",
            "module.prod.random_id.default",
            "module.service.google_project.admin_project",
            "module.service.google_project_service.admin_enabled_services",
            "module.service.module.github_ci_access_config.google_artifact_registry_repository.artifact_repository",
            "module.service.module.github_ci_access_config.google_project_service.services",
            "module.service.module.github_ci_access_config.google_service_account.ci_service_account",
            "module.service.module.github_ci_access_config.random_id.default",
            "module.service.random_id.default"
          ]
        },
        {
          "index_key": "run.googleapis.com",
          "schema_version": 0,
          "attributes": {
            "disable_dependent_services": null,
            "disable_on_destroy": true,
            "id": "my-hello-service-prod-9015/run.googleapis.com",
            "project": "my-hello-service-prod-9015",
            "service": "run.googleapis.com",
            "timeouts": null
          },
          "sensitive_attributes": [],
          "private": "eyJlMmJmYjczMC1lY2FhLTExZTYtOGY4OC0zNDM2M2JjN2M0YzAiOnsiY3JlYXRlIjoxMjAwMDAwMDAwMDAwLCJkZWxldGUiOjEyMDAwMDAwMDAwMDAsInJlYWQiOjYwMDAwMDAwMDAwMCwidXBkYXRlIjoxMjAwMDAwMDAwMDAwfX0=",
          "dependencies": [
            "module.prod.google_project.project",
            "module.prod.random_id.default",
            "module.service.google_project.admin_project",
            "module.service.google_project_service.admin_enabled_services",
            "module.service.module.github_ci_access_config.google_artifact_registry_repository.artifact_repository",
            "module.service.module.github_ci_access_config.google_project_service.services",
            "module.service.module.github_ci_access_config.google_service_account.ci_service_account",
            "module.service.module.github_ci_access_config.random_id.default",
            "module.service.random_id.default"
          ]
        }
      ]
    },
    {
      "module": "module.prod",
      "mode": "managed",
      "type": "google_service_account",
      "name": "cloudrun_service_account",
      "provider": "provider[\"registry.terraform.io/hashicorp/google\"]",
      "instances": [
        {
          "schema_version": 0,
          "attributes": {
            "account_id": "cloudrun-sa",
            "description": "",
            "disabled": false,
            "display_name": "",
            "email": "cloudrun-sa@my-hello-service-prod-9015.iam.gserviceaccount.com",
            "id": "projects/my-hello-service-prod-9015/serviceAccounts/cloudrun-sa@my-hello-service-prod-9015.iam.gserviceaccount.com",
            "member": "serviceAccount:cloudrun-sa@my-hello-service-prod-9015.iam.gserviceaccount.com",
            "name": "projects/my-hello-service-prod-9015/serviceAccounts/cloudrun-sa@my-hello-service-prod-9015.iam.gserviceaccount.com",
            "project": "my-hello-service-prod-9015",
            "timeouts": null,
            "unique_id": "113163769721811912984"
          },
          "sensitive_attributes": [],
          "private": "eyJlMmJmYjczMC1lY2FhLTExZTYtOGY4OC0zNDM2M2JjN2M0YzAiOnsiY3JlYXRlIjozMDAwMDAwMDAwMDB9fQ==",
          "dependencies": [
            "module.prod.google_project.project",
            "module.prod.google_project_service.default",
            "module.prod.random_id.default",
            "module.service.google_project.admin_project",
            "module.service.google_project_service.admin_enabled_services",
            "module.service.module.github_ci_access_config.google_artifact_registry_repository.artifact_repository",
            "module.service.module.github_ci_access_config.google_project_service.services",
            "module.service.module.github_ci_access_config.google_service_account.ci_service_account",
            "module.service.module.github_ci_access_config.random_id.default",
            "module.service.random_id.default"
          ]
        }
      ]
    },
    {
      "module": "module.prod",
      "mode": "managed",
      "type": "google_service_account_iam_member",
      "name": "impersonate",
      "provider": "provider[\"registry.terraform.io/hashicorp/google\"]",
      "instances": [
        {
          "schema_version": 0,
          "attributes": {
            "condition": [],
            "etag": "BwX2WLLQN6s=",
            "id": "projects/my-hello-service-prod-9015/serviceAccounts/cloudrun-sa@my-hello-service-prod-9015.iam.gserviceaccount.com/roles/iam.serviceAccountUser/serviceAccount:my-hello-service-5099-ci-sa@my-hello-service-admin-0e60.iam.gserviceaccount.com",
            "member": "serviceAccount:my-hello-service-5099-ci-sa@my-hello-service-admin-0e60.iam.gserviceaccount.com",
            "role": "roles/iam.serviceAccountUser",
            "service_account_id": "projects/my-hello-service-prod-9015/serviceAccounts/cloudrun-sa@my-hello-service-prod-9015.iam.gserviceaccount.com"
          },
          "sensitive_attributes": [],
          "private": "bnVsbA==",
          "dependencies": [
            "module.prod.google_project.project",
            "module.prod.google_project_service.default",
            "module.prod.google_service_account.cloudrun_service_account",
            "module.prod.random_id.default",
            "module.service.google_project.admin_project",
            "module.service.google_project_service.admin_enabled_services",
            "module.service.module.github_ci_access_config.google_artifact_registry_repository.artifact_repository",
            "module.service.module.github_ci_access_config.google_project_service.services",
            "module.service.module.github_ci_access_config.google_service_account.ci_service_account",
            "module.service.module.github_ci_access_config.random_id.default",
            "module.service.random_id.default"
          ]
        }
      ]
    },
    {
      "module": "module.prod",
      "mode": "managed",
      "type": "random_id",
      "name": "default",
      "provider": "provider[\"registry.terraform.io/hashicorp/random\"]",
      "instances": [
        {
          "schema_version": 0,
          "attributes": {
            "b64_std": "kBU=",
            "b64_url": "kBU",
            "byte_length": 2,
            "dec": "36885",
            "hex": "9015",
            "id": "kBU",
            "keepers": null,
            "prefix": null
          },
          "sensitive_attributes": []
        }
      ]
    },
    {
      "module": "module.prod.module.cloud_run_service",
      "mode": "managed",
      "type": "google_cloud_run_service",
      "name": "service",
      "provider": "provider[\"registry.terraform.io/hashicorp/google\"]",
      "instances": [
        {
          "schema_version": 1,
          "attributes": {
            "autogenerate_revision_name": true,
            "id": "locations/us-west1/namespaces/my-hello-service-prod-9015/services/my-hello-service-35cf",
            "location": "us-west1",
            "metadata": [
              {
                "annotations": {
                  "run.googleapis.com/ingress": "all",
                  "run.googleapis.com/ingress-status": "all",
                  "run.googleapis.com/operation-id": "3abe53db-d82d-4516-9c00-87f62a72b617",
                  "serving.knative.dev/creator": "revell@google.com",
                  "serving.knative.dev/lastModifier": "revell@google.com"
                },
                "generation": 1,
                "labels": {
                  "cloud.googleapis.com/location": "us-west1"
                },
                "namespace": "my-hello-service-prod-9015",
                "resource_version": "AAX2WLcmMD8",
                "self_link": "/apis/serving.knative.dev/v1/namespaces/69294939203/services/my-hello-service-35cf",
                "uid": "0ee181e0-ed2e-43ac-a39b-02e538d5e360"
              }
            ],
            "name": "my-hello-service-35cf",
            "project": "my-hello-service-prod-9015",
            "status": [
              {
                "conditions": [
                  {
                    "message": "",
                    "reason": "",
                    "status": "True",
                    "type": "Ready"
                  },
                  {
                    "message": "",
                    "reason": "",
                    "status": "True",
                    "type": "ConfigurationsReady"
                  },
                  {
                    "message": "",
                    "reason": "",
                    "status": "True",
                    "type": "RoutesReady"
                  }
                ],
                "latest_created_revision_name": "my-hello-service-35cf-rw8mg",
                "latest_ready_revision_name": "my-hello-service-35cf-rw8mg",
                "observed_generation": 1,
                "url": "https://my-hello-service-35cf-cnahb7sdaq-uw.a.run.app"
              }
            ],
            "template": [
              {
                "metadata": [
                  {
                    "annotations": {
                      "autoscaling.knative.dev/maxScale": "10",
                      "autoscaling.knative.dev/minScale": "3",
                      "run.googleapis.com/execution-environment": "gen1"
                    },
                    "generation": 0,
                    "labels": {},
                    "name": "",
                    "namespace": "",
                    "resource_version": "",
                    "self_link": "",
                    "uid": ""
                  }
                ],
                "spec": [
                  {
                    "container_concurrency": 80,
                    "containers": [
                      {
                        "args": [],
                        "command": [],
                        "env": [],
                        "env_from": [],
                        "image": "us-docker.pkg.dev/cloudrun/container/hello",
                        "ports": [
                          {
                            "container_port": 8080,
                            "name": "http1",
                            "protocol": ""
                          }
                        ],
                        "resources": [
                          {
                            "limits": {
                              "cpu": "1000m",
                              "memory": "512Mi"
                            },
                            "requests": {
                              "cpu": "1000m",
                              "memory": "512Mi"
                            }
                          }
                        ],
                        "volume_mounts": [],
                        "working_dir": ""
                      }
                    ],
                    "service_account_name": "cloudrun-sa@my-hello-service-prod-9015.iam.gserviceaccount.com",
                    "serving_state": "",
                    "timeout_seconds": 300,
                    "volumes": []
                  }
                ]
              }
            ],
            "timeouts": null,
            "traffic": [
              {
                "latest_revision": true,
                "percent": 100,
                "revision_name": "",
                "tag": "",
                "url": ""
              }
            ]
          },
          "sensitive_attributes": [],
          "private": "eyJlMmJmYjczMC1lY2FhLTExZTYtOGY4OC0zNDM2M2JjN2M0YzAiOnsiY3JlYXRlIjoxMjAwMDAwMDAwMDAwLCJkZWxldGUiOjEyMDAwMDAwMDAwMDAsInVwZGF0ZSI6MTIwMDAwMDAwMDAwMH0sInNjaGVtYV92ZXJzaW9uIjoiMSJ9",
          "dependencies": [
            "module.prod.google_project.project",
            "module.prod.google_project_service.default",
            "module.prod.google_service_account.cloudrun_service_account",
            "module.prod.module.cloud_run_service.google_project_service.services",
            "module.prod.module.cloud_run_service.google_secret_manager_secret.secrets",
            "module.prod.module.cloud_run_service.google_secret_manager_secret_iam_member.secrets_accessors_iam",
            "module.prod.module.cloud_run_service.random_id.default",
            "module.prod.random_id.default",
            "module.service.google_project.admin_project",
            "module.service.google_project_service.admin_enabled_services",
            "module.service.module.github_ci_access_config.google_artifact_registry_repository.artifact_repository",
            "module.service.module.github_ci_access_config.google_project_service.services",
            "module.service.module.github_ci_access_config.google_service_account.ci_service_account",
            "module.service.module.github_ci_access_config.random_id.default",
            "module.service.random_id.default"
          ]
        }
      ]
    },
    {
      "module": "module.prod.module.cloud_run_service",
      "mode": "managed",
      "type": "google_cloud_run_service_iam_binding",
      "name": "admins",
      "provider": "provider[\"registry.terraform.io/hashicorp/google\"]",
      "instances": [
        {
          "schema_version": 0,
          "attributes": {
            "condition": [],
            "etag": null,
            "id": "v1/projects/my-hello-service-prod-9015/locations/us-west1/services/my-hello-service-35cf/roles/run.admin",
            "location": "us-west1",
            "members": [],
            "project": "my-hello-service-prod-9015",
            "role": "roles/run.admin",
            "service": "v1/projects/my-hello-service-prod-9015/locations/us-west1/services/my-hello-service-35cf"
          },
          "sensitive_attributes": [],
          "private": "bnVsbA==",
          "dependencies": [
            "module.prod.google_project.project",
            "module.prod.google_project_service.default",
            "module.prod.google_service_account.cloudrun_service_account",
            "module.prod.module.cloud_run_service.google_cloud_run_service.service",
            "module.prod.module.cloud_run_service.google_project_service.services",
            "module.prod.module.cloud_run_service.google_secret_manager_secret.secrets",
            "module.prod.module.cloud_run_service.google_secret_manager_secret_iam_member.secrets_accessors_iam",
            "module.prod.module.cloud_run_service.random_id.default",
            "module.prod.random_id.default",
            "module.service.google_project.admin_project",
            "module.service.google_project_service.admin_enabled_services",
            "module.service.module.github_ci_access_config.google_artifact_registry_repository.artifact_repository",
            "module.service.module.github_ci_access_config.google_project_service.services",
            "module.service.module.github_ci_access_config.google_service_account.ci_service_account",
            "module.service.module.github_ci_access_config.random_id.default",
            "module.service.random_id.default"
          ]
        }
      ]
    },
    {
      "module": "module.prod.module.cloud_run_service",
      "mode": "managed",
      "type": "google_cloud_run_service_iam_binding",
      "name": "developers",
      "provider": "provider[\"registry.terraform.io/hashicorp/google\"]",
      "instances": [
        {
          "schema_version": 0,
          "attributes": {
            "condition": [],
            "etag": "BwX2WLgGs+g=",
            "id": "v1/projects/my-hello-service-prod-9015/locations/us-west1/services/my-hello-service-35cf/roles/run.developer",
            "location": "us-west1",
            "members": [
              "serviceAccount:my-hello-service-5099-ci-sa@my-hello-service-admin-0e60.iam.gserviceaccount.com"
            ],
            "project": "my-hello-service-prod-9015",
            "role": "roles/run.developer",
            "service": "v1/projects/my-hello-service-prod-9015/locations/us-west1/services/my-hello-service-35cf"
          },
          "sensitive_attributes": [],
          "private": "bnVsbA==",
          "dependencies": [
            "module.prod.google_project.project",
            "module.prod.google_project_service.default",
            "module.prod.google_service_account.cloudrun_service_account",
            "module.prod.module.cloud_run_service.google_cloud_run_service.service",
            "module.prod.module.cloud_run_service.google_project_service.services",
            "module.prod.module.cloud_run_service.google_secret_manager_secret.secrets",
            "module.prod.module.cloud_run_service.google_secret_manager_secret_iam_member.secrets_accessors_iam",
            "module.prod.module.cloud_run_service.random_id.default",
            "module.prod.random_id.default",
            "module.service.google_project.admin_project",
            "module.service.google_project_service.admin_enabled_services",
            "module.service.module.github_ci_access_config.google_artifact_registry_repository.artifact_repository",
            "module.service.module.github_ci_access_config.google_project_service.services",
            "module.service.module.github_ci_access_config.google_service_account.ci_service_account",
            "module.service.module.github_ci_access_config.random_id.default",
            "module.service.random_id.default"
          ]
        }
      ]
    },
    {
      "module": "module.prod.module.cloud_run_service",
      "mode": "managed",
      "type": "google_cloud_run_service_iam_binding",
      "name": "invokers",
      "provider": "provider[\"registry.terraform.io/hashicorp/google\"]",
      "instances": [
        {
          "schema_version": 0,
          "attributes": {
            "condition": [],
            "etag": "BwX2WTBqcu4=",
            "id": "v1/projects/my-hello-service-prod-9015/locations/us-west1/services/my-hello-service-35cf/roles/run.invoker",
            "location": "us-west1",
            "members": [
              "allUsers"
            ],
            "project": "my-hello-service-prod-9015",
            "role": "roles/run.invoker",
            "service": "v1/projects/my-hello-service-prod-9015/locations/us-west1/services/my-hello-service-35cf"
          },
          "sensitive_attributes": [],
          "private": "bnVsbA==",
          "dependencies": [
            "module.prod.module.cloud_run_service.google_cloud_run_service.service",
            "module.service.google_project.admin_project",
            "module.service.google_project_service.admin_enabled_services",
            "module.service.module.github_ci_access_config.google_artifact_registry_repository.artifact_repository",
            "module.service.module.github_ci_access_config.google_service_account.ci_service_account"
          ]
        }
      ]
    },
    {
      "module": "module.prod.module.cloud_run_service",
      "mode": "managed",
      "type": "google_project_iam_member",
      "name": "run_observability_iam",
      "provider": "provider[\"registry.terraform.io/hashicorp/google\"]",
      "instances": [
        {
          "index_key": "roles/cloudtrace.agent",
          "schema_version": 0,
          "attributes": {
            "condition": [],
            "etag": "BwX2WLNs83c=",
            "id": "my-hello-service-prod-9015/roles/cloudtrace.agent/serviceAccount:cloudrun-sa@my-hello-service-prod-9015.iam.gserviceaccount.com",
            "member": "serviceAccount:cloudrun-sa@my-hello-service-prod-9015.iam.gserviceaccount.com",
            "project": "my-hello-service-prod-9015",
            "role": "roles/cloudtrace.agent"
          },
          "sensitive_attributes": [],
          "private": "bnVsbA==",
          "dependencies": [
            "module.prod.google_project.project",
            "module.prod.google_project_service.default",
            "module.prod.google_service_account.cloudrun_service_account",
            "module.prod.module.cloud_run_service.google_project_service.services",
            "module.prod.random_id.default",
            "module.service.google_project.admin_project",
            "module.service.google_project_service.admin_enabled_services",
            "module.service.module.github_ci_access_config.google_artifact_registry_repository.artifact_repository",
            "module.service.module.github_ci_access_config.google_project_service.services",
            "module.service.module.github_ci_access_config.google_service_account.ci_service_account",
            "module.service.module.github_ci_access_config.random_id.default",
            "module.service.random_id.default"
          ]
        },
        {
          "index_key": "roles/logging.logWriter",
          "schema_version": 0,
          "attributes": {
            "condition": [],
            "etag": "BwX2WLNs83c=",
            "id": "my-hello-service-prod-9015/roles/logging.logWriter/serviceAccount:cloudrun-sa@my-hello-service-prod-9015.iam.gserviceaccount.com",
            "member": "serviceAccount:cloudrun-sa@my-hello-service-prod-9015.iam.gserviceaccount.com",
            "project": "my-hello-service-prod-9015",
            "role": "roles/logging.logWriter"
          },
          "sensitive_attributes": [],
          "private": "bnVsbA==",
          "dependencies": [
            "module.prod.google_project.project",
            "module.prod.google_project_service.default",
            "module.prod.google_service_account.cloudrun_service_account",
            "module.prod.module.cloud_run_service.google_project_service.services",
            "module.prod.random_id.default",
            "module.service.google_project.admin_project",
            "module.service.google_project_service.admin_enabled_services",
            "module.service.module.github_ci_access_config.google_artifact_registry_repository.artifact_repository",
            "module.service.module.github_ci_access_config.google_project_service.services",
            "module.service.module.github_ci_access_config.google_service_account.ci_service_account",
            "module.service.module.github_ci_access_config.random_id.default",
            "module.service.random_id.default"
          ]
        },
        {
          "index_key": "roles/monitoring.metricWriter",
          "schema_version": 0,
          "attributes": {
            "condition": [],
            "etag": "BwX2WLNs83c=",
            "id": "my-hello-service-prod-9015/roles/monitoring.metricWriter/serviceAccount:cloudrun-sa@my-hello-service-prod-9015.iam.gserviceaccount.com",
            "member": "serviceAccount:cloudrun-sa@my-hello-service-prod-9015.iam.gserviceaccount.com",
            "project": "my-hello-service-prod-9015",
            "role": "roles/monitoring.metricWriter"
          },
          "sensitive_attributes": [],
          "private": "bnVsbA==",
          "dependencies": [
            "module.prod.google_project.project",
            "module.prod.google_project_service.default",
            "module.prod.google_service_account.cloudrun_service_account",
            "module.prod.module.cloud_run_service.google_project_service.services",
            "module.prod.random_id.default",
            "module.service.google_project.admin_project",
            "module.service.google_project_service.admin_enabled_services",
            "module.service.module.github_ci_access_config.google_artifact_registry_repository.artifact_repository",
            "module.service.module.github_ci_access_config.google_project_service.services",
            "module.service.module.github_ci_access_config.google_service_account.ci_service_account",
            "module.service.module.github_ci_access_config.random_id.default",
            "module.service.random_id.default"
          ]
        },
        {
          "index_key": "roles/stackdriver.resourceMetadata.writer",
          "schema_version": 0,
          "attributes": {
            "condition": [],
            "etag": "BwX2WLNs83c=",
            "id": "my-hello-service-prod-9015/roles/stackdriver.resourceMetadata.writer/serviceAccount:cloudrun-sa@my-hello-service-prod-9015.iam.gserviceaccount.com",
            "member": "serviceAccount:cloudrun-sa@my-hello-service-prod-9015.iam.gserviceaccount.com",
            "project": "my-hello-service-prod-9015",
            "role": "roles/stackdriver.resourceMetadata.writer"
          },
          "sensitive_attributes": [],
          "private": "bnVsbA==",
          "dependencies": [
            "module.prod.google_project.project",
            "module.prod.google_project_service.default",
            "module.prod.google_service_account.cloudrun_service_account",
            "module.prod.module.cloud_run_service.google_project_service.services",
            "module.prod.random_id.default",
            "module.service.google_project.admin_project",
            "module.service.google_project_service.admin_enabled_services",
            "module.service.module.github_ci_access_config.google_artifact_registry_repository.artifact_repository",
            "module.service.module.github_ci_access_config.google_project_service.services",
            "module.service.module.github_ci_access_config.google_service_account.ci_service_account",
            "module.service.module.github_ci_access_config.random_id.default",
            "module.service.random_id.default"
          ]
        }
      ]
    },
    {
      "module": "module.prod.module.cloud_run_service",
      "mode": "managed",
      "type": "google_project_service",
      "name": "services",
      "provider": "provider[\"registry.terraform.io/hashicorp/google\"]",
      "instances": [
        {
          "index_key": "cloudresourcemanager.googleapis.com",
          "schema_version": 0,
          "attributes": {
            "disable_dependent_services": false,
            "disable_on_destroy": false,
            "id": "my-hello-service-prod-9015/cloudresourcemanager.googleapis.com",
            "project": "my-hello-service-prod-9015",
            "service": "cloudresourcemanager.googleapis.com",
            "timeouts": null
          },
          "sensitive_attributes": [],
          "private": "eyJlMmJmYjczMC1lY2FhLTExZTYtOGY4OC0zNDM2M2JjN2M0YzAiOnsiY3JlYXRlIjoxMjAwMDAwMDAwMDAwLCJkZWxldGUiOjEyMDAwMDAwMDAwMDAsInJlYWQiOjYwMDAwMDAwMDAwMCwidXBkYXRlIjoxMjAwMDAwMDAwMDAwfX0=",
          "dependencies": [
            "module.prod.google_project.project",
            "module.prod.random_id.default",
            "module.service.google_project.admin_project",
            "module.service.google_project_service.admin_enabled_services",
            "module.service.module.github_ci_access_config.google_artifact_registry_repository.artifact_repository",
            "module.service.module.github_ci_access_config.google_project_service.services",
            "module.service.module.github_ci_access_config.google_service_account.ci_service_account",
            "module.service.module.github_ci_access_config.random_id.default",
            "module.service.random_id.default"
          ]
        },
        {
          "index_key": "monitoring.googleapis.com",
          "schema_version": 0,
          "attributes": {
            "disable_dependent_services": false,
            "disable_on_destroy": false,
            "id": "my-hello-service-prod-9015/monitoring.googleapis.com",
            "project": "my-hello-service-prod-9015",
            "service": "monitoring.googleapis.com",
            "timeouts": null
          },
          "sensitive_attributes": [],
          "private": "eyJlMmJmYjczMC1lY2FhLTExZTYtOGY4OC0zNDM2M2JjN2M0YzAiOnsiY3JlYXRlIjoxMjAwMDAwMDAwMDAwLCJkZWxldGUiOjEyMDAwMDAwMDAwMDAsInJlYWQiOjYwMDAwMDAwMDAwMCwidXBkYXRlIjoxMjAwMDAwMDAwMDAwfX0=",
          "dependencies": [
            "module.prod.google_project.project",
            "module.prod.random_id.default",
            "module.service.google_project.admin_project",
            "module.service.google_project_service.admin_enabled_services",
            "module.service.module.github_ci_access_config.google_artifact_registry_repository.artifact_repository",
            "module.service.module.github_ci_access_config.google_project_service.services",
            "module.service.module.github_ci_access_config.google_service_account.ci_service_account",
            "module.service.module.github_ci_access_config.random_id.default",
            "module.service.random_id.default"
          ]
        },
        {
          "index_key": "run.googleapis.com",
          "schema_version": 0,
          "attributes": {
            "disable_dependent_services": false,
            "disable_on_destroy": false,
            "id": "my-hello-service-prod-9015/run.googleapis.com",
            "project": "my-hello-service-prod-9015",
            "service": "run.googleapis.com",
            "timeouts": null
          },
          "sensitive_attributes": [],
          "private": "eyJlMmJmYjczMC1lY2FhLTExZTYtOGY4OC0zNDM2M2JjN2M0YzAiOnsiY3JlYXRlIjoxMjAwMDAwMDAwMDAwLCJkZWxldGUiOjEyMDAwMDAwMDAwMDAsInJlYWQiOjYwMDAwMDAwMDAwMCwidXBkYXRlIjoxMjAwMDAwMDAwMDAwfX0=",
          "dependencies": [
            "module.prod.google_project.project",
            "module.prod.random_id.default",
            "module.service.google_project.admin_project",
            "module.service.google_project_service.admin_enabled_services",
            "module.service.module.github_ci_access_config.google_artifact_registry_repository.artifact_repository",
            "module.service.module.github_ci_access_config.google_project_service.services",
            "module.service.module.github_ci_access_config.google_service_account.ci_service_account",
            "module.service.module.github_ci_access_config.random_id.default",
            "module.service.random_id.default"
          ]
        },
        {
          "index_key": "secretmanager.googleapis.com",
          "schema_version": 0,
          "attributes": {
            "disable_dependent_services": false,
            "disable_on_destroy": false,
            "id": "my-hello-service-prod-9015/secretmanager.googleapis.com",
            "project": "my-hello-service-prod-9015",
            "service": "secretmanager.googleapis.com",
            "timeouts": null
          },
          "sensitive_attributes": [],
          "private": "eyJlMmJmYjczMC1lY2FhLTExZTYtOGY4OC0zNDM2M2JjN2M0YzAiOnsiY3JlYXRlIjoxMjAwMDAwMDAwMDAwLCJkZWxldGUiOjEyMDAwMDAwMDAwMDAsInJlYWQiOjYwMDAwMDAwMDAwMCwidXBkYXRlIjoxMjAwMDAwMDAwMDAwfX0=",
          "dependencies": [
            "module.prod.google_project.project",
            "module.prod.random_id.default",
            "module.service.google_project.admin_project",
            "module.service.google_project_service.admin_enabled_services",
            "module.service.module.github_ci_access_config.google_artifact_registry_repository.artifact_repository",
            "module.service.module.github_ci_access_config.google_project_service.services",
            "module.service.module.github_ci_access_config.google_service_account.ci_service_account",
            "module.service.module.github_ci_access_config.random_id.default",
            "module.service.random_id.default"
          ]
        },
        {
          "index_key": "serviceusage.googleapis.com",
          "schema_version": 0,
          "attributes": {
            "disable_dependent_services": false,
            "disable_on_destroy": false,
            "id": "my-hello-service-prod-9015/serviceusage.googleapis.com",
            "project": "my-hello-service-prod-9015",
            "service": "serviceusage.googleapis.com",
            "timeouts": null
          },
          "sensitive_attributes": [],
          "private": "eyJlMmJmYjczMC1lY2FhLTExZTYtOGY4OC0zNDM2M2JjN2M0YzAiOnsiY3JlYXRlIjoxMjAwMDAwMDAwMDAwLCJkZWxldGUiOjEyMDAwMDAwMDAwMDAsInJlYWQiOjYwMDAwMDAwMDAwMCwidXBkYXRlIjoxMjAwMDAwMDAwMDAwfX0=",
          "dependencies": [
            "module.prod.google_project.project",
            "module.prod.random_id.default",
            "module.service.google_project.admin_project",
            "module.service.google_project_service.admin_enabled_services",
            "module.service.module.github_ci_access_config.google_artifact_registry_repository.artifact_repository",
            "module.service.module.github_ci_access_config.google_project_service.services",
            "module.service.module.github_ci_access_config.google_service_account.ci_service_account",
            "module.service.module.github_ci_access_config.random_id.default",
            "module.service.random_id.default"
          ]
        },
        {
          "index_key": "stackdriver.googleapis.com",
          "schema_version": 0,
          "attributes": {
            "disable_dependent_services": false,
            "disable_on_destroy": false,
            "id": "my-hello-service-prod-9015/stackdriver.googleapis.com",
            "project": "my-hello-service-prod-9015",
            "service": "stackdriver.googleapis.com",
            "timeouts": null
          },
          "sensitive_attributes": [],
          "private": "eyJlMmJmYjczMC1lY2FhLTExZTYtOGY4OC0zNDM2M2JjN2M0YzAiOnsiY3JlYXRlIjoxMjAwMDAwMDAwMDAwLCJkZWxldGUiOjEyMDAwMDAwMDAwMDAsInJlYWQiOjYwMDAwMDAwMDAwMCwidXBkYXRlIjoxMjAwMDAwMDAwMDAwfX0=",
          "dependencies": [
            "module.prod.google_project.project",
            "module.prod.random_id.default",
            "module.service.google_project.admin_project",
            "module.service.google_project_service.admin_enabled_services",
            "module.service.module.github_ci_access_config.google_artifact_registry_repository.artifact_repository",
            "module.service.module.github_ci_access_config.google_project_service.services",
            "module.service.module.github_ci_access_config.google_service_account.ci_service_account",
            "module.service.module.github_ci_access_config.random_id.default",
            "module.service.random_id.default"
          ]
        }
      ]
    },
    {
      "module": "module.prod.module.cloud_run_service",
      "mode": "managed",
      "type": "random_id",
      "name": "default",
      "provider": "provider[\"registry.terraform.io/hashicorp/random\"]",
      "instances": [
        {
          "schema_version": 0,
          "attributes": {
            "b64_std": "Nc8=",
            "b64_url": "Nc8",
            "byte_length": 2,
            "dec": "13775",
            "hex": "35cf",
            "id": "Nc8",
            "keepers": null,
            "prefix": null
          },
          "sensitive_attributes": []
        }
      ]
    },
    {
      "module": "module.service",
      "mode": "managed",
      "type": "github_actions_secret",
      "name": "admin_project_id_secret",
      "provider": "provider[\"registry.terraform.io/integrations/github\"]",
      "instances": [
        {
          "schema_version": 0,
          "attributes": {
            "created_at": "2023-03-07 02:08:00 +0000 UTC",
            "encrypted_value": "",
            "id": "gh-rollout:admin_project_id",
            "plaintext_value": "my-hello-service-admin-0e60",
            "repository": "gh-rollout",
            "secret_name": "admin_project_id",
            "updated_at": "2023-03-07 02:08:00 +0000 UTC"
          },
          "sensitive_attributes": [],
          "private": "bnVsbA==",
          "dependencies": [
            "module.service.google_project.admin_project",
            "module.service.random_id.default"
          ]
        }
      ]
    },
    {
      "module": "module.service",
      "mode": "managed",
      "type": "github_actions_secret",
      "name": "docker_image_secret",
      "provider": "provider[\"registry.terraform.io/integrations/github\"]",
      "instances": [
        {
          "schema_version": 0,
          "attributes": {
            "created_at": "2023-03-01 02:49:03 +0000 UTC",
            "encrypted_value": "",
            "id": "gh-rollout:docker_image",
            "plaintext_value": "my-hello-service",
            "repository": "gh-rollout",
            "secret_name": "docker_image",
            "updated_at": "2023-03-01 02:49:03 +0000 UTC"
          },
          "sensitive_attributes": [],
          "private": "bnVsbA=="
        }
      ]
    },
    {
      "module": "module.service",
      "mode": "managed",
      "type": "github_actions_secret",
      "name": "gar_location_secret",
      "provider": "provider[\"registry.terraform.io/integrations/github\"]",
      "instances": [
        {
          "schema_version": 0,
          "attributes": {
            "created_at": "2023-03-01 02:51:11 +0000 UTC",
            "encrypted_value": "",
            "id": "gh-rollout:gar_location",
            "plaintext_value": "us-west1",
            "repository": "gh-rollout",
            "secret_name": "gar_location",
            "updated_at": "2023-03-01 02:51:11 +0000 UTC"
          },
          "sensitive_attributes": [],
          "private": "bnVsbA==",
          "dependencies": [
            "module.service.google_project.admin_project",
            "module.service.google_project_service.admin_enabled_services",
            "module.service.module.github_ci_access_config.google_artifact_registry_repository.artifact_repository",
            "module.service.module.github_ci_access_config.google_project_service.services",
            "module.service.random_id.default"
          ]
        }
      ]
    },
    {
      "module": "module.service",
      "mode": "managed",
      "type": "github_actions_secret",
      "name": "gar_repo_id_secret",
      "provider": "provider[\"registry.terraform.io/integrations/github\"]",
      "instances": [
        {
          "schema_version": 0,
          "attributes": {
            "created_at": "2023-03-01 02:49:08 +0000 UTC",
            "encrypted_value": "",
            "id": "gh-rollout:gar_repo_id",
            "plaintext_value": "my-hello-service",
            "repository": "gh-rollout",
            "secret_name": "gar_repo_id",
            "updated_at": "2023-03-01 02:49:08 +0000 UTC"
          },
          "sensitive_attributes": [],
          "private": "bnVsbA=="
        }
      ]
    },
    {
      "module": "module.service",
      "mode": "managed",
      "type": "github_actions_secret",
      "name": "wif_provider_secret",
      "provider": "provider[\"registry.terraform.io/integrations/github\"]",
      "instances": [
        {
          "schema_version": 0,
          "attributes": {
            "created_at": "2023-03-07 02:09:47 +0000 UTC",
            "encrypted_value": "",
            "id": "gh-rollout:wif_provider",
            "plaintext_value": "projects/55012914985/locations/global/workloadIdentityPools/github-pool-5099/providers/github-provider",
            "repository": "gh-rollout",
            "secret_name": "wif_provider",
            "updated_at": "2023-03-07 02:09:47 +0000 UTC"
          },
          "sensitive_attributes": [],
          "private": "bnVsbA==",
          "dependencies": [
            "module.service.google_project.admin_project",
            "module.service.google_project_service.admin_enabled_services",
            "module.service.module.github_ci_access_config.google_iam_workload_identity_pool.github_pool",
            "module.service.module.github_ci_access_config.google_iam_workload_identity_pool_provider.github_provider",
            "module.service.module.github_ci_access_config.google_project_service.services",
            "module.service.module.github_ci_access_config.random_id.default",
            "module.service.random_id.default"
          ]
        }
      ]
    },
    {
      "module": "module.service",
      "mode": "managed",
      "type": "github_actions_secret",
      "name": "wif_service_account_secret",
      "provider": "provider[\"registry.terraform.io/integrations/github\"]",
      "instances": [
        {
          "schema_version": 0,
          "attributes": {
            "created_at": "2023-03-07 02:09:24 +0000 UTC",
            "encrypted_value": "",
            "id": "gh-rollout:wif_service_account",
            "plaintext_value": "my-hello-service-5099-ci-sa@my-hello-service-admin-0e60.iam.gserviceaccount.com",
            "repository": "gh-rollout",
            "secret_name": "wif_service_account",
            "updated_at": "2023-03-07 02:09:24 +0000 UTC"
          },
          "sensitive_attributes": [],
          "private": "bnVsbA==",
          "dependencies": [
            "module.service.google_project.admin_project",
            "module.service.google_project_service.admin_enabled_services",
            "module.service.module.github_ci_access_config.google_service_account.ci_service_account",
            "module.service.module.github_ci_access_config.random_id.default",
            "module.service.random_id.default"
          ]
        }
      ]
    },
    {
      "module": "module.service",
      "mode": "managed",
      "type": "google_project",
      "name": "admin_project",
      "provider": "provider[\"registry.terraform.io/hashicorp/google\"]",
      "instances": [
        {
          "schema_version": 1,
          "attributes": {
            "auto_create_network": true,
            "billing_account": "009DE6-A7C95A-2AEE97",
            "folder_id": "436745444848",
            "id": "projects/my-hello-service-admin-0e60",
            "labels": {},
            "name": "my-hello-service-admin-0e60",
            "number": "55012914985",
            "org_id": "",
            "project_id": "my-hello-service-admin-0e60",
            "skip_delete": null,
            "timeouts": null
          },
          "sensitive_attributes": [],
          "private": "eyJlMmJmYjczMC1lY2FhLTExZTYtOGY4OC0zNDM2M2JjN2M0YzAiOnsiY3JlYXRlIjo2MDAwMDAwMDAwMDAsImRlbGV0ZSI6NjAwMDAwMDAwMDAwLCJyZWFkIjo2MDAwMDAwMDAwMDAsInVwZGF0ZSI6NjAwMDAwMDAwMDAwfSwic2NoZW1hX3ZlcnNpb24iOiIxIn0=",
          "dependencies": [
            "module.service.random_id.default"
          ]
        }
      ]
    },
    {
      "module": "module.service",
      "mode": "managed",
      "type": "google_project_service",
      "name": "admin_enabled_services",
      "provider": "provider[\"registry.terraform.io/hashicorp/google\"]",
      "instances": [
        {
          "index_key": "compute.googleapis.com",
          "schema_version": 0,
          "attributes": {
            "disable_dependent_services": null,
            "disable_on_destroy": true,
            "id": "my-hello-service-admin-0e60/compute.googleapis.com",
            "project": "my-hello-service-admin-0e60",
            "service": "compute.googleapis.com",
            "timeouts": null
          },
          "sensitive_attributes": [],
          "private": "eyJlMmJmYjczMC1lY2FhLTExZTYtOGY4OC0zNDM2M2JjN2M0YzAiOnsiY3JlYXRlIjoxMjAwMDAwMDAwMDAwLCJkZWxldGUiOjEyMDAwMDAwMDAwMDAsInJlYWQiOjYwMDAwMDAwMDAwMCwidXBkYXRlIjoxMjAwMDAwMDAwMDAwfX0=",
          "dependencies": [
            "module.service.google_project.admin_project",
            "module.service.random_id.default"
          ]
        },
        {
          "index_key": "iam.googleapis.com",
          "schema_version": 0,
          "attributes": {
            "disable_dependent_services": null,
            "disable_on_destroy": true,
            "id": "my-hello-service-admin-0e60/iam.googleapis.com",
            "project": "my-hello-service-admin-0e60",
            "service": "iam.googleapis.com",
            "timeouts": null
          },
          "sensitive_attributes": [],
          "private": "eyJlMmJmYjczMC1lY2FhLTExZTYtOGY4OC0zNDM2M2JjN2M0YzAiOnsiY3JlYXRlIjoxMjAwMDAwMDAwMDAwLCJkZWxldGUiOjEyMDAwMDAwMDAwMDAsInJlYWQiOjYwMDAwMDAwMDAwMCwidXBkYXRlIjoxMjAwMDAwMDAwMDAwfX0=",
          "dependencies": [
            "module.service.google_project.admin_project",
            "module.service.random_id.default"
          ]
        }
      ]
    },
    {
      "module": "module.service",
      "mode": "managed",
      "type": "random_id",
      "name": "default",
      "provider": "provider[\"registry.terraform.io/hashicorp/random\"]",
      "instances": [
        {
          "schema_version": 0,
          "attributes": {
            "b64_std": "DmA=",
            "b64_url": "DmA",
            "byte_length": 2,
            "dec": "3680",
            "hex": "0e60",
            "id": "DmA",
            "keepers": null,
            "prefix": null
          },
          "sensitive_attributes": []
        }
      ]
    },
    {
      "module": "module.service.module.github_ci_access_config",
      "mode": "managed",
      "type": "google_artifact_registry_repository",
      "name": "artifact_repository",
      "provider": "provider[\"registry.terraform.io/hashicorp/google\"]",
      "instances": [
        {
          "schema_version": 0,
          "attributes": {
            "create_time": "2023-03-07T02:09:52.248619Z",
            "description": "Container registry for docker images.",
            "format": "DOCKER",
            "id": "projects/my-hello-service-admin-0e60/locations/us-west1/repositories/my-hello-service-images",
            "kms_key_name": "",
            "labels": {},
            "location": "us-west1",
            "maven_config": [],
            "name": "my-hello-service-images",
            "project": "my-hello-service-admin-0e60",
            "repository_id": "my-hello-service-images",
            "timeouts": null,
            "update_time": "2023-03-07T02:09:52.248619Z"
          },
          "sensitive_attributes": [],
          "private": "eyJlMmJmYjczMC1lY2FhLTExZTYtOGY4OC0zNDM2M2JjN2M0YzAiOnsiY3JlYXRlIjoxMjAwMDAwMDAwMDAwLCJkZWxldGUiOjEyMDAwMDAwMDAwMDAsInVwZGF0ZSI6MTIwMDAwMDAwMDAwMH19",
          "dependencies": [
            "module.service.google_project.admin_project",
            "module.service.google_project_service.admin_enabled_services",
            "module.service.module.github_ci_access_config.google_project_service.services",
            "module.service.random_id.default"
          ]
        }
      ]
    },
    {
      "module": "module.service.module.github_ci_access_config",
      "mode": "managed",
      "type": "google_artifact_registry_repository_iam_binding",
      "name": "ci_service_account_iam",
      "provider": "provider[\"registry.terraform.io/hashicorp/google\"]",
      "instances": [
        {
          "schema_version": 0,
          "attributes": {
            "condition": [],
            "etag": "BwX2WLnIxME=",
            "id": "projects/my-hello-service-admin-0e60/locations/us-west1/repositories/my-hello-service-images/roles/artifactregistry.repoAdmin",
            "location": "us-west1",
            "members": [
              "serviceAccount:my-hello-service-5099-ci-sa@my-hello-service-admin-0e60.iam.gserviceaccount.com"
            ],
            "project": "my-hello-service-admin-0e60",
            "repository": "projects/my-hello-service-admin-0e60/locations/us-west1/repositories/my-hello-service-images",
            "role": "roles/artifactregistry.repoAdmin"
          },
          "sensitive_attributes": [],
          "private": "bnVsbA==",
          "dependencies": [
            "module.service.google_project.admin_project",
            "module.service.google_project_service.admin_enabled_services",
            "module.service.module.github_ci_access_config.google_artifact_registry_repository.artifact_repository",
            "module.service.module.github_ci_access_config.google_project_service.services",
            "module.service.module.github_ci_access_config.google_service_account.ci_service_account",
            "module.service.module.github_ci_access_config.random_id.default",
            "module.service.random_id.default"
          ]
        }
      ]
    },
    {
      "module": "module.service.module.github_ci_access_config",
      "mode": "managed",
      "type": "google_iam_workload_identity_pool",
      "name": "github_pool",
      "provider": "provider[\"registry.terraform.io/hashicorp/google\"]",
      "instances": [
        {
          "schema_version": 0,
          "attributes": {
            "description": "Identity pool for CI environment",
            "disabled": false,
            "display_name": "GitHub WIF Pool",
            "id": "projects/my-hello-service-admin-0e60/locations/global/workloadIdentityPools/github-pool-5099",
            "name": "projects/55012914985/locations/global/workloadIdentityPools/github-pool-5099",
            "project": "my-hello-service-admin-0e60",
            "state": "ACTIVE",
            "timeouts": null,
            "workload_identity_pool_id": "github-pool-5099"
          },
          "sensitive_attributes": [],
          "private": "eyJlMmJmYjczMC1lY2FhLTExZTYtOGY4OC0zNDM2M2JjN2M0YzAiOnsiY3JlYXRlIjoxMjAwMDAwMDAwMDAwLCJkZWxldGUiOjEyMDAwMDAwMDAwMDAsInVwZGF0ZSI6MTIwMDAwMDAwMDAwMH19",
          "dependencies": [
            "module.service.google_project.admin_project",
            "module.service.google_project_service.admin_enabled_services",
            "module.service.module.github_ci_access_config.google_project_service.services",
            "module.service.module.github_ci_access_config.random_id.default",
            "module.service.random_id.default"
          ]
        }
      ]
    },
    {
      "module": "module.service.module.github_ci_access_config",
      "mode": "managed",
      "type": "google_iam_workload_identity_pool_provider",
      "name": "github_provider",
      "provider": "provider[\"registry.terraform.io/hashicorp/google\"]",
      "instances": [
        {
          "schema_version": 0,
          "attributes": {
            "attribute_condition": "attribute.event_name != \"pull_request_target\" \u0026\u0026 attribute.repository_owner_id == \"168090\" \u0026\u0026 attribute.repository_id == \"594214686\"",
            "attribute_mapping": {
              "attribute.actor": "assertion.actor",
              "attribute.aud": "assertion.aud",
              "attribute.event_name": "assertion.event_name",
              "attribute.repository": "assertion.repository",
              "attribute.repository_id": "assertion.repository_id",
              "attribute.repository_owner_id": "assertion.repository_owner_id",
              "attribute.workflow": "assertion.workflow",
              "google.subject": "assertion.sub"
            },
            "aws": [],
            "description": "GitHub OIDC identity provider for GitHub repo 594214686 CI environment",
            "disabled": false,
            "display_name": "GitHub WIF Provider",
            "id": "projects/my-hello-service-admin-0e60/locations/global/workloadIdentityPools/github-pool-5099/providers/github-provider",
            "name": "projects/55012914985/locations/global/workloadIdentityPools/github-pool-5099/providers/github-provider",
            "oidc": [
              {
                "allowed_audiences": [],
                "issuer_uri": "https://token.actions.githubusercontent.com"
              }
            ],
            "project": "my-hello-service-admin-0e60",
            "state": "ACTIVE",
            "timeouts": null,
            "workload_identity_pool_id": "github-pool-5099",
            "workload_identity_pool_provider_id": "github-provider"
          },
          "sensitive_attributes": [],
          "private": "eyJlMmJmYjczMC1lY2FhLTExZTYtOGY4OC0zNDM2M2JjN2M0YzAiOnsiY3JlYXRlIjoxMjAwMDAwMDAwMDAwLCJkZWxldGUiOjEyMDAwMDAwMDAwMDAsInVwZGF0ZSI6MTIwMDAwMDAwMDAwMH19",
          "dependencies": [
            "module.service.google_project.admin_project",
            "module.service.google_project_service.admin_enabled_services",
            "module.service.module.github_ci_access_config.google_iam_workload_identity_pool.github_pool",
            "module.service.module.github_ci_access_config.google_project_service.services",
            "module.service.module.github_ci_access_config.random_id.default",
            "module.service.random_id.default"
          ]
        }
      ]
    },
    {
      "module": "module.service.module.github_ci_access_config",
      "mode": "managed",
      "type": "google_project_service",
      "name": "services",
      "provider": "provider[\"registry.terraform.io/hashicorp/google\"]",
      "instances": [
        {
          "index_key": "artifactregistry.googleapis.com",
          "schema_version": 0,
          "attributes": {
            "disable_dependent_services": false,
            "disable_on_destroy": false,
            "id": "my-hello-service-admin-0e60/artifactregistry.googleapis.com",
            "project": "my-hello-service-admin-0e60",
            "service": "artifactregistry.googleapis.com",
            "timeouts": null
          },
          "sensitive_attributes": [],
          "private": "eyJlMmJmYjczMC1lY2FhLTExZTYtOGY4OC0zNDM2M2JjN2M0YzAiOnsiY3JlYXRlIjoxMjAwMDAwMDAwMDAwLCJkZWxldGUiOjEyMDAwMDAwMDAwMDAsInJlYWQiOjYwMDAwMDAwMDAwMCwidXBkYXRlIjoxMjAwMDAwMDAwMDAwfX0=",
          "dependencies": [
            "module.service.google_project.admin_project",
            "module.service.google_project_service.admin_enabled_services",
            "module.service.random_id.default"
          ]
        },
        {
          "index_key": "cloudresourcemanager.googleapis.com",
          "schema_version": 0,
          "attributes": {
            "disable_dependent_services": false,
            "disable_on_destroy": false,
            "id": "my-hello-service-admin-0e60/cloudresourcemanager.googleapis.com",
            "project": "my-hello-service-admin-0e60",
            "service": "cloudresourcemanager.googleapis.com",
            "timeouts": null
          },
          "sensitive_attributes": [],
          "private": "eyJlMmJmYjczMC1lY2FhLTExZTYtOGY4OC0zNDM2M2JjN2M0YzAiOnsiY3JlYXRlIjoxMjAwMDAwMDAwMDAwLCJkZWxldGUiOjEyMDAwMDAwMDAwMDAsInJlYWQiOjYwMDAwMDAwMDAwMCwidXBkYXRlIjoxMjAwMDAwMDAwMDAwfX0=",
          "dependencies": [
            "module.service.google_project.admin_project",
            "module.service.google_project_service.admin_enabled_services",
            "module.service.random_id.default"
          ]
        },
        {
          "index_key": "iam.googleapis.com",
          "schema_version": 0,
          "attributes": {
            "disable_dependent_services": false,
            "disable_on_destroy": false,
            "id": "my-hello-service-admin-0e60/iam.googleapis.com",
            "project": "my-hello-service-admin-0e60",
            "service": "iam.googleapis.com",
            "timeouts": null
          },
          "sensitive_attributes": [],
          "private": "eyJlMmJmYjczMC1lY2FhLTExZTYtOGY4OC0zNDM2M2JjN2M0YzAiOnsiY3JlYXRlIjoxMjAwMDAwMDAwMDAwLCJkZWxldGUiOjEyMDAwMDAwMDAwMDAsInJlYWQiOjYwMDAwMDAwMDAwMCwidXBkYXRlIjoxMjAwMDAwMDAwMDAwfX0=",
          "dependencies": [
            "module.service.google_project.admin_project",
            "module.service.google_project_service.admin_enabled_services",
            "module.service.random_id.default"
          ]
        },
        {
          "index_key": "iamcredentials.googleapis.com",
          "schema_version": 0,
          "attributes": {
            "disable_dependent_services": false,
            "disable_on_destroy": false,
            "id": "my-hello-service-admin-0e60/iamcredentials.googleapis.com",
            "project": "my-hello-service-admin-0e60",
            "service": "iamcredentials.googleapis.com",
            "timeouts": null
          },
          "sensitive_attributes": [],
          "private": "eyJlMmJmYjczMC1lY2FhLTExZTYtOGY4OC0zNDM2M2JjN2M0YzAiOnsiY3JlYXRlIjoxMjAwMDAwMDAwMDAwLCJkZWxldGUiOjEyMDAwMDAwMDAwMDAsInJlYWQiOjYwMDAwMDAwMDAwMCwidXBkYXRlIjoxMjAwMDAwMDAwMDAwfX0=",
          "dependencies": [
            "module.service.google_project.admin_project",
            "module.service.google_project_service.admin_enabled_services",
            "module.service.random_id.default"
          ]
        },
        {
          "index_key": "serviceusage.googleapis.com",
          "schema_version": 0,
          "attributes": {
            "disable_dependent_services": false,
            "disable_on_destroy": false,
            "id": "my-hello-service-admin-0e60/serviceusage.googleapis.com",
            "project": "my-hello-service-admin-0e60",
            "service": "serviceusage.googleapis.com",
            "timeouts": null
          },
          "sensitive_attributes": [],
          "private": "eyJlMmJmYjczMC1lY2FhLTExZTYtOGY4OC0zNDM2M2JjN2M0YzAiOnsiY3JlYXRlIjoxMjAwMDAwMDAwMDAwLCJkZWxldGUiOjEyMDAwMDAwMDAwMDAsInJlYWQiOjYwMDAwMDAwMDAwMCwidXBkYXRlIjoxMjAwMDAwMDAwMDAwfX0=",
          "dependencies": [
            "module.service.google_project.admin_project",
            "module.service.google_project_service.admin_enabled_services",
            "module.service.random_id.default"
          ]
        },
        {
          "index_key": "sts.googleapis.com",
          "schema_version": 0,
          "attributes": {
            "disable_dependent_services": false,
            "disable_on_destroy": false,
            "id": "my-hello-service-admin-0e60/sts.googleapis.com",
            "project": "my-hello-service-admin-0e60",
            "service": "sts.googleapis.com",
            "timeouts": null
          },
          "sensitive_attributes": [],
          "private": "eyJlMmJmYjczMC1lY2FhLTExZTYtOGY4OC0zNDM2M2JjN2M0YzAiOnsiY3JlYXRlIjoxMjAwMDAwMDAwMDAwLCJkZWxldGUiOjEyMDAwMDAwMDAwMDAsInJlYWQiOjYwMDAwMDAwMDAwMCwidXBkYXRlIjoxMjAwMDAwMDAwMDAwfX0=",
          "dependencies": [
            "module.service.google_project.admin_project",
            "module.service.google_project_service.admin_enabled_services",
            "module.service.random_id.default"
          ]
        }
      ]
    },
    {
      "module": "module.service.module.github_ci_access_config",
      "mode": "managed",
      "type": "google_service_account",
      "name": "ci_service_account",
      "provider": "provider[\"registry.terraform.io/hashicorp/google\"]",
      "instances": [
        {
          "schema_version": 0,
          "attributes": {
            "account_id": "my-hello-service-5099-ci-sa",
            "description": "",
            "disabled": false,
            "display_name": "my-hello-service CI Service Account",
            "email": "my-hello-service-5099-ci-sa@my-hello-service-admin-0e60.iam.gserviceaccount.com",
            "id": "projects/my-hello-service-admin-0e60/serviceAccounts/my-hello-service-5099-ci-sa@my-hello-service-admin-0e60.iam.gserviceaccount.com",
            "member": "serviceAccount:my-hello-service-5099-ci-sa@my-hello-service-admin-0e60.iam.gserviceaccount.com",
            "name": "projects/my-hello-service-admin-0e60/serviceAccounts/my-hello-service-5099-ci-sa@my-hello-service-admin-0e60.iam.gserviceaccount.com",
            "project": "my-hello-service-admin-0e60",
            "timeouts": null,
            "unique_id": "109939916544978135298"
          },
          "sensitive_attributes": [],
          "private": "eyJlMmJmYjczMC1lY2FhLTExZTYtOGY4OC0zNDM2M2JjN2M0YzAiOnsiY3JlYXRlIjozMDAwMDAwMDAwMDB9fQ==",
          "dependencies": [
            "module.service.google_project.admin_project",
            "module.service.google_project_service.admin_enabled_services",
            "module.service.module.github_ci_access_config.random_id.default",
            "module.service.random_id.default"
          ]
        }
      ]
    },
    {
      "module": "module.service.module.github_ci_access_config",
      "mode": "managed",
      "type": "google_service_account_iam_member",
      "name": "wif_github_iam",
      "provider": "provider[\"registry.terraform.io/hashicorp/google\"]",
      "instances": [
        {
          "schema_version": 0,
          "attributes": {
            "condition": [],
            "etag": "BwX2RedBlaE=",
            "id": "projects/my-hello-service-admin-0e60/serviceAccounts/my-hello-service-5099-ci-sa@my-hello-service-admin-0e60.iam.gserviceaccount.com/roles/iam.workloadIdentityUser/principalSet://iam.googleapis.com/projects/55012914985/locations/global/workloadIdentityPools/github-pool-5099/*",
            "member": "principalSet://iam.googleapis.com/projects/55012914985/locations/global/workloadIdentityPools/github-pool-5099/*",
            "role": "roles/iam.workloadIdentityUser",
            "service_account_id": "projects/my-hello-service-admin-0e60/serviceAccounts/my-hello-service-5099-ci-sa@my-hello-service-admin-0e60.iam.gserviceaccount.com"
          },
          "sensitive_attributes": [],
          "private": "bnVsbA==",
          "dependencies": [
            "module.service.google_project.admin_project",
            "module.service.google_project_service.admin_enabled_services",
            "module.service.module.github_ci_access_config.google_iam_workload_identity_pool.github_pool",
            "module.service.module.github_ci_access_config.google_project_service.services",
            "module.service.module.github_ci_access_config.google_service_account.ci_service_account",
            "module.service.module.github_ci_access_config.random_id.default",
            "module.service.random_id.default"
          ]
        }
      ]
    },
    {
      "module": "module.service.module.github_ci_access_config",
      "mode": "managed",
      "type": "random_id",
      "name": "default",
      "provider": "provider[\"registry.terraform.io/hashicorp/random\"]",
      "instances": [
        {
          "schema_version": 0,
          "attributes": {
            "b64_std": "UJk=",
            "b64_url": "UJk",
            "byte_length": 2,
            "dec": "20633",
            "hex": "5099",
            "id": "UJk",
            "keepers": null,
            "prefix": null
          },
          "sensitive_attributes": [],
          "dependencies": [
            "module.service.google_project.admin_project",
            "module.service.google_project_service.admin_enabled_services",
            "module.service.random_id.default"
          ]
        }
      ]
    },
    {
      "module": "module.staging",
      "mode": "managed",
      "type": "github_actions_environment_secret",
      "name": "cloudrun_project_id_secret",
      "provider": "provider[\"registry.terraform.io/integrations/github\"]",
      "instances": [
        {
          "schema_version": 0,
          "attributes": {
            "created_at": "2023-03-08 00:34:58 +0000 UTC",
            "encrypted_value": "",
            "environment": "staging",
            "id": "gh-rollout:staging:cloudrun_project_id",
            "plaintext_value": "my-hello-service-staging-b7c0",
            "repository": "gh-rollout",
            "secret_name": "cloudrun_project_id",
            "updated_at": "2023-03-08 00:34:58 +0000 UTC"
          },
          "sensitive_attributes": [],
          "private": "bnVsbA==",
          "dependencies": [
            "module.service.google_project.admin_project",
            "module.service.google_project_service.admin_enabled_services",
            "module.service.module.github_ci_access_config.google_artifact_registry_repository.artifact_repository",
            "module.service.module.github_ci_access_config.google_project_service.services",
            "module.service.module.github_ci_access_config.google_service_account.ci_service_account",
            "module.service.module.github_ci_access_config.random_id.default",
            "module.service.random_id.default",
            "module.staging.google_project.project",
            "module.staging.random_id.default"
          ]
        }
      ]
    },
    {
      "module": "module.staging",
      "mode": "managed",
      "type": "github_actions_environment_secret",
      "name": "cloudrun_region_secret",
      "provider": "provider[\"registry.terraform.io/integrations/github\"]",
      "instances": [
        {
          "schema_version": 0,
          "attributes": {
            "created_at": "2023-03-01 02:49:11 +0000 UTC",
            "encrypted_value": "",
            "environment": "staging",
            "id": "gh-rollout:staging:cloudrun_region",
            "plaintext_value": "us-west1",
            "repository": "gh-rollout",
            "secret_name": "cloudrun_region",
            "updated_at": "2023-03-01 02:49:11 +0000 UTC"
          },
          "sensitive_attributes": [],
          "private": "bnVsbA==",
          "dependencies": [
            "module.service.google_project.admin_project",
            "module.service.google_project_service.admin_enabled_services",
            "module.service.module.github_ci_access_config.google_artifact_registry_repository.artifact_repository",
            "module.service.module.github_ci_access_config.google_project_service.services",
            "module.service.module.github_ci_access_config.google_service_account.ci_service_account",
            "module.service.module.github_ci_access_config.random_id.default",
            "module.service.random_id.default"
          ]
        }
      ]
    },
    {
      "module": "module.staging",
      "mode": "managed",
      "type": "github_actions_environment_secret",
      "name": "cloudrun_service_secret",
      "provider": "provider[\"registry.terraform.io/integrations/github\"]",
      "instances": [
        {
          "schema_version": 0,
          "attributes": {
            "created_at": "2023-03-02 23:48:59 +0000 UTC",
            "encrypted_value": "",
            "environment": "staging",
            "id": "gh-rollout:staging:cloudrun_service",
            "plaintext_value": "my-hello-service-8fd8",
            "repository": "gh-rollout",
            "secret_name": "cloudrun_service",
            "updated_at": "2023-03-02 23:48:59 +0000 UTC"
          },
          "sensitive_attributes": [],
          "private": "bnVsbA==",
          "dependencies": [
            "module.service.google_project.admin_project",
            "module.service.google_project_service.admin_enabled_services",
            "module.service.module.github_ci_access_config.google_artifact_registry_repository.artifact_repository",
            "module.service.module.github_ci_access_config.google_project_service.services",
            "module.service.module.github_ci_access_config.google_service_account.ci_service_account",
            "module.service.module.github_ci_access_config.random_id.default",
            "module.service.random_id.default",
            "module.staging.google_project.project",
            "module.staging.google_project_service.default",
            "module.staging.google_service_account.cloudrun_service_account",
            "module.staging.module.cloud_run_service.google_cloud_run_service.service",
            "module.staging.module.cloud_run_service.google_project_service.services",
            "module.staging.module.cloud_run_service.google_secret_manager_secret.secrets",
            "module.staging.module.cloud_run_service.google_secret_manager_secret_iam_member.secrets_accessors_iam",
            "module.staging.module.cloud_run_service.random_id.default",
            "module.staging.random_id.default"
          ]
        }
      ]
    },
    {
      "module": "module.staging",
      "mode": "managed",
      "type": "github_repository_environment",
      "name": "default",
      "provider": "provider[\"registry.terraform.io/integrations/github\"]",
      "instances": [
        {
          "schema_version": 0,
          "attributes": {
            "deployment_branch_policy": [
              {
                "custom_branch_policies": false,
                "protected_branches": false
              }
            ],
            "environment": "staging",
            "id": "gh-rollout:staging",
            "repository": "gh-rollout",
            "reviewers": [
              {
                "teams": null,
                "users": null
              }
            ],
            "wait_timer": null
          },
          "sensitive_attributes": [],
          "private": "bnVsbA==",
          "dependencies": [
            "module.service.google_project.admin_project",
            "module.service.google_project_service.admin_enabled_services",
            "module.service.module.github_ci_access_config.google_artifact_registry_repository.artifact_repository",
            "module.service.module.github_ci_access_config.google_service_account.ci_service_account"
          ]
        }
      ]
    },
    {
      "module": "module.staging",
      "mode": "managed",
      "type": "google_artifact_registry_repository_iam_member",
      "name": "cloudrun_sa_gar_reader",
      "provider": "provider[\"registry.terraform.io/hashicorp/google\"]",
      "instances": [
        {
          "schema_version": 0,
          "attributes": {
            "condition": [],
            "etag": "BwX2WLnIxME=",
            "id": "projects/my-hello-service-admin-0e60/locations/us-west1/repositories/my-hello-service-images/roles/artifactregistry.reader/serviceAccount:service-351465371143@serverless-robot-prod.iam.gserviceaccount.com",
            "location": "us-west1",
            "member": "serviceAccount:service-351465371143@serverless-robot-prod.iam.gserviceaccount.com",
            "project": "my-hello-service-admin-0e60",
            "repository": "projects/my-hello-service-admin-0e60/locations/us-west1/repositories/my-hello-service-images",
            "role": "roles/artifactregistry.reader"
          },
          "sensitive_attributes": [],
          "private": "bnVsbA==",
          "dependencies": [
            "module.service.google_project.admin_project",
            "module.service.google_project_service.admin_enabled_services",
            "module.service.module.github_ci_access_config.google_artifact_registry_repository.artifact_repository",
            "module.service.module.github_ci_access_config.google_project_service.services",
            "module.service.module.github_ci_access_config.google_service_account.ci_service_account",
            "module.service.module.github_ci_access_config.random_id.default",
            "module.service.random_id.default",
            "module.staging.google_project.project",
            "module.staging.google_project_service.default",
            "module.staging.google_service_account.cloudrun_service_account",
            "module.staging.module.cloud_run_service.google_cloud_run_service.service",
            "module.staging.module.cloud_run_service.google_cloud_run_service_iam_binding.admins",
            "module.staging.module.cloud_run_service.google_cloud_run_service_iam_binding.developers",
            "module.staging.module.cloud_run_service.google_cloud_run_service_iam_binding.invokers",
            "module.staging.module.cloud_run_service.google_project_iam_member.run_observability_iam",
            "module.staging.module.cloud_run_service.google_project_service.services",
            "module.staging.module.cloud_run_service.google_secret_manager_secret.secrets",
            "module.staging.module.cloud_run_service.google_secret_manager_secret_iam_member.secrets_accessors_iam",
            "module.staging.module.cloud_run_service.google_secret_manager_secret_version.secrets_default_version",
            "module.staging.module.cloud_run_service.random_id.default",
            "module.staging.random_id.default"
          ]
        }
      ]
    },
    {
      "module": "module.staging",
      "mode": "managed",
      "type": "google_project",
      "name": "project",
      "provider": "provider[\"registry.terraform.io/hashicorp/google\"]",
      "instances": [
        {
          "schema_version": 1,
          "attributes": {
            "auto_create_network": true,
            "billing_account": "009DE6-A7C95A-2AEE97",
            "folder_id": "436745444848",
            "id": "projects/my-hello-service-staging-b7c0",
            "labels": {},
            "name": "my-hello-service-staging-b7c0",
            "number": "351465371143",
            "org_id": "",
            "project_id": "my-hello-service-staging-b7c0",
            "skip_delete": null,
            "timeouts": null
          },
          "sensitive_attributes": [],
          "private": "eyJlMmJmYjczMC1lY2FhLTExZTYtOGY4OC0zNDM2M2JjN2M0YzAiOnsiY3JlYXRlIjo2MDAwMDAwMDAwMDAsImRlbGV0ZSI6NjAwMDAwMDAwMDAwLCJyZWFkIjo2MDAwMDAwMDAwMDAsInVwZGF0ZSI6NjAwMDAwMDAwMDAwfSwic2NoZW1hX3ZlcnNpb24iOiIxIn0=",
          "dependencies": [
            "module.service.google_project.admin_project",
            "module.service.google_project_service.admin_enabled_services",
            "module.service.module.github_ci_access_config.google_artifact_registry_repository.artifact_repository",
            "module.service.module.github_ci_access_config.google_project_service.services",
            "module.service.module.github_ci_access_config.google_service_account.ci_service_account",
            "module.service.module.github_ci_access_config.random_id.default",
            "module.service.random_id.default",
            "module.staging.random_id.default"
          ]
        }
      ]
    },
    {
      "module": "module.staging",
      "mode": "managed",
      "type": "google_project_service",
      "name": "default",
      "provider": "provider[\"registry.terraform.io/hashicorp/google\"]",
      "instances": [
        {
          "index_key": "iam.googleapis.com",
          "schema_version": 0,
          "attributes": {
            "disable_dependent_services": null,
            "disable_on_destroy": true,
            "id": "my-hello-service-staging-b7c0/iam.googleapis.com",
            "project": "my-hello-service-staging-b7c0",
            "service": "iam.googleapis.com",
            "timeouts": null
          },
          "sensitive_attributes": [],
          "private": "eyJlMmJmYjczMC1lY2FhLTExZTYtOGY4OC0zNDM2M2JjN2M0YzAiOnsiY3JlYXRlIjoxMjAwMDAwMDAwMDAwLCJkZWxldGUiOjEyMDAwMDAwMDAwMDAsInJlYWQiOjYwMDAwMDAwMDAwMCwidXBkYXRlIjoxMjAwMDAwMDAwMDAwfX0=",
          "dependencies": [
            "module.service.google_project.admin_project",
            "module.service.google_project_service.admin_enabled_services",
            "module.service.module.github_ci_access_config.google_artifact_registry_repository.artifact_repository",
            "module.service.module.github_ci_access_config.google_project_service.services",
            "module.service.module.github_ci_access_config.google_service_account.ci_service_account",
            "module.service.module.github_ci_access_config.random_id.default",
            "module.service.random_id.default",
            "module.staging.google_project.project",
            "module.staging.random_id.default"
          ]
        },
        {
          "index_key": "run.googleapis.com",
          "schema_version": 0,
          "attributes": {
            "disable_dependent_services": null,
            "disable_on_destroy": true,
            "id": "my-hello-service-staging-b7c0/run.googleapis.com",
            "project": "my-hello-service-staging-b7c0",
            "service": "run.googleapis.com",
            "timeouts": null
          },
          "sensitive_attributes": [],
          "private": "eyJlMmJmYjczMC1lY2FhLTExZTYtOGY4OC0zNDM2M2JjN2M0YzAiOnsiY3JlYXRlIjoxMjAwMDAwMDAwMDAwLCJkZWxldGUiOjEyMDAwMDAwMDAwMDAsInJlYWQiOjYwMDAwMDAwMDAwMCwidXBkYXRlIjoxMjAwMDAwMDAwMDAwfX0=",
          "dependencies": [
            "module.service.google_project.admin_project",
            "module.service.google_project_service.admin_enabled_services",
            "module.service.module.github_ci_access_config.google_artifact_registry_repository.artifact_repository",
            "module.service.module.github_ci_access_config.google_project_service.services",
            "module.service.module.github_ci_access_config.google_service_account.ci_service_account",
            "module.service.module.github_ci_access_config.random_id.default",
            "module.service.random_id.default",
            "module.staging.google_project.project",
            "module.staging.random_id.default"
          ]
        }
      ]
    },
    {
      "module": "module.staging",
      "mode": "managed",
      "type": "google_service_account",
      "name": "cloudrun_service_account",
      "provider": "provider[\"registry.terraform.io/hashicorp/google\"]",
      "instances": [
        {
          "schema_version": 0,
          "attributes": {
            "account_id": "cloudrun-sa",
            "description": "",
            "disabled": false,
            "display_name": "",
            "email": "cloudrun-sa@my-hello-service-staging-b7c0.iam.gserviceaccount.com",
            "id": "projects/my-hello-service-staging-b7c0/serviceAccounts/cloudrun-sa@my-hello-service-staging-b7c0.iam.gserviceaccount.com",
            "member": "serviceAccount:cloudrun-sa@my-hello-service-staging-b7c0.iam.gserviceaccount.com",
            "name": "projects/my-hello-service-staging-b7c0/serviceAccounts/cloudrun-sa@my-hello-service-staging-b7c0.iam.gserviceaccount.com",
            "project": "my-hello-service-staging-b7c0",
            "timeouts": null,
            "unique_id": "103247252103492454024"
          },
          "sensitive_attributes": [],
          "private": "eyJlMmJmYjczMC1lY2FhLTExZTYtOGY4OC0zNDM2M2JjN2M0YzAiOnsiY3JlYXRlIjozMDAwMDAwMDAwMDB9fQ==",
          "dependencies": [
            "module.service.google_project.admin_project",
            "module.service.google_project_service.admin_enabled_services",
            "module.service.module.github_ci_access_config.google_artifact_registry_repository.artifact_repository",
            "module.service.module.github_ci_access_config.google_project_service.services",
            "module.service.module.github_ci_access_config.google_service_account.ci_service_account",
            "module.service.module.github_ci_access_config.random_id.default",
            "module.service.random_id.default",
            "module.staging.google_project.project",
            "module.staging.google_project_service.default",
            "module.staging.random_id.default"
          ]
        }
      ]
    },
    {
      "module": "module.staging",
      "mode": "managed",
      "type": "google_service_account_iam_member",
      "name": "impersonate",
      "provider": "provider[\"registry.terraform.io/hashicorp/google\"]",
      "instances": [
        {
          "schema_version": 0,
          "attributes": {
            "condition": [],
            "etag": "BwX2WLLPzbQ=",
            "id": "projects/my-hello-service-staging-b7c0/serviceAccounts/cloudrun-sa@my-hello-service-staging-b7c0.iam.gserviceaccount.com/roles/iam.serviceAccountUser/serviceAccount:my-hello-service-5099-ci-sa@my-hello-service-admin-0e60.iam.gserviceaccount.com",
            "member": "serviceAccount:my-hello-service-5099-ci-sa@my-hello-service-admin-0e60.iam.gserviceaccount.com",
            "role": "roles/iam.serviceAccountUser",
            "service_account_id": "projects/my-hello-service-staging-b7c0/serviceAccounts/cloudrun-sa@my-hello-service-staging-b7c0.iam.gserviceaccount.com"
          },
          "sensitive_attributes": [],
          "private": "bnVsbA==",
          "dependencies": [
            "module.service.google_project.admin_project",
            "module.service.google_project_service.admin_enabled_services",
            "module.service.module.github_ci_access_config.google_artifact_registry_repository.artifact_repository",
            "module.service.module.github_ci_access_config.google_project_service.services",
            "module.service.module.github_ci_access_config.google_service_account.ci_service_account",
            "module.service.module.github_ci_access_config.random_id.default",
            "module.service.random_id.default",
            "module.staging.google_project.project",
            "module.staging.google_project_service.default",
            "module.staging.google_service_account.cloudrun_service_account",
            "module.staging.random_id.default"
          ]
        }
      ]
    },
    {
      "module": "module.staging",
      "mode": "managed",
      "type": "random_id",
      "name": "default",
      "provider": "provider[\"registry.terraform.io/hashicorp/random\"]",
      "instances": [
        {
          "schema_version": 0,
          "attributes": {
            "b64_std": "t8A=",
            "b64_url": "t8A",
            "byte_length": 2,
            "dec": "47040",
            "hex": "b7c0",
            "id": "t8A",
            "keepers": null,
            "prefix": null
          },
          "sensitive_attributes": []
        }
      ]
    },
    {
      "module": "module.staging.module.cloud_run_service",
      "mode": "managed",
      "type": "google_cloud_run_service",
      "name": "service",
      "provider": "provider[\"registry.terraform.io/hashicorp/google\"]",
      "instances": [
        {
          "schema_version": 1,
          "attributes": {
            "autogenerate_revision_name": true,
            "id": "locations/us-west1/namespaces/my-hello-service-staging-b7c0/services/my-hello-service-8fd8",
            "location": "us-west1",
            "metadata": [
              {
                "annotations": {
                  "run.googleapis.com/ingress": "internal",
                  "run.googleapis.com/ingress-status": "internal",
                  "run.googleapis.com/operation-id": "8d1484af-9b83-400c-ad1d-9d01f8cefdaa",
                  "serving.knative.dev/creator": "revell@google.com",
                  "serving.knative.dev/lastModifier": "revell@google.com"
                },
                "generation": 1,
                "labels": {
                  "cloud.googleapis.com/location": "us-west1"
                },
                "namespace": "my-hello-service-staging-b7c0",
                "resource_version": "AAX2WLjM2nA",
                "self_link": "/apis/serving.knative.dev/v1/namespaces/351465371143/services/my-hello-service-8fd8",
                "uid": "23567019-e10a-4cb6-bbfc-b001d00a00e5"
              }
            ],
            "name": "my-hello-service-8fd8",
            "project": "my-hello-service-staging-b7c0",
            "status": [
              {
                "conditions": [
                  {
                    "message": "",
                    "reason": "",
                    "status": "True",
                    "type": "Ready"
                  },
                  {
                    "message": "",
                    "reason": "",
                    "status": "True",
                    "type": "ConfigurationsReady"
                  },
                  {
                    "message": "",
                    "reason": "",
                    "status": "True",
                    "type": "RoutesReady"
                  }
                ],
                "latest_created_revision_name": "my-hello-service-8fd8-mbfzr",
                "latest_ready_revision_name": "my-hello-service-8fd8-mbfzr",
                "observed_generation": 1,
                "url": "https://my-hello-service-8fd8-sav75m7lxa-uw.a.run.app"
              }
            ],
            "template": [
              {
                "metadata": [
                  {
                    "annotations": {
                      "autoscaling.knative.dev/maxScale": "10",
                      "autoscaling.knative.dev/minScale": "3",
                      "run.googleapis.com/execution-environment": "gen1"
                    },
                    "generation": 0,
                    "labels": {},
                    "name": "",
                    "namespace": "",
                    "resource_version": "",
                    "self_link": "",
                    "uid": ""
                  }
                ],
                "spec": [
                  {
                    "container_concurrency": 80,
                    "containers": [
                      {
                        "args": [],
                        "command": [],
                        "env": [],
                        "env_from": [],
                        "image": "us-docker.pkg.dev/cloudrun/container/hello",
                        "ports": [
                          {
                            "container_port": 8080,
                            "name": "http1",
                            "protocol": ""
                          }
                        ],
                        "resources": [
                          {
                            "limits": {
                              "cpu": "1000m",
                              "memory": "512Mi"
                            },
                            "requests": {
                              "cpu": "1000m",
                              "memory": "512Mi"
                            }
                          }
                        ],
                        "volume_mounts": [],
                        "working_dir": ""
                      }
                    ],
                    "service_account_name": "cloudrun-sa@my-hello-service-staging-b7c0.iam.gserviceaccount.com",
                    "serving_state": "",
                    "timeout_seconds": 300,
                    "volumes": []
                  }
                ]
              }
            ],
            "timeouts": null,
            "traffic": [
              {
                "latest_revision": true,
                "percent": 100,
                "revision_name": "",
                "tag": "",
                "url": ""
              }
            ]
          },
          "sensitive_attributes": [],
          "private": "eyJlMmJmYjczMC1lY2FhLTExZTYtOGY4OC0zNDM2M2JjN2M0YzAiOnsiY3JlYXRlIjoxMjAwMDAwMDAwMDAwLCJkZWxldGUiOjEyMDAwMDAwMDAwMDAsInVwZGF0ZSI6MTIwMDAwMDAwMDAwMH0sInNjaGVtYV92ZXJzaW9uIjoiMSJ9",
          "dependencies": [
            "module.service.google_project.admin_project",
            "module.service.google_project_service.admin_enabled_services",
            "module.service.module.github_ci_access_config.google_artifact_registry_repository.artifact_repository",
            "module.service.module.github_ci_access_config.google_project_service.services",
            "module.service.module.github_ci_access_config.google_service_account.ci_service_account",
            "module.service.module.github_ci_access_config.random_id.default",
            "module.service.random_id.default",
            "module.staging.google_project.project",
            "module.staging.google_project_service.default",
            "module.staging.google_service_account.cloudrun_service_account",
            "module.staging.module.cloud_run_service.google_project_service.services",
            "module.staging.module.cloud_run_service.google_secret_manager_secret.secrets",
            "module.staging.module.cloud_run_service.google_secret_manager_secret_iam_member.secrets_accessors_iam",
            "module.staging.module.cloud_run_service.random_id.default",
            "module.staging.random_id.default"
          ]
        }
      ]
    },
    {
      "module": "module.staging.module.cloud_run_service",
      "mode": "managed",
      "type": "google_cloud_run_service_iam_binding",
      "name": "admins",
      "provider": "provider[\"registry.terraform.io/hashicorp/google\"]",
      "instances": [
        {
          "schema_version": 0,
          "attributes": {
            "condition": [],
            "etag": null,
            "id": "v1/projects/my-hello-service-staging-b7c0/locations/us-west1/services/my-hello-service-8fd8/roles/run.admin",
            "location": "us-west1",
            "members": [],
            "project": "my-hello-service-staging-b7c0",
            "role": "roles/run.admin",
            "service": "v1/projects/my-hello-service-staging-b7c0/locations/us-west1/services/my-hello-service-8fd8"
          },
          "sensitive_attributes": [],
          "private": "bnVsbA==",
          "dependencies": [
            "module.service.google_project.admin_project",
            "module.service.google_project_service.admin_enabled_services",
            "module.service.module.github_ci_access_config.google_artifact_registry_repository.artifact_repository",
            "module.service.module.github_ci_access_config.google_project_service.services",
            "module.service.module.github_ci_access_config.google_service_account.ci_service_account",
            "module.service.module.github_ci_access_config.random_id.default",
            "module.service.random_id.default",
            "module.staging.google_project.project",
            "module.staging.google_project_service.default",
            "module.staging.google_service_account.cloudrun_service_account",
            "module.staging.module.cloud_run_service.google_cloud_run_service.service",
            "module.staging.module.cloud_run_service.google_project_service.services",
            "module.staging.module.cloud_run_service.google_secret_manager_secret.secrets",
            "module.staging.module.cloud_run_service.google_secret_manager_secret_iam_member.secrets_accessors_iam",
            "module.staging.module.cloud_run_service.random_id.default",
            "module.staging.random_id.default"
          ]
        }
      ]
    },
    {
      "module": "module.staging.module.cloud_run_service",
      "mode": "managed",
      "type": "google_cloud_run_service_iam_binding",
      "name": "developers",
      "provider": "provider[\"registry.terraform.io/hashicorp/google\"]",
      "instances": [
        {
          "schema_version": 0,
          "attributes": {
            "condition": [],
            "etag": "BwX2WLl7GvM=",
            "id": "v1/projects/my-hello-service-staging-b7c0/locations/us-west1/services/my-hello-service-8fd8/roles/run.developer",
            "location": "us-west1",
            "members": [
              "serviceAccount:my-hello-service-5099-ci-sa@my-hello-service-admin-0e60.iam.gserviceaccount.com"
            ],
            "project": "my-hello-service-staging-b7c0",
            "role": "roles/run.developer",
            "service": "v1/projects/my-hello-service-staging-b7c0/locations/us-west1/services/my-hello-service-8fd8"
          },
          "sensitive_attributes": [],
          "private": "bnVsbA==",
          "dependencies": [
            "module.service.google_project.admin_project",
            "module.service.google_project_service.admin_enabled_services",
            "module.service.module.github_ci_access_config.google_artifact_registry_repository.artifact_repository",
            "module.service.module.github_ci_access_config.google_project_service.services",
            "module.service.module.github_ci_access_config.google_service_account.ci_service_account",
            "module.service.module.github_ci_access_config.random_id.default",
            "module.service.random_id.default",
            "module.staging.google_project.project",
            "module.staging.google_project_service.default",
            "module.staging.google_service_account.cloudrun_service_account",
            "module.staging.module.cloud_run_service.google_cloud_run_service.service",
            "module.staging.module.cloud_run_service.google_project_service.services",
            "module.staging.module.cloud_run_service.google_secret_manager_secret.secrets",
            "module.staging.module.cloud_run_service.google_secret_manager_secret_iam_member.secrets_accessors_iam",
            "module.staging.module.cloud_run_service.random_id.default",
            "module.staging.random_id.default"
          ]
        }
      ]
    },
    {
      "module": "module.staging.module.cloud_run_service",
      "mode": "managed",
      "type": "google_cloud_run_service_iam_binding",
      "name": "invokers",
      "provider": "provider[\"registry.terraform.io/hashicorp/google\"]",
      "instances": [
        {
          "schema_version": 0,
          "attributes": {
            "condition": [],
            "etag": null,
            "id": "v1/projects/my-hello-service-staging-b7c0/locations/us-west1/services/my-hello-service-8fd8/roles/run.invoker",
            "location": "us-west1",
            "members": [
              "user:drevell@google.com"
            ],
            "project": "my-hello-service-staging-b7c0",
            "role": "roles/run.invoker",
            "service": "v1/projects/my-hello-service-staging-b7c0/locations/us-west1/services/my-hello-service-8fd8"
          },
          "sensitive_attributes": [],
          "private": "bnVsbA==",
          "dependencies": [
            "module.service.google_project.admin_project",
            "module.service.google_project_service.admin_enabled_services",
            "module.service.module.github_ci_access_config.google_artifact_registry_repository.artifact_repository",
            "module.service.module.github_ci_access_config.google_service_account.ci_service_account",
            "module.staging.module.cloud_run_service.google_cloud_run_service.service"
          ]
        }
      ]
    },
    {
      "module": "module.staging.module.cloud_run_service",
      "mode": "managed",
      "type": "google_project_iam_member",
      "name": "run_observability_iam",
      "provider": "provider[\"registry.terraform.io/hashicorp/google\"]",
      "instances": [
        {
          "index_key": "roles/cloudtrace.agent",
          "schema_version": 0,
          "attributes": {
            "condition": [],
            "etag": "BwX2WLQZ+F0=",
            "id": "my-hello-service-staging-b7c0/roles/cloudtrace.agent/serviceAccount:cloudrun-sa@my-hello-service-staging-b7c0.iam.gserviceaccount.com",
            "member": "serviceAccount:cloudrun-sa@my-hello-service-staging-b7c0.iam.gserviceaccount.com",
            "project": "my-hello-service-staging-b7c0",
            "role": "roles/cloudtrace.agent"
          },
          "sensitive_attributes": [],
          "private": "bnVsbA==",
          "dependencies": [
            "module.service.google_project.admin_project",
            "module.service.google_project_service.admin_enabled_services",
            "module.service.module.github_ci_access_config.google_artifact_registry_repository.artifact_repository",
            "module.service.module.github_ci_access_config.google_project_service.services",
            "module.service.module.github_ci_access_config.google_service_account.ci_service_account",
            "module.service.module.github_ci_access_config.random_id.default",
            "module.service.random_id.default",
            "module.staging.google_project.project",
            "module.staging.google_project_service.default",
            "module.staging.google_service_account.cloudrun_service_account",
            "module.staging.module.cloud_run_service.google_project_service.services",
            "module.staging.random_id.default"
          ]
        },
        {
          "index_key": "roles/logging.logWriter",
          "schema_version": 0,
          "attributes": {
            "condition": [],
            "etag": "BwX2WLQZ+F0=",
            "id": "my-hello-service-staging-b7c0/roles/logging.logWriter/serviceAccount:cloudrun-sa@my-hello-service-staging-b7c0.iam.gserviceaccount.com",
            "member": "serviceAccount:cloudrun-sa@my-hello-service-staging-b7c0.iam.gserviceaccount.com",
            "project": "my-hello-service-staging-b7c0",
            "role": "roles/logging.logWriter"
          },
          "sensitive_attributes": [],
          "private": "bnVsbA==",
          "dependencies": [
            "module.service.google_project.admin_project",
            "module.service.google_project_service.admin_enabled_services",
            "module.service.module.github_ci_access_config.google_artifact_registry_repository.artifact_repository",
            "module.service.module.github_ci_access_config.google_project_service.services",
            "module.service.module.github_ci_access_config.google_service_account.ci_service_account",
            "module.service.module.github_ci_access_config.random_id.default",
            "module.service.random_id.default",
            "module.staging.google_project.project",
            "module.staging.google_project_service.default",
            "module.staging.google_service_account.cloudrun_service_account",
            "module.staging.module.cloud_run_service.google_project_service.services",
            "module.staging.random_id.default"
          ]
        },
        {
          "index_key": "roles/monitoring.metricWriter",
          "schema_version": 0,
          "attributes": {
            "condition": [],
            "etag": "BwX2WLQZ+F0=",
            "id": "my-hello-service-staging-b7c0/roles/monitoring.metricWriter/serviceAccount:cloudrun-sa@my-hello-service-staging-b7c0.iam.gserviceaccount.com",
            "member": "serviceAccount:cloudrun-sa@my-hello-service-staging-b7c0.iam.gserviceaccount.com",
            "project": "my-hello-service-staging-b7c0",
            "role": "roles/monitoring.metricWriter"
          },
          "sensitive_attributes": [],
          "private": "bnVsbA==",
          "dependencies": [
            "module.service.google_project.admin_project",
            "module.service.google_project_service.admin_enabled_services",
            "module.service.module.github_ci_access_config.google_artifact_registry_repository.artifact_repository",
            "module.service.module.github_ci_access_config.google_project_service.services",
            "module.service.module.github_ci_access_config.google_service_account.ci_service_account",
            "module.service.module.github_ci_access_config.random_id.default",
            "module.service.random_id.default",
            "module.staging.google_project.project",
            "module.staging.google_project_service.default",
            "module.staging.google_service_account.cloudrun_service_account",
            "module.staging.module.cloud_run_service.google_project_service.services",
            "module.staging.random_id.default"
          ]
        },
        {
          "index_key": "roles/stackdriver.resourceMetadata.writer",
          "schema_version": 0,
          "attributes": {
            "condition": [],
            "etag": "BwX2WLQZ+F0=",
            "id": "my-hello-service-staging-b7c0/roles/stackdriver.resourceMetadata.writer/serviceAccount:cloudrun-sa@my-hello-service-staging-b7c0.iam.gserviceaccount.com",
            "member": "serviceAccount:cloudrun-sa@my-hello-service-staging-b7c0.iam.gserviceaccount.com",
            "project": "my-hello-service-staging-b7c0",
            "role": "roles/stackdriver.resourceMetadata.writer"
          },
          "sensitive_attributes": [],
          "private": "bnVsbA==",
          "dependencies": [
            "module.service.google_project.admin_project",
            "module.service.google_project_service.admin_enabled_services",
            "module.service.module.github_ci_access_config.google_artifact_registry_repository.artifact_repository",
            "module.service.module.github_ci_access_config.google_project_service.services",
            "module.service.module.github_ci_access_config.google_service_account.ci_service_account",
            "module.service.module.github_ci_access_config.random_id.default",
            "module.service.random_id.default",
            "module.staging.google_project.project",
            "module.staging.google_project_service.default",
            "module.staging.google_service_account.cloudrun_service_account",
            "module.staging.module.cloud_run_service.google_project_service.services",
            "module.staging.random_id.default"
          ]
        }
      ]
    },
    {
      "module": "module.staging.module.cloud_run_service",
      "mode": "managed",
      "type": "google_project_service",
      "name": "services",
      "provider": "provider[\"registry.terraform.io/hashicorp/google\"]",
      "instances": [
        {
          "index_key": "cloudresourcemanager.googleapis.com",
          "schema_version": 0,
          "attributes": {
            "disable_dependent_services": false,
            "disable_on_destroy": false,
            "id": "my-hello-service-staging-b7c0/cloudresourcemanager.googleapis.com",
            "project": "my-hello-service-staging-b7c0",
            "service": "cloudresourcemanager.googleapis.com",
            "timeouts": null
          },
          "sensitive_attributes": [],
          "private": "eyJlMmJmYjczMC1lY2FhLTExZTYtOGY4OC0zNDM2M2JjN2M0YzAiOnsiY3JlYXRlIjoxMjAwMDAwMDAwMDAwLCJkZWxldGUiOjEyMDAwMDAwMDAwMDAsInJlYWQiOjYwMDAwMDAwMDAwMCwidXBkYXRlIjoxMjAwMDAwMDAwMDAwfX0=",
          "dependencies": [
            "module.service.google_project.admin_project",
            "module.service.google_project_service.admin_enabled_services",
            "module.service.module.github_ci_access_config.google_artifact_registry_repository.artifact_repository",
            "module.service.module.github_ci_access_config.google_project_service.services",
            "module.service.module.github_ci_access_config.google_service_account.ci_service_account",
            "module.service.module.github_ci_access_config.random_id.default",
            "module.service.random_id.default",
            "module.staging.google_project.project",
            "module.staging.random_id.default"
          ]
        },
        {
          "index_key": "monitoring.googleapis.com",
          "schema_version": 0,
          "attributes": {
            "disable_dependent_services": false,
            "disable_on_destroy": false,
            "id": "my-hello-service-staging-b7c0/monitoring.googleapis.com",
            "project": "my-hello-service-staging-b7c0",
            "service": "monitoring.googleapis.com",
            "timeouts": null
          },
          "sensitive_attributes": [],
          "private": "eyJlMmJmYjczMC1lY2FhLTExZTYtOGY4OC0zNDM2M2JjN2M0YzAiOnsiY3JlYXRlIjoxMjAwMDAwMDAwMDAwLCJkZWxldGUiOjEyMDAwMDAwMDAwMDAsInJlYWQiOjYwMDAwMDAwMDAwMCwidXBkYXRlIjoxMjAwMDAwMDAwMDAwfX0=",
          "dependencies": [
            "module.service.google_project.admin_project",
            "module.service.google_project_service.admin_enabled_services",
            "module.service.module.github_ci_access_config.google_artifact_registry_repository.artifact_repository",
            "module.service.module.github_ci_access_config.google_project_service.services",
            "module.service.module.github_ci_access_config.google_service_account.ci_service_account",
            "module.service.module.github_ci_access_config.random_id.default",
            "module.service.random_id.default",
            "module.staging.google_project.project",
            "module.staging.random_id.default"
          ]
        },
        {
          "index_key": "run.googleapis.com",
          "schema_version": 0,
          "attributes": {
            "disable_dependent_services": false,
            "disable_on_destroy": false,
            "id": "my-hello-service-staging-b7c0/run.googleapis.com",
            "project": "my-hello-service-staging-b7c0",
            "service": "run.googleapis.com",
            "timeouts": null
          },
          "sensitive_attributes": [],
          "private": "eyJlMmJmYjczMC1lY2FhLTExZTYtOGY4OC0zNDM2M2JjN2M0YzAiOnsiY3JlYXRlIjoxMjAwMDAwMDAwMDAwLCJkZWxldGUiOjEyMDAwMDAwMDAwMDAsInJlYWQiOjYwMDAwMDAwMDAwMCwidXBkYXRlIjoxMjAwMDAwMDAwMDAwfX0=",
          "dependencies": [
            "module.service.google_project.admin_project",
            "module.service.google_project_service.admin_enabled_services",
            "module.service.module.github_ci_access_config.google_artifact_registry_repository.artifact_repository",
            "module.service.module.github_ci_access_config.google_project_service.services",
            "module.service.module.github_ci_access_config.google_service_account.ci_service_account",
            "module.service.module.github_ci_access_config.random_id.default",
            "module.service.random_id.default",
            "module.staging.google_project.project",
            "module.staging.random_id.default"
          ]
        },
        {
          "index_key": "secretmanager.googleapis.com",
          "schema_version": 0,
          "attributes": {
            "disable_dependent_services": false,
            "disable_on_destroy": false,
            "id": "my-hello-service-staging-b7c0/secretmanager.googleapis.com",
            "project": "my-hello-service-staging-b7c0",
            "service": "secretmanager.googleapis.com",
            "timeouts": null
          },
          "sensitive_attributes": [],
          "private": "eyJlMmJmYjczMC1lY2FhLTExZTYtOGY4OC0zNDM2M2JjN2M0YzAiOnsiY3JlYXRlIjoxMjAwMDAwMDAwMDAwLCJkZWxldGUiOjEyMDAwMDAwMDAwMDAsInJlYWQiOjYwMDAwMDAwMDAwMCwidXBkYXRlIjoxMjAwMDAwMDAwMDAwfX0=",
          "dependencies": [
            "module.service.google_project.admin_project",
            "module.service.google_project_service.admin_enabled_services",
            "module.service.module.github_ci_access_config.google_artifact_registry_repository.artifact_repository",
            "module.service.module.github_ci_access_config.google_project_service.services",
            "module.service.module.github_ci_access_config.google_service_account.ci_service_account",
            "module.service.module.github_ci_access_config.random_id.default",
            "module.service.random_id.default",
            "module.staging.google_project.project",
            "module.staging.random_id.default"
          ]
        },
        {
          "index_key": "serviceusage.googleapis.com",
          "schema_version": 0,
          "attributes": {
            "disable_dependent_services": false,
            "disable_on_destroy": false,
            "id": "my-hello-service-staging-b7c0/serviceusage.googleapis.com",
            "project": "my-hello-service-staging-b7c0",
            "service": "serviceusage.googleapis.com",
            "timeouts": null
          },
          "sensitive_attributes": [],
          "private": "eyJlMmJmYjczMC1lY2FhLTExZTYtOGY4OC0zNDM2M2JjN2M0YzAiOnsiY3JlYXRlIjoxMjAwMDAwMDAwMDAwLCJkZWxldGUiOjEyMDAwMDAwMDAwMDAsInJlYWQiOjYwMDAwMDAwMDAwMCwidXBkYXRlIjoxMjAwMDAwMDAwMDAwfX0=",
          "dependencies": [
            "module.service.google_project.admin_project",
            "module.service.google_project_service.admin_enabled_services",
            "module.service.module.github_ci_access_config.google_artifact_registry_repository.artifact_repository",
            "module.service.module.github_ci_access_config.google_project_service.services",
            "module.service.module.github_ci_access_config.google_service_account.ci_service_account",
            "module.service.module.github_ci_access_config.random_id.default",
            "module.service.random_id.default",
            "module.staging.google_project.project",
            "module.staging.random_id.default"
          ]
        },
        {
          "index_key": "stackdriver.googleapis.com",
          "schema_version": 0,
          "attributes": {
            "disable_dependent_services": false,
            "disable_on_destroy": false,
            "id": "my-hello-service-staging-b7c0/stackdriver.googleapis.com",
            "project": "my-hello-service-staging-b7c0",
            "service": "stackdriver.googleapis.com",
            "timeouts": null
          },
          "sensitive_attributes": [],
          "private": "eyJlMmJmYjczMC1lY2FhLTExZTYtOGY4OC0zNDM2M2JjN2M0YzAiOnsiY3JlYXRlIjoxMjAwMDAwMDAwMDAwLCJkZWxldGUiOjEyMDAwMDAwMDAwMDAsInJlYWQiOjYwMDAwMDAwMDAwMCwidXBkYXRlIjoxMjAwMDAwMDAwMDAwfX0=",
          "dependencies": [
            "module.service.google_project.admin_project",
            "module.service.google_project_service.admin_enabled_services",
            "module.service.module.github_ci_access_config.google_artifact_registry_repository.artifact_repository",
            "module.service.module.github_ci_access_config.google_project_service.services",
            "module.service.module.github_ci_access_config.google_service_account.ci_service_account",
            "module.service.module.github_ci_access_config.random_id.default",
            "module.service.random_id.default",
            "module.staging.google_project.project",
            "module.staging.random_id.default"
          ]
        }
      ]
    },
    {
      "module": "module.staging.module.cloud_run_service",
      "mode": "managed",
      "type": "random_id",
      "name": "default",
      "provider": "provider[\"registry.terraform.io/hashicorp/random\"]",
      "instances": [
        {
          "schema_version": 0,
          "attributes": {
            "b64_std": "j9g=",
            "b64_url": "j9g",
            "byte_length": 2,
            "dec": "36824",
            "hex": "8fd8",
            "id": "j9g",
            "keepers": null,
            "prefix": null
          },
          "sensitive_attributes": []
        }
      ]
    }
  ],
  "check_results": null
}
