{
  "version": 4,
  "terraform_version": "1.3.9",
  "serial": 230,
  "lineage": "0fba18ac-3dc4-6bc9-9fc4-09bd6fb362f3",
  "outputs": {},
  "resources": [
    {
      "module": "module.cloudrun_cicd",
      "mode": "managed",
      "type": "github_actions_secret",
      "name": "admin_project_id_secret",
      "provider": "provider[\"registry.terraform.io/integrations/github\"]",
      "instances": [
        {
          "schema_version": 0,
          "attributes": {
            "created_at": "2023-03-01 02:49:24 +0000 UTC",
            "encrypted_value": "",
            "id": "gh-rollout:admin_project_id",
            "plaintext_value": "my-hello-service-admin",
            "repository": "gh-rollout",
            "secret_name": "admin_project_id",
            "updated_at": "2023-03-01 02:49:24 +0000 UTC"
          },
          "sensitive_attributes": [],
          "private": "bnVsbA==",
          "dependencies": [
            "module.cloudrun_cicd.google_project.admin_project"
          ]
        }
      ]
    },
    {
      "module": "module.cloudrun_cicd",
      "mode": "managed",
      "type": "github_actions_secret",
      "name": "docker_image_secret",
      "provider": "provider[\"registry.terraform.io/integrations/github\"]",
      "instances": [
        {
          "schema_version": 0,
          "attributes": {
            "created_at": "2023-03-01 02:49:03 +0000 UTC",
            "encrypted_value": "",
            "id": "gh-rollout:docker_image",
            "plaintext_value": "my-hello-service",
            "repository": "gh-rollout",
            "secret_name": "docker_image",
            "updated_at": "2023-03-01 02:49:03 +0000 UTC"
          },
          "sensitive_attributes": [],
          "private": "bnVsbA=="
        }
      ]
    },
    {
      "module": "module.cloudrun_cicd",
      "mode": "managed",
      "type": "github_actions_secret",
      "name": "gar_location_secret",
      "provider": "provider[\"registry.terraform.io/integrations/github\"]",
      "instances": [
        {
          "schema_version": 0,
          "attributes": {
            "created_at": "2023-03-01 02:51:11 +0000 UTC",
            "encrypted_value": "",
            "id": "gh-rollout:gar_location",
            "plaintext_value": "us-west1",
            "repository": "gh-rollout",
            "secret_name": "gar_location",
            "updated_at": "2023-03-01 02:51:11 +0000 UTC"
          },
          "sensitive_attributes": [],
          "private": "bnVsbA==",
          "dependencies": [
            "module.cloudrun_cicd.google_project.admin_project",
            "module.cloudrun_cicd.google_project_service.admin_enabled_services",
            "module.cloudrun_cicd.module.github_ci_access_config.google_artifact_registry_repository.artifact_repository",
            "module.cloudrun_cicd.module.github_ci_access_config.google_project_service.services"
          ]
        }
      ]
    },
    {
      "module": "module.cloudrun_cicd",
      "mode": "managed",
      "type": "github_actions_secret",
      "name": "gar_repo_id_secret",
      "provider": "provider[\"registry.terraform.io/integrations/github\"]",
      "instances": [
        {
          "schema_version": 0,
          "attributes": {
            "created_at": "2023-03-01 02:49:08 +0000 UTC",
            "encrypted_value": "",
            "id": "gh-rollout:gar_repo_id",
            "plaintext_value": "my-hello-service",
            "repository": "gh-rollout",
            "secret_name": "gar_repo_id",
            "updated_at": "2023-03-01 02:49:08 +0000 UTC"
          },
          "sensitive_attributes": [],
          "private": "bnVsbA=="
        }
      ]
    },
    {
      "module": "module.cloudrun_cicd",
      "mode": "managed",
      "type": "github_actions_secret",
      "name": "wif_provider_secret",
      "provider": "provider[\"registry.terraform.io/integrations/github\"]",
      "instances": [
        {
          "schema_version": 0,
          "attributes": {
            "created_at": "2023-03-03 00:51:43 +0000 UTC",
            "encrypted_value": "",
            "id": "gh-rollout:wif_provider",
            "plaintext_value": "projects/612840330496/locations/global/workloadIdentityPools/github-pool-5099/providers/github-provider",
            "repository": "gh-rollout",
            "secret_name": "wif_provider",
            "updated_at": "2023-03-03 00:51:43 +0000 UTC"
          },
          "sensitive_attributes": [],
          "private": "bnVsbA==",
          "dependencies": [
            "module.cloudrun_cicd.google_project.admin_project",
            "module.cloudrun_cicd.google_project_service.admin_enabled_services",
            "module.cloudrun_cicd.module.github_ci_access_config.google_iam_workload_identity_pool.github_pool",
            "module.cloudrun_cicd.module.github_ci_access_config.google_iam_workload_identity_pool_provider.github_provider",
            "module.cloudrun_cicd.module.github_ci_access_config.google_project_service.services",
            "module.cloudrun_cicd.module.github_ci_access_config.random_id.default"
          ]
        }
      ]
    },
    {
      "module": "module.cloudrun_cicd",
      "mode": "managed",
      "type": "github_actions_secret",
      "name": "wif_service_account_secret",
      "provider": "provider[\"registry.terraform.io/integrations/github\"]",
      "instances": [
        {
          "schema_version": 0,
          "attributes": {
            "created_at": "2023-03-03 00:51:41 +0000 UTC",
            "encrypted_value": "",
            "id": "gh-rollout:wif_service_account",
            "plaintext_value": "my-hello-service-5099-ci-sa@my-hello-service-admin.iam.gserviceaccount.com",
            "repository": "gh-rollout",
            "secret_name": "wif_service_account",
            "updated_at": "2023-03-03 00:51:41 +0000 UTC"
          },
          "sensitive_attributes": [],
          "private": "bnVsbA==",
          "dependencies": [
            "module.cloudrun_cicd.google_project.admin_project",
            "module.cloudrun_cicd.google_project_service.admin_enabled_services",
            "module.cloudrun_cicd.module.github_ci_access_config.google_service_account.ci_service_account",
            "module.cloudrun_cicd.module.github_ci_access_config.random_id.default"
          ]
        }
      ]
    },
    {
      "module": "module.cloudrun_cicd",
      "mode": "managed",
      "type": "google_project",
      "name": "admin_project",
      "provider": "provider[\"registry.terraform.io/hashicorp/google\"]",
      "instances": [
        {
          "schema_version": 1,
          "attributes": {
            "auto_create_network": true,
            "billing_account": "009DE6-A7C95A-2AEE97",
            "folder_id": "436745444848",
            "id": "projects/my-hello-service-admin",
            "labels": {},
            "name": "my-hello-service admin",
            "number": "612840330496",
            "org_id": "",
            "project_id": "my-hello-service-admin",
            "skip_delete": null,
            "timeouts": null
          },
          "sensitive_attributes": [],
          "private": "eyJlMmJmYjczMC1lY2FhLTExZTYtOGY4OC0zNDM2M2JjN2M0YzAiOnsiY3JlYXRlIjo2MDAwMDAwMDAwMDAsImRlbGV0ZSI6NjAwMDAwMDAwMDAwLCJyZWFkIjo2MDAwMDAwMDAwMDAsInVwZGF0ZSI6NjAwMDAwMDAwMDAwfSwic2NoZW1hX3ZlcnNpb24iOiIxIn0="
        }
      ]
    },
    {
      "module": "module.cloudrun_cicd",
      "mode": "managed",
      "type": "google_project_service",
      "name": "admin_enabled_services",
      "provider": "provider[\"registry.terraform.io/hashicorp/google\"]",
      "instances": [
        {
          "index_key": "compute.googleapis.com",
          "schema_version": 0,
          "attributes": {
            "disable_dependent_services": null,
            "disable_on_destroy": true,
            "id": "my-hello-service-admin/compute.googleapis.com",
            "project": "my-hello-service-admin",
            "service": "compute.googleapis.com",
            "timeouts": null
          },
          "sensitive_attributes": [],
          "private": "eyJlMmJmYjczMC1lY2FhLTExZTYtOGY4OC0zNDM2M2JjN2M0YzAiOnsiY3JlYXRlIjoxMjAwMDAwMDAwMDAwLCJkZWxldGUiOjEyMDAwMDAwMDAwMDAsInJlYWQiOjYwMDAwMDAwMDAwMCwidXBkYXRlIjoxMjAwMDAwMDAwMDAwfX0=",
          "dependencies": [
            "module.cloudrun_cicd.google_project.admin_project"
          ]
        },
        {
          "index_key": "iam.googleapis.com",
          "schema_version": 0,
          "attributes": {
            "disable_dependent_services": null,
            "disable_on_destroy": true,
            "id": "my-hello-service-admin/iam.googleapis.com",
            "project": "my-hello-service-admin",
            "service": "iam.googleapis.com",
            "timeouts": null
          },
          "sensitive_attributes": [],
          "private": "eyJlMmJmYjczMC1lY2FhLTExZTYtOGY4OC0zNDM2M2JjN2M0YzAiOnsiY3JlYXRlIjoxMjAwMDAwMDAwMDAwLCJkZWxldGUiOjEyMDAwMDAwMDAwMDAsInJlYWQiOjYwMDAwMDAwMDAwMCwidXBkYXRlIjoxMjAwMDAwMDAwMDAwfX0=",
          "dependencies": [
            "module.cloudrun_cicd.google_project.admin_project"
          ]
        }
      ]
    },
    {
      "module": "module.cloudrun_cicd.module.env[\"dev\"]",
      "mode": "managed",
      "type": "github_actions_environment_secret",
      "name": "cloudrun_project_id_secret",
      "provider": "provider[\"registry.terraform.io/integrations/github\"]",
      "instances": [
        {
          "schema_version": 0,
          "attributes": {
            "created_at": "2023-03-01 21:45:59 +0000 UTC",
            "encrypted_value": "",
            "environment": "dev",
            "id": "gh-rollout:dev:cloudrun_project_id",
            "plaintext_value": "my-hello-service-dev",
            "repository": "gh-rollout",
            "secret_name": "cloudrun_project_id",
            "updated_at": "2023-03-01 21:45:59 +0000 UTC"
          },
          "sensitive_attributes": [],
          "private": "bnVsbA==",
          "dependencies": [
            "module.cloudrun_cicd.module.env.google_project.project"
          ]
        }
      ]
    },
    {
      "module": "module.cloudrun_cicd.module.env[\"dev\"]",
      "mode": "managed",
      "type": "github_actions_environment_secret",
      "name": "cloudrun_region_secret",
      "provider": "provider[\"registry.terraform.io/integrations/github\"]",
      "instances": [
        {
          "schema_version": 0,
          "attributes": {
            "created_at": "2023-03-01 02:49:07 +0000 UTC",
            "encrypted_value": "",
            "environment": "dev",
            "id": "gh-rollout:dev:cloudrun_region",
            "plaintext_value": "us-west1",
            "repository": "gh-rollout",
            "secret_name": "cloudrun_region",
            "updated_at": "2023-03-01 02:49:07 +0000 UTC"
          },
          "sensitive_attributes": [],
          "private": "bnVsbA=="
        }
      ]
    },
    {
      "module": "module.cloudrun_cicd.module.env[\"dev\"]",
      "mode": "managed",
      "type": "github_actions_environment_secret",
      "name": "cloudrun_service_secret",
      "provider": "provider[\"registry.terraform.io/integrations/github\"]",
      "instances": [
        {
          "schema_version": 0,
          "attributes": {
            "created_at": "2023-03-02 23:49:01 +0000 UTC",
            "encrypted_value": "",
            "environment": "dev",
            "id": "gh-rollout:dev:cloudrun_service",
            "plaintext_value": "my-hello-service-56a5",
            "repository": "gh-rollout",
            "secret_name": "cloudrun_service",
            "updated_at": "2023-03-02 23:49:01 +0000 UTC"
          },
          "sensitive_attributes": [],
          "private": "bnVsbA==",
          "dependencies": [
            "module.cloudrun_cicd.module.env.google_project.project",
            "module.cloudrun_cicd.module.env.google_project_service.default",
            "module.cloudrun_cicd.module.env.google_service_account.cloudrun_service_account",
            "module.cloudrun_cicd.module.env.module.cloud_run_service.google_cloud_run_service.service",
            "module.cloudrun_cicd.module.env.module.cloud_run_service.google_project_service.services",
            "module.cloudrun_cicd.module.env.module.cloud_run_service.google_secret_manager_secret.secrets",
            "module.cloudrun_cicd.module.env.module.cloud_run_service.google_secret_manager_secret_iam_member.secrets_accessors_iam",
            "module.cloudrun_cicd.module.env.module.cloud_run_service.random_id.default"
          ]
        }
      ]
    },
    {
      "module": "module.cloudrun_cicd.module.env[\"dev\"]",
      "mode": "managed",
      "type": "github_repository_environment",
      "name": "default",
      "provider": "provider[\"registry.terraform.io/integrations/github\"]",
      "instances": [
        {
          "schema_version": 0,
          "attributes": {
            "deployment_branch_policy": [],
            "environment": "dev",
            "id": "gh-rollout:dev",
            "repository": "gh-rollout",
            "reviewers": [
              {
                "teams": null,
                "users": null
              }
            ],
            "wait_timer": null
          },
          "sensitive_attributes": [],
          "private": "bnVsbA=="
        }
      ]
    },
    {
      "module": "module.cloudrun_cicd.module.env[\"dev\"]",
      "mode": "managed",
      "type": "google_artifact_registry_repository_iam_member",
      "name": "cloudrun_sa_gar_reader",
      "provider": "provider[\"registry.terraform.io/hashicorp/google\"]",
      "instances": [
        {
          "schema_version": 0,
          "attributes": {
            "condition": [],
            "etag": "BwX13cDodBg=",
            "id": "projects/my-hello-service-admin/locations/us-west1/repositories/my-hello-service/roles/artifactregistry.reader/serviceAccount:service-883317242336@serverless-robot-prod.iam.gserviceaccount.com",
            "location": "us-west1",
            "member": "serviceAccount:service-883317242336@serverless-robot-prod.iam.gserviceaccount.com",
            "project": "my-hello-service-admin",
            "repository": "projects/my-hello-service-admin/locations/us-west1/repositories/my-hello-service",
            "role": "roles/artifactregistry.reader"
          },
          "sensitive_attributes": [],
          "private": "bnVsbA==",
          "dependencies": [
            "module.cloudrun_cicd.google_project.admin_project",
            "module.cloudrun_cicd.google_project_service.admin_enabled_services",
            "module.cloudrun_cicd.module.env.google_project.project",
            "module.cloudrun_cicd.module.env.google_project_service.default",
            "module.cloudrun_cicd.module.env.google_service_account.cloudrun_service_account",
            "module.cloudrun_cicd.module.env.module.cloud_run_service.google_cloud_run_service.service",
            "module.cloudrun_cicd.module.env.module.cloud_run_service.google_cloud_run_service_iam_binding.admins",
            "module.cloudrun_cicd.module.env.module.cloud_run_service.google_cloud_run_service_iam_binding.developers",
            "module.cloudrun_cicd.module.env.module.cloud_run_service.google_cloud_run_service_iam_binding.invokers",
            "module.cloudrun_cicd.module.env.module.cloud_run_service.google_project_iam_member.run_observability_iam",
            "module.cloudrun_cicd.module.env.module.cloud_run_service.google_project_service.services",
            "module.cloudrun_cicd.module.env.module.cloud_run_service.google_secret_manager_secret.secrets",
            "module.cloudrun_cicd.module.env.module.cloud_run_service.google_secret_manager_secret_iam_member.secrets_accessors_iam",
            "module.cloudrun_cicd.module.env.module.cloud_run_service.google_secret_manager_secret_version.secrets_default_version",
            "module.cloudrun_cicd.module.env.module.cloud_run_service.random_id.default",
            "module.cloudrun_cicd.module.github_ci_access_config.google_artifact_registry_repository.artifact_repository",
            "module.cloudrun_cicd.module.github_ci_access_config.google_project_service.services",
            "module.cloudrun_cicd.module.github_ci_access_config.google_service_account.ci_service_account",
            "module.cloudrun_cicd.module.github_ci_access_config.random_id.default"
          ]
        }
      ]
    },
    {
      "module": "module.cloudrun_cicd.module.env[\"dev\"]",
      "mode": "managed",
      "type": "google_project",
      "name": "project",
      "provider": "provider[\"registry.terraform.io/hashicorp/google\"]",
      "instances": [
        {
          "schema_version": 1,
          "attributes": {
            "auto_create_network": true,
            "billing_account": "009DE6-A7C95A-2AEE97",
            "folder_id": "436745444848",
            "id": "projects/my-hello-service-dev",
            "labels": {},
            "name": "my-hello-service dev",
            "number": "883317242336",
            "org_id": "",
            "project_id": "my-hello-service-dev",
            "skip_delete": null,
            "timeouts": null
          },
          "sensitive_attributes": [],
          "private": "eyJlMmJmYjczMC1lY2FhLTExZTYtOGY4OC0zNDM2M2JjN2M0YzAiOnsiY3JlYXRlIjo2MDAwMDAwMDAwMDAsImRlbGV0ZSI6NjAwMDAwMDAwMDAwLCJyZWFkIjo2MDAwMDAwMDAwMDAsInVwZGF0ZSI6NjAwMDAwMDAwMDAwfSwic2NoZW1hX3ZlcnNpb24iOiIxIn0="
        }
      ]
    },
    {
      "module": "module.cloudrun_cicd.module.env[\"dev\"]",
      "mode": "managed",
      "type": "google_project_service",
      "name": "default",
      "provider": "provider[\"registry.terraform.io/hashicorp/google\"]",
      "instances": [
        {
          "index_key": "iam.googleapis.com",
          "schema_version": 0,
          "attributes": {
            "disable_dependent_services": null,
            "disable_on_destroy": true,
            "id": "my-hello-service-dev/iam.googleapis.com",
            "project": "my-hello-service-dev",
            "service": "iam.googleapis.com",
            "timeouts": null
          },
          "sensitive_attributes": [],
          "private": "eyJlMmJmYjczMC1lY2FhLTExZTYtOGY4OC0zNDM2M2JjN2M0YzAiOnsiY3JlYXRlIjoxMjAwMDAwMDAwMDAwLCJkZWxldGUiOjEyMDAwMDAwMDAwMDAsInJlYWQiOjYwMDAwMDAwMDAwMCwidXBkYXRlIjoxMjAwMDAwMDAwMDAwfX0=",
          "dependencies": [
            "module.cloudrun_cicd.module.env.google_project.project"
          ]
        },
        {
          "index_key": "run.googleapis.com",
          "schema_version": 0,
          "attributes": {
            "disable_dependent_services": null,
            "disable_on_destroy": true,
            "id": "my-hello-service-dev/run.googleapis.com",
            "project": "my-hello-service-dev",
            "service": "run.googleapis.com",
            "timeouts": null
          },
          "sensitive_attributes": [],
          "private": "eyJlMmJmYjczMC1lY2FhLTExZTYtOGY4OC0zNDM2M2JjN2M0YzAiOnsiY3JlYXRlIjoxMjAwMDAwMDAwMDAwLCJkZWxldGUiOjEyMDAwMDAwMDAwMDAsInJlYWQiOjYwMDAwMDAwMDAwMCwidXBkYXRlIjoxMjAwMDAwMDAwMDAwfX0=",
          "dependencies": [
            "module.cloudrun_cicd.module.env.google_project.project"
          ]
        }
      ]
    },
    {
      "module": "module.cloudrun_cicd.module.env[\"dev\"]",
      "mode": "managed",
      "type": "google_service_account",
      "name": "cloudrun_service_account",
      "provider": "provider[\"registry.terraform.io/hashicorp/google\"]",
      "instances": [
        {
          "schema_version": 0,
          "attributes": {
            "account_id": "my-hello-service-dev-sa",
            "description": "",
            "disabled": false,
            "display_name": "my-hello-service dev SA",
            "email": "my-hello-service-dev-sa@my-hello-service-dev.iam.gserviceaccount.com",
            "id": "projects/my-hello-service-dev/serviceAccounts/my-hello-service-dev-sa@my-hello-service-dev.iam.gserviceaccount.com",
            "member": "serviceAccount:my-hello-service-dev-sa@my-hello-service-dev.iam.gserviceaccount.com",
            "name": "projects/my-hello-service-dev/serviceAccounts/my-hello-service-dev-sa@my-hello-service-dev.iam.gserviceaccount.com",
            "project": "my-hello-service-dev",
            "timeouts": null,
            "unique_id": "105217191738542926237"
          },
          "sensitive_attributes": [],
          "private": "eyJlMmJmYjczMC1lY2FhLTExZTYtOGY4OC0zNDM2M2JjN2M0YzAiOnsiY3JlYXRlIjozMDAwMDAwMDAwMDB9fQ==",
          "dependencies": [
            "module.cloudrun_cicd.module.env.google_project.project",
            "module.cloudrun_cicd.module.env.google_project_service.default"
          ]
        }
      ]
    },
    {
      "module": "module.cloudrun_cicd.module.env[\"dev\"]",
      "mode": "managed",
      "type": "google_service_account_iam_member",
      "name": "impersonate",
      "provider": "provider[\"registry.terraform.io/hashicorp/google\"]",
      "instances": [
        {
          "schema_version": 0,
          "attributes": {
            "condition": [],
            "etag": "BwX13aVGWjk=",
            "id": "projects/my-hello-service-dev/serviceAccounts/my-hello-service-dev-sa@my-hello-service-dev.iam.gserviceaccount.com/roles/iam.serviceAccountUser/serviceAccount:my-hello-service-5099-ci-sa@my-hello-service-admin.iam.gserviceaccount.com",
            "member": "serviceAccount:my-hello-service-5099-ci-sa@my-hello-service-admin.iam.gserviceaccount.com",
            "role": "roles/iam.serviceAccountUser",
            "service_account_id": "projects/my-hello-service-dev/serviceAccounts/my-hello-service-dev-sa@my-hello-service-dev.iam.gserviceaccount.com"
          },
          "sensitive_attributes": [],
          "private": "bnVsbA==",
          "dependencies": [
            "module.cloudrun_cicd.google_project.admin_project",
            "module.cloudrun_cicd.google_project_service.admin_enabled_services",
            "module.cloudrun_cicd.module.env.google_project.project",
            "module.cloudrun_cicd.module.env.google_project_service.default",
            "module.cloudrun_cicd.module.env.google_service_account.cloudrun_service_account",
            "module.cloudrun_cicd.module.github_ci_access_config.google_service_account.ci_service_account",
            "module.cloudrun_cicd.module.github_ci_access_config.random_id.default"
          ]
        }
      ]
    },
    {
      "module": "module.cloudrun_cicd.module.env[\"dev\"].module.cloud_run_service",
      "mode": "managed",
      "type": "google_cloud_run_service",
      "name": "service",
      "provider": "provider[\"registry.terraform.io/hashicorp/google\"]",
      "instances": [
        {
          "schema_version": 1,
          "attributes": {
            "autogenerate_revision_name": true,
            "id": "locations/us-west1/namespaces/my-hello-service-dev/services/my-hello-service-56a5",
            "location": "us-west1",
            "metadata": [
              {
                "annotations": {
                  "run.googleapis.com/ingress": "internal",
                  "run.googleapis.com/ingress-status": "internal",
                  "run.googleapis.com/operation-id": "dc1581c7-5285-43c5-a760-ad1e264f0d9e",
                  "serving.knative.dev/creator": "revell@google.com",
                  "serving.knative.dev/lastModifier": "revell@google.com"
                },
                "generation": 1,
                "labels": {
                  "cloud.googleapis.com/location": "us-west1"
                },
                "namespace": "my-hello-service-dev",
                "resource_version": "AAX183ghwWA",
                "self_link": "/apis/serving.knative.dev/v1/namespaces/883317242336/services/my-hello-service-56a5",
                "uid": "47826eb8-ee4a-4567-9448-02ebe3eceaf5"
              }
            ],
            "name": "my-hello-service-56a5",
            "project": "my-hello-service-dev",
            "status": [
              {
                "conditions": [
                  {
                    "message": "",
                    "reason": "",
                    "status": "True",
                    "type": "Ready"
                  },
                  {
                    "message": "",
                    "reason": "",
                    "status": "True",
                    "type": "ConfigurationsReady"
                  },
                  {
                    "message": "",
                    "reason": "",
                    "status": "True",
                    "type": "RoutesReady"
                  }
                ],
                "latest_created_revision_name": "my-hello-service-56a5-bxrjh",
                "latest_ready_revision_name": "my-hello-service-56a5-bxrjh",
                "observed_generation": 1,
                "url": "https://my-hello-service-56a5-uyjkiybwna-uw.a.run.app"
              }
            ],
            "template": [
              {
                "metadata": [
                  {
                    "annotations": {
                      "autoscaling.knative.dev/maxScale": "10",
                      "autoscaling.knative.dev/minScale": "3",
                      "run.googleapis.com/execution-environment": "gen1"
                    },
                    "generation": 0,
                    "labels": {},
                    "name": "",
                    "namespace": "",
                    "resource_version": "",
                    "self_link": "",
                    "uid": ""
                  }
                ],
                "spec": [
                  {
                    "container_concurrency": 80,
                    "containers": [
                      {
                        "args": [],
                        "command": [],
                        "env": [],
                        "env_from": [],
                        "image": "us-docker.pkg.dev/cloudrun/container/hello",
                        "ports": [
                          {
                            "container_port": 8080,
                            "name": "http1",
                            "protocol": ""
                          }
                        ],
                        "resources": [
                          {
                            "limits": {
                              "cpu": "1000m",
                              "memory": "512Mi"
                            },
                            "requests": {
                              "cpu": "1000m",
                              "memory": "512Mi"
                            }
                          }
                        ],
                        "volume_mounts": [],
                        "working_dir": ""
                      }
                    ],
                    "service_account_name": "my-hello-service-dev-sa@my-hello-service-dev.iam.gserviceaccount.com",
                    "serving_state": "",
                    "timeout_seconds": 300,
                    "volumes": []
                  }
                ]
              }
            ],
            "timeouts": null,
            "traffic": [
              {
                "latest_revision": true,
                "percent": 100,
                "revision_name": "",
                "tag": "",
                "url": ""
              }
            ]
          },
          "sensitive_attributes": [],
          "private": "eyJlMmJmYjczMC1lY2FhLTExZTYtOGY4OC0zNDM2M2JjN2M0YzAiOnsiY3JlYXRlIjoxMjAwMDAwMDAwMDAwLCJkZWxldGUiOjEyMDAwMDAwMDAwMDAsInVwZGF0ZSI6MTIwMDAwMDAwMDAwMH0sInNjaGVtYV92ZXJzaW9uIjoiMSJ9",
          "dependencies": [
            "module.cloudrun_cicd.module.env.google_project.project",
            "module.cloudrun_cicd.module.env.google_project_service.default",
            "module.cloudrun_cicd.module.env.google_service_account.cloudrun_service_account",
            "module.cloudrun_cicd.module.env.module.cloud_run_service.google_project_service.services",
            "module.cloudrun_cicd.module.env.module.cloud_run_service.google_secret_manager_secret.secrets",
            "module.cloudrun_cicd.module.env.module.cloud_run_service.google_secret_manager_secret_iam_member.secrets_accessors_iam",
            "module.cloudrun_cicd.module.env.module.cloud_run_service.random_id.default"
          ]
        }
      ]
    },
    {
      "module": "module.cloudrun_cicd.module.env[\"dev\"].module.cloud_run_service",
      "mode": "managed",
      "type": "google_cloud_run_service_iam_binding",
      "name": "admins",
      "provider": "provider[\"registry.terraform.io/hashicorp/google\"]",
      "instances": [
        {
          "schema_version": 0,
          "attributes": {
            "condition": [],
            "etag": null,
            "id": "v1/projects/my-hello-service-dev/locations/us-west1/services/my-hello-service-56a5/roles/run.admin",
            "location": "us-west1",
            "members": [],
            "project": "my-hello-service-dev",
            "role": "roles/run.admin",
            "service": "v1/projects/my-hello-service-dev/locations/us-west1/services/my-hello-service-56a5"
          },
          "sensitive_attributes": [],
          "private": "bnVsbA==",
          "dependencies": [
            "module.cloudrun_cicd.google_project.admin_project",
            "module.cloudrun_cicd.google_project_service.admin_enabled_services",
            "module.cloudrun_cicd.module.env.google_project.project",
            "module.cloudrun_cicd.module.env.google_project_service.default",
            "module.cloudrun_cicd.module.env.google_service_account.cloudrun_service_account",
            "module.cloudrun_cicd.module.env.module.cloud_run_service.google_cloud_run_service.service",
            "module.cloudrun_cicd.module.env.module.cloud_run_service.google_project_service.services",
            "module.cloudrun_cicd.module.env.module.cloud_run_service.google_secret_manager_secret.secrets",
            "module.cloudrun_cicd.module.env.module.cloud_run_service.google_secret_manager_secret_iam_member.secrets_accessors_iam",
            "module.cloudrun_cicd.module.env.module.cloud_run_service.random_id.default",
            "module.cloudrun_cicd.module.github_ci_access_config.google_service_account.ci_service_account",
            "module.cloudrun_cicd.module.github_ci_access_config.random_id.default"
          ]
        }
      ]
    },
    {
      "module": "module.cloudrun_cicd.module.env[\"dev\"].module.cloud_run_service",
      "mode": "managed",
      "type": "google_cloud_run_service_iam_binding",
      "name": "developers",
      "provider": "provider[\"registry.terraform.io/hashicorp/google\"]",
      "instances": [
        {
          "schema_version": 0,
          "attributes": {
            "condition": [],
            "etag": "BwX183lAOV0=",
            "id": "v1/projects/my-hello-service-dev/locations/us-west1/services/my-hello-service-56a5/roles/run.developer",
            "location": "us-west1",
            "members": [
              "serviceAccount:my-hello-service-5099-ci-sa@my-hello-service-admin.iam.gserviceaccount.com"
            ],
            "project": "my-hello-service-dev",
            "role": "roles/run.developer",
            "service": "v1/projects/my-hello-service-dev/locations/us-west1/services/my-hello-service-56a5"
          },
          "sensitive_attributes": [],
          "private": "bnVsbA==",
          "dependencies": [
            "module.cloudrun_cicd.google_project.admin_project",
            "module.cloudrun_cicd.google_project_service.admin_enabled_services",
            "module.cloudrun_cicd.module.env.google_project.project",
            "module.cloudrun_cicd.module.env.google_project_service.default",
            "module.cloudrun_cicd.module.env.google_service_account.cloudrun_service_account",
            "module.cloudrun_cicd.module.env.module.cloud_run_service.google_cloud_run_service.service",
            "module.cloudrun_cicd.module.env.module.cloud_run_service.google_project_service.services",
            "module.cloudrun_cicd.module.env.module.cloud_run_service.google_secret_manager_secret.secrets",
            "module.cloudrun_cicd.module.env.module.cloud_run_service.google_secret_manager_secret_iam_member.secrets_accessors_iam",
            "module.cloudrun_cicd.module.env.module.cloud_run_service.random_id.default",
            "module.cloudrun_cicd.module.github_ci_access_config.google_service_account.ci_service_account",
            "module.cloudrun_cicd.module.github_ci_access_config.random_id.default"
          ]
        }
      ]
    },
    {
      "module": "module.cloudrun_cicd.module.env[\"dev\"].module.cloud_run_service",
      "mode": "managed",
      "type": "google_cloud_run_service_iam_binding",
      "name": "invokers",
      "provider": "provider[\"registry.terraform.io/hashicorp/google\"]",
      "instances": [
        {
          "schema_version": 0,
          "attributes": {
            "condition": [],
            "etag": null,
            "id": "v1/projects/my-hello-service-dev/locations/us-west1/services/my-hello-service-56a5/roles/run.invoker",
            "location": "us-west1",
            "members": [],
            "project": "my-hello-service-dev",
            "role": "roles/run.invoker",
            "service": "v1/projects/my-hello-service-dev/locations/us-west1/services/my-hello-service-56a5"
          },
          "sensitive_attributes": [],
          "private": "bnVsbA==",
          "dependencies": [
            "module.cloudrun_cicd.google_project.admin_project",
            "module.cloudrun_cicd.google_project_service.admin_enabled_services",
            "module.cloudrun_cicd.module.env.google_project.project",
            "module.cloudrun_cicd.module.env.google_project_service.default",
            "module.cloudrun_cicd.module.env.google_service_account.cloudrun_service_account",
            "module.cloudrun_cicd.module.env.module.cloud_run_service.google_cloud_run_service.service",
            "module.cloudrun_cicd.module.env.module.cloud_run_service.google_project_service.services",
            "module.cloudrun_cicd.module.env.module.cloud_run_service.google_secret_manager_secret.secrets",
            "module.cloudrun_cicd.module.env.module.cloud_run_service.google_secret_manager_secret_iam_member.secrets_accessors_iam",
            "module.cloudrun_cicd.module.env.module.cloud_run_service.random_id.default",
            "module.cloudrun_cicd.module.github_ci_access_config.google_service_account.ci_service_account",
            "module.cloudrun_cicd.module.github_ci_access_config.random_id.default"
          ]
        }
      ]
    },
    {
      "module": "module.cloudrun_cicd.module.env[\"dev\"].module.cloud_run_service",
      "mode": "managed",
      "type": "google_project_iam_member",
      "name": "run_observability_iam",
      "provider": "provider[\"registry.terraform.io/hashicorp/google\"]",
      "instances": [
        {
          "index_key": "roles/cloudtrace.agent",
          "schema_version": 0,
          "attributes": {
            "condition": [],
            "etag": "BwX183flHUg=",
            "id": "my-hello-service-dev/roles/cloudtrace.agent/serviceAccount:my-hello-service-dev-sa@my-hello-service-dev.iam.gserviceaccount.com",
            "member": "serviceAccount:my-hello-service-dev-sa@my-hello-service-dev.iam.gserviceaccount.com",
            "project": "my-hello-service-dev",
            "role": "roles/cloudtrace.agent"
          },
          "sensitive_attributes": [],
          "private": "bnVsbA==",
          "dependencies": [
            "module.cloudrun_cicd.module.env.google_project.project",
            "module.cloudrun_cicd.module.env.google_project_service.default",
            "module.cloudrun_cicd.module.env.google_service_account.cloudrun_service_account",
            "module.cloudrun_cicd.module.env.module.cloud_run_service.google_project_service.services"
          ]
        },
        {
          "index_key": "roles/logging.logWriter",
          "schema_version": 0,
          "attributes": {
            "condition": [],
            "etag": "BwX183flHUg=",
            "id": "my-hello-service-dev/roles/logging.logWriter/serviceAccount:my-hello-service-dev-sa@my-hello-service-dev.iam.gserviceaccount.com",
            "member": "serviceAccount:my-hello-service-dev-sa@my-hello-service-dev.iam.gserviceaccount.com",
            "project": "my-hello-service-dev",
            "role": "roles/logging.logWriter"
          },
          "sensitive_attributes": [],
          "private": "bnVsbA==",
          "dependencies": [
            "module.cloudrun_cicd.module.env.google_project.project",
            "module.cloudrun_cicd.module.env.google_project_service.default",
            "module.cloudrun_cicd.module.env.google_service_account.cloudrun_service_account",
            "module.cloudrun_cicd.module.env.module.cloud_run_service.google_project_service.services"
          ]
        },
        {
          "index_key": "roles/monitoring.metricWriter",
          "schema_version": 0,
          "attributes": {
            "condition": [],
            "etag": "BwX183flHUg=",
            "id": "my-hello-service-dev/roles/monitoring.metricWriter/serviceAccount:my-hello-service-dev-sa@my-hello-service-dev.iam.gserviceaccount.com",
            "member": "serviceAccount:my-hello-service-dev-sa@my-hello-service-dev.iam.gserviceaccount.com",
            "project": "my-hello-service-dev",
            "role": "roles/monitoring.metricWriter"
          },
          "sensitive_attributes": [],
          "private": "bnVsbA==",
          "dependencies": [
            "module.cloudrun_cicd.module.env.google_project.project",
            "module.cloudrun_cicd.module.env.google_project_service.default",
            "module.cloudrun_cicd.module.env.google_service_account.cloudrun_service_account",
            "module.cloudrun_cicd.module.env.module.cloud_run_service.google_project_service.services"
          ]
        },
        {
          "index_key": "roles/stackdriver.resourceMetadata.writer",
          "schema_version": 0,
          "attributes": {
            "condition": [],
            "etag": "BwX183flHUg=",
            "id": "my-hello-service-dev/roles/stackdriver.resourceMetadata.writer/serviceAccount:my-hello-service-dev-sa@my-hello-service-dev.iam.gserviceaccount.com",
            "member": "serviceAccount:my-hello-service-dev-sa@my-hello-service-dev.iam.gserviceaccount.com",
            "project": "my-hello-service-dev",
            "role": "roles/stackdriver.resourceMetadata.writer"
          },
          "sensitive_attributes": [],
          "private": "bnVsbA==",
          "dependencies": [
            "module.cloudrun_cicd.module.env.google_project.project",
            "module.cloudrun_cicd.module.env.google_project_service.default",
            "module.cloudrun_cicd.module.env.google_service_account.cloudrun_service_account",
            "module.cloudrun_cicd.module.env.module.cloud_run_service.google_project_service.services"
          ]
        }
      ]
    },
    {
      "module": "module.cloudrun_cicd.module.env[\"dev\"].module.cloud_run_service",
      "mode": "managed",
      "type": "google_project_service",
      "name": "services",
      "provider": "provider[\"registry.terraform.io/hashicorp/google\"]",
      "instances": [
        {
          "index_key": "cloudresourcemanager.googleapis.com",
          "schema_version": 0,
          "attributes": {
            "disable_dependent_services": false,
            "disable_on_destroy": false,
            "id": "my-hello-service-dev/cloudresourcemanager.googleapis.com",
            "project": "my-hello-service-dev",
            "service": "cloudresourcemanager.googleapis.com",
            "timeouts": null
          },
          "sensitive_attributes": [],
          "private": "eyJlMmJmYjczMC1lY2FhLTExZTYtOGY4OC0zNDM2M2JjN2M0YzAiOnsiY3JlYXRlIjoxMjAwMDAwMDAwMDAwLCJkZWxldGUiOjEyMDAwMDAwMDAwMDAsInJlYWQiOjYwMDAwMDAwMDAwMCwidXBkYXRlIjoxMjAwMDAwMDAwMDAwfX0=",
          "dependencies": [
            "module.cloudrun_cicd.module.env.google_project.project"
          ]
        },
        {
          "index_key": "monitoring.googleapis.com",
          "schema_version": 0,
          "attributes": {
            "disable_dependent_services": false,
            "disable_on_destroy": false,
            "id": "my-hello-service-dev/monitoring.googleapis.com",
            "project": "my-hello-service-dev",
            "service": "monitoring.googleapis.com",
            "timeouts": null
          },
          "sensitive_attributes": [],
          "private": "eyJlMmJmYjczMC1lY2FhLTExZTYtOGY4OC0zNDM2M2JjN2M0YzAiOnsiY3JlYXRlIjoxMjAwMDAwMDAwMDAwLCJkZWxldGUiOjEyMDAwMDAwMDAwMDAsInJlYWQiOjYwMDAwMDAwMDAwMCwidXBkYXRlIjoxMjAwMDAwMDAwMDAwfX0=",
          "dependencies": [
            "module.cloudrun_cicd.module.env.google_project.project"
          ]
        },
        {
          "index_key": "run.googleapis.com",
          "schema_version": 0,
          "attributes": {
            "disable_dependent_services": false,
            "disable_on_destroy": false,
            "id": "my-hello-service-dev/run.googleapis.com",
            "project": "my-hello-service-dev",
            "service": "run.googleapis.com",
            "timeouts": null
          },
          "sensitive_attributes": [],
          "private": "eyJlMmJmYjczMC1lY2FhLTExZTYtOGY4OC0zNDM2M2JjN2M0YzAiOnsiY3JlYXRlIjoxMjAwMDAwMDAwMDAwLCJkZWxldGUiOjEyMDAwMDAwMDAwMDAsInJlYWQiOjYwMDAwMDAwMDAwMCwidXBkYXRlIjoxMjAwMDAwMDAwMDAwfX0=",
          "dependencies": [
            "module.cloudrun_cicd.module.env.google_project.project"
          ]
        },
        {
          "index_key": "secretmanager.googleapis.com",
          "schema_version": 0,
          "attributes": {
            "disable_dependent_services": false,
            "disable_on_destroy": false,
            "id": "my-hello-service-dev/secretmanager.googleapis.com",
            "project": "my-hello-service-dev",
            "service": "secretmanager.googleapis.com",
            "timeouts": null
          },
          "sensitive_attributes": [],
          "private": "eyJlMmJmYjczMC1lY2FhLTExZTYtOGY4OC0zNDM2M2JjN2M0YzAiOnsiY3JlYXRlIjoxMjAwMDAwMDAwMDAwLCJkZWxldGUiOjEyMDAwMDAwMDAwMDAsInJlYWQiOjYwMDAwMDAwMDAwMCwidXBkYXRlIjoxMjAwMDAwMDAwMDAwfX0=",
          "dependencies": [
            "module.cloudrun_cicd.module.env.google_project.project"
          ]
        },
        {
          "index_key": "serviceusage.googleapis.com",
          "schema_version": 0,
          "attributes": {
            "disable_dependent_services": false,
            "disable_on_destroy": false,
            "id": "my-hello-service-dev/serviceusage.googleapis.com",
            "project": "my-hello-service-dev",
            "service": "serviceusage.googleapis.com",
            "timeouts": null
          },
          "sensitive_attributes": [],
          "private": "eyJlMmJmYjczMC1lY2FhLTExZTYtOGY4OC0zNDM2M2JjN2M0YzAiOnsiY3JlYXRlIjoxMjAwMDAwMDAwMDAwLCJkZWxldGUiOjEyMDAwMDAwMDAwMDAsInJlYWQiOjYwMDAwMDAwMDAwMCwidXBkYXRlIjoxMjAwMDAwMDAwMDAwfX0=",
          "dependencies": [
            "module.cloudrun_cicd.module.env.google_project.project"
          ]
        },
        {
          "index_key": "stackdriver.googleapis.com",
          "schema_version": 0,
          "attributes": {
            "disable_dependent_services": false,
            "disable_on_destroy": false,
            "id": "my-hello-service-dev/stackdriver.googleapis.com",
            "project": "my-hello-service-dev",
            "service": "stackdriver.googleapis.com",
            "timeouts": null
          },
          "sensitive_attributes": [],
          "private": "eyJlMmJmYjczMC1lY2FhLTExZTYtOGY4OC0zNDM2M2JjN2M0YzAiOnsiY3JlYXRlIjoxMjAwMDAwMDAwMDAwLCJkZWxldGUiOjEyMDAwMDAwMDAwMDAsInJlYWQiOjYwMDAwMDAwMDAwMCwidXBkYXRlIjoxMjAwMDAwMDAwMDAwfX0=",
          "dependencies": [
            "module.cloudrun_cicd.module.env.google_project.project"
          ]
        }
      ]
    },
    {
      "module": "module.cloudrun_cicd.module.env[\"dev\"].module.cloud_run_service",
      "mode": "managed",
      "type": "random_id",
      "name": "default",
      "provider": "provider[\"registry.terraform.io/hashicorp/random\"]",
      "instances": [
        {
          "schema_version": 0,
          "attributes": {
            "b64_std": "VqU=",
            "b64_url": "VqU",
            "byte_length": 2,
            "dec": "22181",
            "hex": "56a5",
            "id": "VqU",
            "keepers": null,
            "prefix": null
          },
          "sensitive_attributes": []
        }
      ]
    },
    {
      "module": "module.cloudrun_cicd.module.env[\"prod\"]",
      "mode": "managed",
      "type": "github_actions_environment_secret",
      "name": "cloudrun_project_id_secret",
      "provider": "provider[\"registry.terraform.io/integrations/github\"]",
      "instances": [
        {
          "schema_version": 0,
          "attributes": {
            "created_at": "2023-03-01 21:46:01 +0000 UTC",
            "encrypted_value": "",
            "environment": "prod",
            "id": "gh-rollout:prod:cloudrun_project_id",
            "plaintext_value": "my-hello-service-prod",
            "repository": "gh-rollout",
            "secret_name": "cloudrun_project_id",
            "updated_at": "2023-03-01 21:46:01 +0000 UTC"
          },
          "sensitive_attributes": [],
          "private": "bnVsbA==",
          "dependencies": [
            "module.cloudrun_cicd.module.env.google_project.project"
          ]
        }
      ]
    },
    {
      "module": "module.cloudrun_cicd.module.env[\"prod\"]",
      "mode": "managed",
      "type": "github_actions_environment_secret",
      "name": "cloudrun_region_secret",
      "provider": "provider[\"registry.terraform.io/integrations/github\"]",
      "instances": [
        {
          "schema_version": 0,
          "attributes": {
            "created_at": "2023-03-01 02:49:10 +0000 UTC",
            "encrypted_value": "",
            "environment": "prod",
            "id": "gh-rollout:prod:cloudrun_region",
            "plaintext_value": "us-west1",
            "repository": "gh-rollout",
            "secret_name": "cloudrun_region",
            "updated_at": "2023-03-01 02:49:10 +0000 UTC"
          },
          "sensitive_attributes": [],
          "private": "bnVsbA=="
        }
      ]
    },
    {
      "module": "module.cloudrun_cicd.module.env[\"prod\"]",
      "mode": "managed",
      "type": "github_actions_environment_secret",
      "name": "cloudrun_service_secret",
      "provider": "provider[\"registry.terraform.io/integrations/github\"]",
      "instances": [
        {
          "schema_version": 0,
          "attributes": {
            "created_at": "2023-03-02 23:48:56 +0000 UTC",
            "encrypted_value": "",
            "environment": "prod",
            "id": "gh-rollout:prod:cloudrun_service",
            "plaintext_value": "my-hello-service-35cf",
            "repository": "gh-rollout",
            "secret_name": "cloudrun_service",
            "updated_at": "2023-03-02 23:48:56 +0000 UTC"
          },
          "sensitive_attributes": [],
          "private": "bnVsbA==",
          "dependencies": [
            "module.cloudrun_cicd.module.env.google_project.project",
            "module.cloudrun_cicd.module.env.google_project_service.default",
            "module.cloudrun_cicd.module.env.google_service_account.cloudrun_service_account",
            "module.cloudrun_cicd.module.env.module.cloud_run_service.google_cloud_run_service.service",
            "module.cloudrun_cicd.module.env.module.cloud_run_service.google_project_service.services",
            "module.cloudrun_cicd.module.env.module.cloud_run_service.google_secret_manager_secret.secrets",
            "module.cloudrun_cicd.module.env.module.cloud_run_service.google_secret_manager_secret_iam_member.secrets_accessors_iam",
            "module.cloudrun_cicd.module.env.module.cloud_run_service.random_id.default"
          ]
        }
      ]
    },
    {
      "module": "module.cloudrun_cicd.module.env[\"prod\"]",
      "mode": "managed",
      "type": "github_repository_environment",
      "name": "default",
      "provider": "provider[\"registry.terraform.io/integrations/github\"]",
      "instances": [
        {
          "schema_version": 0,
          "attributes": {
            "deployment_branch_policy": [
              {
                "custom_branch_policies": true,
                "protected_branches": true
              }
            ],
            "environment": "prod",
            "id": "gh-rollout:prod",
            "repository": "gh-rollout",
            "reviewers": [
              {
                "teams": [
                  7454159
                ],
                "users": [
                  168090
                ]
              }
            ],
            "wait_timer": null
          },
          "sensitive_attributes": [],
          "private": "bnVsbA=="
        }
      ]
    },
    {
      "module": "module.cloudrun_cicd.module.env[\"prod\"]",
      "mode": "managed",
      "type": "google_artifact_registry_repository_iam_member",
      "name": "cloudrun_sa_gar_reader",
      "provider": "provider[\"registry.terraform.io/hashicorp/google\"]",
      "instances": [
        {
          "schema_version": 0,
          "attributes": {
            "condition": [],
            "etag": "BwX13cDodBg=",
            "id": "projects/my-hello-service-admin/locations/us-west1/repositories/my-hello-service/roles/artifactregistry.reader/serviceAccount:service-908015327166@serverless-robot-prod.iam.gserviceaccount.com",
            "location": "us-west1",
            "member": "serviceAccount:service-908015327166@serverless-robot-prod.iam.gserviceaccount.com",
            "project": "my-hello-service-admin",
            "repository": "projects/my-hello-service-admin/locations/us-west1/repositories/my-hello-service",
            "role": "roles/artifactregistry.reader"
          },
          "sensitive_attributes": [],
          "private": "bnVsbA==",
          "dependencies": [
            "module.cloudrun_cicd.google_project.admin_project",
            "module.cloudrun_cicd.google_project_service.admin_enabled_services",
            "module.cloudrun_cicd.module.env.google_project.project",
            "module.cloudrun_cicd.module.env.google_project_service.default",
            "module.cloudrun_cicd.module.env.google_service_account.cloudrun_service_account",
            "module.cloudrun_cicd.module.env.module.cloud_run_service.google_cloud_run_service.service",
            "module.cloudrun_cicd.module.env.module.cloud_run_service.google_cloud_run_service_iam_binding.admins",
            "module.cloudrun_cicd.module.env.module.cloud_run_service.google_cloud_run_service_iam_binding.developers",
            "module.cloudrun_cicd.module.env.module.cloud_run_service.google_cloud_run_service_iam_binding.invokers",
            "module.cloudrun_cicd.module.env.module.cloud_run_service.google_project_iam_member.run_observability_iam",
            "module.cloudrun_cicd.module.env.module.cloud_run_service.google_project_service.services",
            "module.cloudrun_cicd.module.env.module.cloud_run_service.google_secret_manager_secret.secrets",
            "module.cloudrun_cicd.module.env.module.cloud_run_service.google_secret_manager_secret_iam_member.secrets_accessors_iam",
            "module.cloudrun_cicd.module.env.module.cloud_run_service.google_secret_manager_secret_version.secrets_default_version",
            "module.cloudrun_cicd.module.env.module.cloud_run_service.random_id.default",
            "module.cloudrun_cicd.module.github_ci_access_config.google_artifact_registry_repository.artifact_repository",
            "module.cloudrun_cicd.module.github_ci_access_config.google_project_service.services",
            "module.cloudrun_cicd.module.github_ci_access_config.google_service_account.ci_service_account",
            "module.cloudrun_cicd.module.github_ci_access_config.random_id.default"
          ]
        }
      ]
    },
    {
      "module": "module.cloudrun_cicd.module.env[\"prod\"]",
      "mode": "managed",
      "type": "google_project",
      "name": "project",
      "provider": "provider[\"registry.terraform.io/hashicorp/google\"]",
      "instances": [
        {
          "schema_version": 1,
          "attributes": {
            "auto_create_network": true,
            "billing_account": "009DE6-A7C95A-2AEE97",
            "folder_id": "436745444848",
            "id": "projects/my-hello-service-prod",
            "labels": {},
            "name": "my-hello-service prod",
            "number": "908015327166",
            "org_id": "",
            "project_id": "my-hello-service-prod",
            "skip_delete": null,
            "timeouts": null
          },
          "sensitive_attributes": [],
          "private": "eyJlMmJmYjczMC1lY2FhLTExZTYtOGY4OC0zNDM2M2JjN2M0YzAiOnsiY3JlYXRlIjo2MDAwMDAwMDAwMDAsImRlbGV0ZSI6NjAwMDAwMDAwMDAwLCJyZWFkIjo2MDAwMDAwMDAwMDAsInVwZGF0ZSI6NjAwMDAwMDAwMDAwfSwic2NoZW1hX3ZlcnNpb24iOiIxIn0="
        }
      ]
    },
    {
      "module": "module.cloudrun_cicd.module.env[\"prod\"]",
      "mode": "managed",
      "type": "google_project_service",
      "name": "default",
      "provider": "provider[\"registry.terraform.io/hashicorp/google\"]",
      "instances": [
        {
          "index_key": "iam.googleapis.com",
          "schema_version": 0,
          "attributes": {
            "disable_dependent_services": null,
            "disable_on_destroy": true,
            "id": "my-hello-service-prod/iam.googleapis.com",
            "project": "my-hello-service-prod",
            "service": "iam.googleapis.com",
            "timeouts": null
          },
          "sensitive_attributes": [],
          "private": "eyJlMmJmYjczMC1lY2FhLTExZTYtOGY4OC0zNDM2M2JjN2M0YzAiOnsiY3JlYXRlIjoxMjAwMDAwMDAwMDAwLCJkZWxldGUiOjEyMDAwMDAwMDAwMDAsInJlYWQiOjYwMDAwMDAwMDAwMCwidXBkYXRlIjoxMjAwMDAwMDAwMDAwfX0=",
          "dependencies": [
            "module.cloudrun_cicd.module.env.google_project.project"
          ]
        },
        {
          "index_key": "run.googleapis.com",
          "schema_version": 0,
          "attributes": {
            "disable_dependent_services": null,
            "disable_on_destroy": true,
            "id": "my-hello-service-prod/run.googleapis.com",
            "project": "my-hello-service-prod",
            "service": "run.googleapis.com",
            "timeouts": null
          },
          "sensitive_attributes": [],
          "private": "eyJlMmJmYjczMC1lY2FhLTExZTYtOGY4OC0zNDM2M2JjN2M0YzAiOnsiY3JlYXRlIjoxMjAwMDAwMDAwMDAwLCJkZWxldGUiOjEyMDAwMDAwMDAwMDAsInJlYWQiOjYwMDAwMDAwMDAwMCwidXBkYXRlIjoxMjAwMDAwMDAwMDAwfX0=",
          "dependencies": [
            "module.cloudrun_cicd.module.env.google_project.project"
          ]
        }
      ]
    },
    {
      "module": "module.cloudrun_cicd.module.env[\"prod\"]",
      "mode": "managed",
      "type": "google_service_account",
      "name": "cloudrun_service_account",
      "provider": "provider[\"registry.terraform.io/hashicorp/google\"]",
      "instances": [
        {
          "schema_version": 0,
          "attributes": {
            "account_id": "my-hello-service-prod-sa",
            "description": "",
            "disabled": false,
            "display_name": "my-hello-service prod SA",
            "email": "my-hello-service-prod-sa@my-hello-service-prod.iam.gserviceaccount.com",
            "id": "projects/my-hello-service-prod/serviceAccounts/my-hello-service-prod-sa@my-hello-service-prod.iam.gserviceaccount.com",
            "member": "serviceAccount:my-hello-service-prod-sa@my-hello-service-prod.iam.gserviceaccount.com",
            "name": "projects/my-hello-service-prod/serviceAccounts/my-hello-service-prod-sa@my-hello-service-prod.iam.gserviceaccount.com",
            "project": "my-hello-service-prod",
            "timeouts": null,
            "unique_id": "101200291693631572532"
          },
          "sensitive_attributes": [],
          "private": "eyJlMmJmYjczMC1lY2FhLTExZTYtOGY4OC0zNDM2M2JjN2M0YzAiOnsiY3JlYXRlIjozMDAwMDAwMDAwMDB9fQ==",
          "dependencies": [
            "module.cloudrun_cicd.module.env.google_project.project",
            "module.cloudrun_cicd.module.env.google_project_service.default"
          ]
        }
      ]
    },
    {
      "module": "module.cloudrun_cicd.module.env[\"prod\"]",
      "mode": "managed",
      "type": "google_service_account_iam_member",
      "name": "impersonate",
      "provider": "provider[\"registry.terraform.io/hashicorp/google\"]",
      "instances": [
        {
          "schema_version": 0,
          "attributes": {
            "condition": [],
            "etag": "BwX13aU7UmU=",
            "id": "projects/my-hello-service-prod/serviceAccounts/my-hello-service-prod-sa@my-hello-service-prod.iam.gserviceaccount.com/roles/iam.serviceAccountUser/serviceAccount:my-hello-service-5099-ci-sa@my-hello-service-admin.iam.gserviceaccount.com",
            "member": "serviceAccount:my-hello-service-5099-ci-sa@my-hello-service-admin.iam.gserviceaccount.com",
            "role": "roles/iam.serviceAccountUser",
            "service_account_id": "projects/my-hello-service-prod/serviceAccounts/my-hello-service-prod-sa@my-hello-service-prod.iam.gserviceaccount.com"
          },
          "sensitive_attributes": [],
          "private": "bnVsbA==",
          "dependencies": [
            "module.cloudrun_cicd.google_project.admin_project",
            "module.cloudrun_cicd.google_project_service.admin_enabled_services",
            "module.cloudrun_cicd.module.env.google_project.project",
            "module.cloudrun_cicd.module.env.google_project_service.default",
            "module.cloudrun_cicd.module.env.google_service_account.cloudrun_service_account",
            "module.cloudrun_cicd.module.github_ci_access_config.google_service_account.ci_service_account",
            "module.cloudrun_cicd.module.github_ci_access_config.random_id.default"
          ]
        }
      ]
    },
    {
      "module": "module.cloudrun_cicd.module.env[\"prod\"].module.cloud_run_service",
      "mode": "managed",
      "type": "google_cloud_run_service",
      "name": "service",
      "provider": "provider[\"registry.terraform.io/hashicorp/google\"]",
      "instances": [
        {
          "schema_version": 1,
          "attributes": {
            "autogenerate_revision_name": true,
            "id": "locations/us-west1/namespaces/my-hello-service-prod/services/my-hello-service-35cf",
            "location": "us-west1",
            "metadata": [
              {
                "annotations": {
                  "run.googleapis.com/ingress": "all",
                  "run.googleapis.com/ingress-status": "all",
                  "run.googleapis.com/operation-id": "772e4a64-ffa4-4ef6-9ea5-2f415db97380",
                  "serving.knative.dev/creator": "revell@google.com",
                  "serving.knative.dev/lastModifier": "revell@google.com"
                },
                "generation": 1,
                "labels": {
                  "cloud.googleapis.com/location": "us-west1"
                },
                "namespace": "my-hello-service-prod",
                "resource_version": "AAX183ejzSs",
                "self_link": "/apis/serving.knative.dev/v1/namespaces/908015327166/services/my-hello-service-35cf",
                "uid": "73769909-7948-4a35-8262-db99e8a57dda"
              }
            ],
            "name": "my-hello-service-35cf",
            "project": "my-hello-service-prod",
            "status": [
              {
                "conditions": [
                  {
                    "message": "",
                    "reason": "",
                    "status": "True",
                    "type": "Ready"
                  },
                  {
                    "message": "",
                    "reason": "",
                    "status": "True",
                    "type": "ConfigurationsReady"
                  },
                  {
                    "message": "",
                    "reason": "",
                    "status": "True",
                    "type": "RoutesReady"
                  }
                ],
                "latest_created_revision_name": "my-hello-service-35cf-rzcjc",
                "latest_ready_revision_name": "my-hello-service-35cf-rzcjc",
                "observed_generation": 1,
                "url": "https://my-hello-service-35cf-xt2osb4y2q-uw.a.run.app"
              }
            ],
            "template": [
              {
                "metadata": [
                  {
                    "annotations": {
                      "autoscaling.knative.dev/maxScale": "10",
                      "autoscaling.knative.dev/minScale": "3",
                      "run.googleapis.com/execution-environment": "gen1"
                    },
                    "generation": 0,
                    "labels": {},
                    "name": "",
                    "namespace": "",
                    "resource_version": "",
                    "self_link": "",
                    "uid": ""
                  }
                ],
                "spec": [
                  {
                    "container_concurrency": 80,
                    "containers": [
                      {
                        "args": [],
                        "command": [],
                        "env": [],
                        "env_from": [],
                        "image": "us-docker.pkg.dev/cloudrun/container/hello",
                        "ports": [
                          {
                            "container_port": 8080,
                            "name": "http1",
                            "protocol": ""
                          }
                        ],
                        "resources": [
                          {
                            "limits": {
                              "cpu": "1000m",
                              "memory": "512Mi"
                            },
                            "requests": {
                              "cpu": "1000m",
                              "memory": "512Mi"
                            }
                          }
                        ],
                        "volume_mounts": [],
                        "working_dir": ""
                      }
                    ],
                    "service_account_name": "my-hello-service-prod-sa@my-hello-service-prod.iam.gserviceaccount.com",
                    "serving_state": "",
                    "timeout_seconds": 300,
                    "volumes": []
                  }
                ]
              }
            ],
            "timeouts": null,
            "traffic": [
              {
                "latest_revision": true,
                "percent": 100,
                "revision_name": "",
                "tag": "",
                "url": ""
              }
            ]
          },
          "sensitive_attributes": [],
          "private": "eyJlMmJmYjczMC1lY2FhLTExZTYtOGY4OC0zNDM2M2JjN2M0YzAiOnsiY3JlYXRlIjoxMjAwMDAwMDAwMDAwLCJkZWxldGUiOjEyMDAwMDAwMDAwMDAsInVwZGF0ZSI6MTIwMDAwMDAwMDAwMH0sInNjaGVtYV92ZXJzaW9uIjoiMSJ9",
          "dependencies": [
            "module.cloudrun_cicd.module.env.google_project.project",
            "module.cloudrun_cicd.module.env.google_project_service.default",
            "module.cloudrun_cicd.module.env.google_service_account.cloudrun_service_account",
            "module.cloudrun_cicd.module.env.module.cloud_run_service.google_project_service.services",
            "module.cloudrun_cicd.module.env.module.cloud_run_service.google_secret_manager_secret.secrets",
            "module.cloudrun_cicd.module.env.module.cloud_run_service.google_secret_manager_secret_iam_member.secrets_accessors_iam",
            "module.cloudrun_cicd.module.env.module.cloud_run_service.random_id.default"
          ]
        }
      ]
    },
    {
      "module": "module.cloudrun_cicd.module.env[\"prod\"].module.cloud_run_service",
      "mode": "managed",
      "type": "google_cloud_run_service_iam_binding",
      "name": "admins",
      "provider": "provider[\"registry.terraform.io/hashicorp/google\"]",
      "instances": [
        {
          "schema_version": 0,
          "attributes": {
            "condition": [],
            "etag": null,
            "id": "v1/projects/my-hello-service-prod/locations/us-west1/services/my-hello-service-35cf/roles/run.admin",
            "location": "us-west1",
            "members": [],
            "project": "my-hello-service-prod",
            "role": "roles/run.admin",
            "service": "v1/projects/my-hello-service-prod/locations/us-west1/services/my-hello-service-35cf"
          },
          "sensitive_attributes": [],
          "private": "bnVsbA==",
          "dependencies": [
            "module.cloudrun_cicd.google_project.admin_project",
            "module.cloudrun_cicd.google_project_service.admin_enabled_services",
            "module.cloudrun_cicd.module.env.google_project.project",
            "module.cloudrun_cicd.module.env.google_project_service.default",
            "module.cloudrun_cicd.module.env.google_service_account.cloudrun_service_account",
            "module.cloudrun_cicd.module.env.module.cloud_run_service.google_cloud_run_service.service",
            "module.cloudrun_cicd.module.env.module.cloud_run_service.google_project_service.services",
            "module.cloudrun_cicd.module.env.module.cloud_run_service.google_secret_manager_secret.secrets",
            "module.cloudrun_cicd.module.env.module.cloud_run_service.google_secret_manager_secret_iam_member.secrets_accessors_iam",
            "module.cloudrun_cicd.module.env.module.cloud_run_service.random_id.default",
            "module.cloudrun_cicd.module.github_ci_access_config.google_service_account.ci_service_account",
            "module.cloudrun_cicd.module.github_ci_access_config.random_id.default"
          ]
        }
      ]
    },
    {
      "module": "module.cloudrun_cicd.module.env[\"prod\"].module.cloud_run_service",
      "mode": "managed",
      "type": "google_cloud_run_service_iam_binding",
      "name": "developers",
      "provider": "provider[\"registry.terraform.io/hashicorp/google\"]",
      "instances": [
        {
          "schema_version": 0,
          "attributes": {
            "condition": [],
            "etag": "BwX183iu/LE=",
            "id": "v1/projects/my-hello-service-prod/locations/us-west1/services/my-hello-service-35cf/roles/run.developer",
            "location": "us-west1",
            "members": [
              "serviceAccount:my-hello-service-5099-ci-sa@my-hello-service-admin.iam.gserviceaccount.com"
            ],
            "project": "my-hello-service-prod",
            "role": "roles/run.developer",
            "service": "v1/projects/my-hello-service-prod/locations/us-west1/services/my-hello-service-35cf"
          },
          "sensitive_attributes": [],
          "private": "bnVsbA==",
          "dependencies": [
            "module.cloudrun_cicd.google_project.admin_project",
            "module.cloudrun_cicd.google_project_service.admin_enabled_services",
            "module.cloudrun_cicd.module.env.google_project.project",
            "module.cloudrun_cicd.module.env.google_project_service.default",
            "module.cloudrun_cicd.module.env.google_service_account.cloudrun_service_account",
            "module.cloudrun_cicd.module.env.module.cloud_run_service.google_cloud_run_service.service",
            "module.cloudrun_cicd.module.env.module.cloud_run_service.google_project_service.services",
            "module.cloudrun_cicd.module.env.module.cloud_run_service.google_secret_manager_secret.secrets",
            "module.cloudrun_cicd.module.env.module.cloud_run_service.google_secret_manager_secret_iam_member.secrets_accessors_iam",
            "module.cloudrun_cicd.module.env.module.cloud_run_service.random_id.default",
            "module.cloudrun_cicd.module.github_ci_access_config.google_service_account.ci_service_account",
            "module.cloudrun_cicd.module.github_ci_access_config.random_id.default"
          ]
        }
      ]
    },
    {
      "module": "module.cloudrun_cicd.module.env[\"prod\"].module.cloud_run_service",
      "mode": "managed",
      "type": "google_cloud_run_service_iam_binding",
      "name": "invokers",
      "provider": "provider[\"registry.terraform.io/hashicorp/google\"]",
      "instances": [
        {
          "schema_version": 0,
          "attributes": {
            "condition": [],
            "etag": null,
            "id": "v1/projects/my-hello-service-prod/locations/us-west1/services/my-hello-service-35cf/roles/run.invoker",
            "location": "us-west1",
            "members": [],
            "project": "my-hello-service-prod",
            "role": "roles/run.invoker",
            "service": "v1/projects/my-hello-service-prod/locations/us-west1/services/my-hello-service-35cf"
          },
          "sensitive_attributes": [],
          "private": "bnVsbA==",
          "dependencies": [
            "module.cloudrun_cicd.google_project.admin_project",
            "module.cloudrun_cicd.google_project_service.admin_enabled_services",
            "module.cloudrun_cicd.module.env.google_project.project",
            "module.cloudrun_cicd.module.env.google_project_service.default",
            "module.cloudrun_cicd.module.env.google_service_account.cloudrun_service_account",
            "module.cloudrun_cicd.module.env.module.cloud_run_service.google_cloud_run_service.service",
            "module.cloudrun_cicd.module.env.module.cloud_run_service.google_project_service.services",
            "module.cloudrun_cicd.module.env.module.cloud_run_service.google_secret_manager_secret.secrets",
            "module.cloudrun_cicd.module.env.module.cloud_run_service.google_secret_manager_secret_iam_member.secrets_accessors_iam",
            "module.cloudrun_cicd.module.env.module.cloud_run_service.random_id.default",
            "module.cloudrun_cicd.module.github_ci_access_config.google_service_account.ci_service_account",
            "module.cloudrun_cicd.module.github_ci_access_config.random_id.default"
          ]
        }
      ]
    },
    {
      "module": "module.cloudrun_cicd.module.env[\"prod\"].module.cloud_run_service",
      "mode": "managed",
      "type": "google_project_iam_member",
      "name": "run_observability_iam",
      "provider": "provider[\"registry.terraform.io/hashicorp/google\"]",
      "instances": [
        {
          "index_key": "roles/cloudtrace.agent",
          "schema_version": 0,
          "attributes": {
            "condition": [],
            "etag": "BwX183hv/g4=",
            "id": "my-hello-service-prod/roles/cloudtrace.agent/serviceAccount:my-hello-service-prod-sa@my-hello-service-prod.iam.gserviceaccount.com",
            "member": "serviceAccount:my-hello-service-prod-sa@my-hello-service-prod.iam.gserviceaccount.com",
            "project": "my-hello-service-prod",
            "role": "roles/cloudtrace.agent"
          },
          "sensitive_attributes": [],
          "private": "bnVsbA==",
          "dependencies": [
            "module.cloudrun_cicd.module.env.google_project.project",
            "module.cloudrun_cicd.module.env.google_project_service.default",
            "module.cloudrun_cicd.module.env.google_service_account.cloudrun_service_account",
            "module.cloudrun_cicd.module.env.module.cloud_run_service.google_project_service.services"
          ]
        },
        {
          "index_key": "roles/logging.logWriter",
          "schema_version": 0,
          "attributes": {
            "condition": [],
            "etag": "BwX183hv/g4=",
            "id": "my-hello-service-prod/roles/logging.logWriter/serviceAccount:my-hello-service-prod-sa@my-hello-service-prod.iam.gserviceaccount.com",
            "member": "serviceAccount:my-hello-service-prod-sa@my-hello-service-prod.iam.gserviceaccount.com",
            "project": "my-hello-service-prod",
            "role": "roles/logging.logWriter"
          },
          "sensitive_attributes": [],
          "private": "bnVsbA==",
          "dependencies": [
            "module.cloudrun_cicd.module.env.google_project.project",
            "module.cloudrun_cicd.module.env.google_project_service.default",
            "module.cloudrun_cicd.module.env.google_service_account.cloudrun_service_account",
            "module.cloudrun_cicd.module.env.module.cloud_run_service.google_project_service.services"
          ]
        },
        {
          "index_key": "roles/monitoring.metricWriter",
          "schema_version": 0,
          "attributes": {
            "condition": [],
            "etag": "BwX183hv/g4=",
            "id": "my-hello-service-prod/roles/monitoring.metricWriter/serviceAccount:my-hello-service-prod-sa@my-hello-service-prod.iam.gserviceaccount.com",
            "member": "serviceAccount:my-hello-service-prod-sa@my-hello-service-prod.iam.gserviceaccount.com",
            "project": "my-hello-service-prod",
            "role": "roles/monitoring.metricWriter"
          },
          "sensitive_attributes": [],
          "private": "bnVsbA==",
          "dependencies": [
            "module.cloudrun_cicd.module.env.google_project.project",
            "module.cloudrun_cicd.module.env.google_project_service.default",
            "module.cloudrun_cicd.module.env.google_service_account.cloudrun_service_account",
            "module.cloudrun_cicd.module.env.module.cloud_run_service.google_project_service.services"
          ]
        },
        {
          "index_key": "roles/stackdriver.resourceMetadata.writer",
          "schema_version": 0,
          "attributes": {
            "condition": [],
            "etag": "BwX183hv/g4=",
            "id": "my-hello-service-prod/roles/stackdriver.resourceMetadata.writer/serviceAccount:my-hello-service-prod-sa@my-hello-service-prod.iam.gserviceaccount.com",
            "member": "serviceAccount:my-hello-service-prod-sa@my-hello-service-prod.iam.gserviceaccount.com",
            "project": "my-hello-service-prod",
            "role": "roles/stackdriver.resourceMetadata.writer"
          },
          "sensitive_attributes": [],
          "private": "bnVsbA==",
          "dependencies": [
            "module.cloudrun_cicd.module.env.google_project.project",
            "module.cloudrun_cicd.module.env.google_project_service.default",
            "module.cloudrun_cicd.module.env.google_service_account.cloudrun_service_account",
            "module.cloudrun_cicd.module.env.module.cloud_run_service.google_project_service.services"
          ]
        }
      ]
    },
    {
      "module": "module.cloudrun_cicd.module.env[\"prod\"].module.cloud_run_service",
      "mode": "managed",
      "type": "google_project_service",
      "name": "services",
      "provider": "provider[\"registry.terraform.io/hashicorp/google\"]",
      "instances": [
        {
          "index_key": "cloudresourcemanager.googleapis.com",
          "schema_version": 0,
          "attributes": {
            "disable_dependent_services": false,
            "disable_on_destroy": false,
            "id": "my-hello-service-prod/cloudresourcemanager.googleapis.com",
            "project": "my-hello-service-prod",
            "service": "cloudresourcemanager.googleapis.com",
            "timeouts": null
          },
          "sensitive_attributes": [],
          "private": "eyJlMmJmYjczMC1lY2FhLTExZTYtOGY4OC0zNDM2M2JjN2M0YzAiOnsiY3JlYXRlIjoxMjAwMDAwMDAwMDAwLCJkZWxldGUiOjEyMDAwMDAwMDAwMDAsInJlYWQiOjYwMDAwMDAwMDAwMCwidXBkYXRlIjoxMjAwMDAwMDAwMDAwfX0=",
          "dependencies": [
            "module.cloudrun_cicd.module.env.google_project.project"
          ]
        },
        {
          "index_key": "monitoring.googleapis.com",
          "schema_version": 0,
          "attributes": {
            "disable_dependent_services": false,
            "disable_on_destroy": false,
            "id": "my-hello-service-prod/monitoring.googleapis.com",
            "project": "my-hello-service-prod",
            "service": "monitoring.googleapis.com",
            "timeouts": null
          },
          "sensitive_attributes": [],
          "private": "eyJlMmJmYjczMC1lY2FhLTExZTYtOGY4OC0zNDM2M2JjN2M0YzAiOnsiY3JlYXRlIjoxMjAwMDAwMDAwMDAwLCJkZWxldGUiOjEyMDAwMDAwMDAwMDAsInJlYWQiOjYwMDAwMDAwMDAwMCwidXBkYXRlIjoxMjAwMDAwMDAwMDAwfX0=",
          "dependencies": [
            "module.cloudrun_cicd.module.env.google_project.project"
          ]
        },
        {
          "index_key": "run.googleapis.com",
          "schema_version": 0,
          "attributes": {
            "disable_dependent_services": false,
            "disable_on_destroy": false,
            "id": "my-hello-service-prod/run.googleapis.com",
            "project": "my-hello-service-prod",
            "service": "run.googleapis.com",
            "timeouts": null
          },
          "sensitive_attributes": [],
          "private": "eyJlMmJmYjczMC1lY2FhLTExZTYtOGY4OC0zNDM2M2JjN2M0YzAiOnsiY3JlYXRlIjoxMjAwMDAwMDAwMDAwLCJkZWxldGUiOjEyMDAwMDAwMDAwMDAsInJlYWQiOjYwMDAwMDAwMDAwMCwidXBkYXRlIjoxMjAwMDAwMDAwMDAwfX0=",
          "dependencies": [
            "module.cloudrun_cicd.module.env.google_project.project"
          ]
        },
        {
          "index_key": "secretmanager.googleapis.com",
          "schema_version": 0,
          "attributes": {
            "disable_dependent_services": false,
            "disable_on_destroy": false,
            "id": "my-hello-service-prod/secretmanager.googleapis.com",
            "project": "my-hello-service-prod",
            "service": "secretmanager.googleapis.com",
            "timeouts": null
          },
          "sensitive_attributes": [],
          "private": "eyJlMmJmYjczMC1lY2FhLTExZTYtOGY4OC0zNDM2M2JjN2M0YzAiOnsiY3JlYXRlIjoxMjAwMDAwMDAwMDAwLCJkZWxldGUiOjEyMDAwMDAwMDAwMDAsInJlYWQiOjYwMDAwMDAwMDAwMCwidXBkYXRlIjoxMjAwMDAwMDAwMDAwfX0=",
          "dependencies": [
            "module.cloudrun_cicd.module.env.google_project.project"
          ]
        },
        {
          "index_key": "serviceusage.googleapis.com",
          "schema_version": 0,
          "attributes": {
            "disable_dependent_services": false,
            "disable_on_destroy": false,
            "id": "my-hello-service-prod/serviceusage.googleapis.com",
            "project": "my-hello-service-prod",
            "service": "serviceusage.googleapis.com",
            "timeouts": null
          },
          "sensitive_attributes": [],
          "private": "eyJlMmJmYjczMC1lY2FhLTExZTYtOGY4OC0zNDM2M2JjN2M0YzAiOnsiY3JlYXRlIjoxMjAwMDAwMDAwMDAwLCJkZWxldGUiOjEyMDAwMDAwMDAwMDAsInJlYWQiOjYwMDAwMDAwMDAwMCwidXBkYXRlIjoxMjAwMDAwMDAwMDAwfX0=",
          "dependencies": [
            "module.cloudrun_cicd.module.env.google_project.project"
          ]
        },
        {
          "index_key": "stackdriver.googleapis.com",
          "schema_version": 0,
          "attributes": {
            "disable_dependent_services": false,
            "disable_on_destroy": false,
            "id": "my-hello-service-prod/stackdriver.googleapis.com",
            "project": "my-hello-service-prod",
            "service": "stackdriver.googleapis.com",
            "timeouts": null
          },
          "sensitive_attributes": [],
          "private": "eyJlMmJmYjczMC1lY2FhLTExZTYtOGY4OC0zNDM2M2JjN2M0YzAiOnsiY3JlYXRlIjoxMjAwMDAwMDAwMDAwLCJkZWxldGUiOjEyMDAwMDAwMDAwMDAsInJlYWQiOjYwMDAwMDAwMDAwMCwidXBkYXRlIjoxMjAwMDAwMDAwMDAwfX0=",
          "dependencies": [
            "module.cloudrun_cicd.module.env.google_project.project"
          ]
        }
      ]
    },
    {
      "module": "module.cloudrun_cicd.module.env[\"prod\"].module.cloud_run_service",
      "mode": "managed",
      "type": "random_id",
      "name": "default",
      "provider": "provider[\"registry.terraform.io/hashicorp/random\"]",
      "instances": [
        {
          "schema_version": 0,
          "attributes": {
            "b64_std": "Nc8=",
            "b64_url": "Nc8",
            "byte_length": 2,
            "dec": "13775",
            "hex": "35cf",
            "id": "Nc8",
            "keepers": null,
            "prefix": null
          },
          "sensitive_attributes": []
        }
      ]
    },
    {
      "module": "module.cloudrun_cicd.module.env[\"staging\"]",
      "mode": "managed",
      "type": "github_actions_environment_secret",
      "name": "cloudrun_project_id_secret",
      "provider": "provider[\"registry.terraform.io/integrations/github\"]",
      "instances": [
        {
          "schema_version": 0,
          "attributes": {
            "created_at": "2023-03-01 21:45:58 +0000 UTC",
            "encrypted_value": "",
            "environment": "staging",
            "id": "gh-rollout:staging:cloudrun_project_id",
            "plaintext_value": "my-hello-service-staging",
            "repository": "gh-rollout",
            "secret_name": "cloudrun_project_id",
            "updated_at": "2023-03-01 21:45:58 +0000 UTC"
          },
          "sensitive_attributes": [],
          "private": "bnVsbA==",
          "dependencies": [
            "module.cloudrun_cicd.module.env.google_project.project"
          ]
        }
      ]
    },
    {
      "module": "module.cloudrun_cicd.module.env[\"staging\"]",
      "mode": "managed",
      "type": "github_actions_environment_secret",
      "name": "cloudrun_region_secret",
      "provider": "provider[\"registry.terraform.io/integrations/github\"]",
      "instances": [
        {
          "schema_version": 0,
          "attributes": {
            "created_at": "2023-03-01 02:49:11 +0000 UTC",
            "encrypted_value": "",
            "environment": "staging",
            "id": "gh-rollout:staging:cloudrun_region",
            "plaintext_value": "us-west1",
            "repository": "gh-rollout",
            "secret_name": "cloudrun_region",
            "updated_at": "2023-03-01 02:49:11 +0000 UTC"
          },
          "sensitive_attributes": [],
          "private": "bnVsbA=="
        }
      ]
    },
    {
      "module": "module.cloudrun_cicd.module.env[\"staging\"]",
      "mode": "managed",
      "type": "github_actions_environment_secret",
      "name": "cloudrun_service_secret",
      "provider": "provider[\"registry.terraform.io/integrations/github\"]",
      "instances": [
        {
          "schema_version": 0,
          "attributes": {
            "created_at": "2023-03-02 23:48:59 +0000 UTC",
            "encrypted_value": "",
            "environment": "staging",
            "id": "gh-rollout:staging:cloudrun_service",
            "plaintext_value": "my-hello-service-8fd8",
            "repository": "gh-rollout",
            "secret_name": "cloudrun_service",
            "updated_at": "2023-03-02 23:48:59 +0000 UTC"
          },
          "sensitive_attributes": [],
          "private": "bnVsbA==",
          "dependencies": [
            "module.cloudrun_cicd.module.env.google_project.project",
            "module.cloudrun_cicd.module.env.google_project_service.default",
            "module.cloudrun_cicd.module.env.google_service_account.cloudrun_service_account",
            "module.cloudrun_cicd.module.env.module.cloud_run_service.google_cloud_run_service.service",
            "module.cloudrun_cicd.module.env.module.cloud_run_service.google_project_service.services",
            "module.cloudrun_cicd.module.env.module.cloud_run_service.google_secret_manager_secret.secrets",
            "module.cloudrun_cicd.module.env.module.cloud_run_service.google_secret_manager_secret_iam_member.secrets_accessors_iam",
            "module.cloudrun_cicd.module.env.module.cloud_run_service.random_id.default"
          ]
        }
      ]
    },
    {
      "module": "module.cloudrun_cicd.module.env[\"staging\"]",
      "mode": "managed",
      "type": "github_repository_environment",
      "name": "default",
      "provider": "provider[\"registry.terraform.io/integrations/github\"]",
      "instances": [
        {
          "schema_version": 0,
          "attributes": {
            "deployment_branch_policy": [],
            "environment": "staging",
            "id": "gh-rollout:staging",
            "repository": "gh-rollout",
            "reviewers": [
              {
                "teams": null,
                "users": null
              }
            ],
            "wait_timer": null
          },
          "sensitive_attributes": [],
          "private": "bnVsbA=="
        }
      ]
    },
    {
      "module": "module.cloudrun_cicd.module.env[\"staging\"]",
      "mode": "managed",
      "type": "google_artifact_registry_repository_iam_member",
      "name": "cloudrun_sa_gar_reader",
      "provider": "provider[\"registry.terraform.io/hashicorp/google\"]",
      "instances": [
        {
          "schema_version": 0,
          "attributes": {
            "condition": [],
            "etag": "BwX13cDodBg=",
            "id": "projects/my-hello-service-admin/locations/us-west1/repositories/my-hello-service/roles/artifactregistry.reader/serviceAccount:service-476197200977@serverless-robot-prod.iam.gserviceaccount.com",
            "location": "us-west1",
            "member": "serviceAccount:service-476197200977@serverless-robot-prod.iam.gserviceaccount.com",
            "project": "my-hello-service-admin",
            "repository": "projects/my-hello-service-admin/locations/us-west1/repositories/my-hello-service",
            "role": "roles/artifactregistry.reader"
          },
          "sensitive_attributes": [],
          "private": "bnVsbA==",
          "dependencies": [
            "module.cloudrun_cicd.google_project.admin_project",
            "module.cloudrun_cicd.google_project_service.admin_enabled_services",
            "module.cloudrun_cicd.module.env.google_project.project",
            "module.cloudrun_cicd.module.env.google_project_service.default",
            "module.cloudrun_cicd.module.env.google_service_account.cloudrun_service_account",
            "module.cloudrun_cicd.module.env.module.cloud_run_service.google_cloud_run_service.service",
            "module.cloudrun_cicd.module.env.module.cloud_run_service.google_cloud_run_service_iam_binding.admins",
            "module.cloudrun_cicd.module.env.module.cloud_run_service.google_cloud_run_service_iam_binding.developers",
            "module.cloudrun_cicd.module.env.module.cloud_run_service.google_cloud_run_service_iam_binding.invokers",
            "module.cloudrun_cicd.module.env.module.cloud_run_service.google_project_iam_member.run_observability_iam",
            "module.cloudrun_cicd.module.env.module.cloud_run_service.google_project_service.services",
            "module.cloudrun_cicd.module.env.module.cloud_run_service.google_secret_manager_secret.secrets",
            "module.cloudrun_cicd.module.env.module.cloud_run_service.google_secret_manager_secret_iam_member.secrets_accessors_iam",
            "module.cloudrun_cicd.module.env.module.cloud_run_service.google_secret_manager_secret_version.secrets_default_version",
            "module.cloudrun_cicd.module.env.module.cloud_run_service.random_id.default",
            "module.cloudrun_cicd.module.github_ci_access_config.google_artifact_registry_repository.artifact_repository",
            "module.cloudrun_cicd.module.github_ci_access_config.google_project_service.services",
            "module.cloudrun_cicd.module.github_ci_access_config.google_service_account.ci_service_account",
            "module.cloudrun_cicd.module.github_ci_access_config.random_id.default"
          ]
        }
      ]
    },
    {
      "module": "module.cloudrun_cicd.module.env[\"staging\"]",
      "mode": "managed",
      "type": "google_project",
      "name": "project",
      "provider": "provider[\"registry.terraform.io/hashicorp/google\"]",
      "instances": [
        {
          "schema_version": 1,
          "attributes": {
            "auto_create_network": true,
            "billing_account": "009DE6-A7C95A-2AEE97",
            "folder_id": "436745444848",
            "id": "projects/my-hello-service-staging",
            "labels": {},
            "name": "my-hello-service staging",
            "number": "476197200977",
            "org_id": "",
            "project_id": "my-hello-service-staging",
            "skip_delete": null,
            "timeouts": null
          },
          "sensitive_attributes": [],
          "private": "eyJlMmJmYjczMC1lY2FhLTExZTYtOGY4OC0zNDM2M2JjN2M0YzAiOnsiY3JlYXRlIjo2MDAwMDAwMDAwMDAsImRlbGV0ZSI6NjAwMDAwMDAwMDAwLCJyZWFkIjo2MDAwMDAwMDAwMDAsInVwZGF0ZSI6NjAwMDAwMDAwMDAwfSwic2NoZW1hX3ZlcnNpb24iOiIxIn0="
        }
      ]
    },
    {
      "module": "module.cloudrun_cicd.module.env[\"staging\"]",
      "mode": "managed",
      "type": "google_project_service",
      "name": "default",
      "provider": "provider[\"registry.terraform.io/hashicorp/google\"]",
      "instances": [
        {
          "index_key": "iam.googleapis.com",
          "schema_version": 0,
          "attributes": {
            "disable_dependent_services": null,
            "disable_on_destroy": true,
            "id": "my-hello-service-staging/iam.googleapis.com",
            "project": "my-hello-service-staging",
            "service": "iam.googleapis.com",
            "timeouts": null
          },
          "sensitive_attributes": [],
          "private": "eyJlMmJmYjczMC1lY2FhLTExZTYtOGY4OC0zNDM2M2JjN2M0YzAiOnsiY3JlYXRlIjoxMjAwMDAwMDAwMDAwLCJkZWxldGUiOjEyMDAwMDAwMDAwMDAsInJlYWQiOjYwMDAwMDAwMDAwMCwidXBkYXRlIjoxMjAwMDAwMDAwMDAwfX0=",
          "dependencies": [
            "module.cloudrun_cicd.module.env.google_project.project"
          ]
        },
        {
          "index_key": "run.googleapis.com",
          "schema_version": 0,
          "attributes": {
            "disable_dependent_services": null,
            "disable_on_destroy": true,
            "id": "my-hello-service-staging/run.googleapis.com",
            "project": "my-hello-service-staging",
            "service": "run.googleapis.com",
            "timeouts": null
          },
          "sensitive_attributes": [],
          "private": "eyJlMmJmYjczMC1lY2FhLTExZTYtOGY4OC0zNDM2M2JjN2M0YzAiOnsiY3JlYXRlIjoxMjAwMDAwMDAwMDAwLCJkZWxldGUiOjEyMDAwMDAwMDAwMDAsInJlYWQiOjYwMDAwMDAwMDAwMCwidXBkYXRlIjoxMjAwMDAwMDAwMDAwfX0=",
          "dependencies": [
            "module.cloudrun_cicd.module.env.google_project.project"
          ]
        }
      ]
    },
    {
      "module": "module.cloudrun_cicd.module.env[\"staging\"]",
      "mode": "managed",
      "type": "google_service_account",
      "name": "cloudrun_service_account",
      "provider": "provider[\"registry.terraform.io/hashicorp/google\"]",
      "instances": [
        {
          "schema_version": 0,
          "attributes": {
            "account_id": "my-hello-service-staging-sa",
            "description": "",
            "disabled": false,
            "display_name": "my-hello-service staging SA",
            "email": "my-hello-service-staging-sa@my-hello-service-staging.iam.gserviceaccount.com",
            "id": "projects/my-hello-service-staging/serviceAccounts/my-hello-service-staging-sa@my-hello-service-staging.iam.gserviceaccount.com",
            "member": "serviceAccount:my-hello-service-staging-sa@my-hello-service-staging.iam.gserviceaccount.com",
            "name": "projects/my-hello-service-staging/serviceAccounts/my-hello-service-staging-sa@my-hello-service-staging.iam.gserviceaccount.com",
            "project": "my-hello-service-staging",
            "timeouts": null,
            "unique_id": "103162630012231820701"
          },
          "sensitive_attributes": [],
          "private": "eyJlMmJmYjczMC1lY2FhLTExZTYtOGY4OC0zNDM2M2JjN2M0YzAiOnsiY3JlYXRlIjozMDAwMDAwMDAwMDB9fQ==",
          "dependencies": [
            "module.cloudrun_cicd.module.env.google_project.project",
            "module.cloudrun_cicd.module.env.google_project_service.default"
          ]
        }
      ]
    },
    {
      "module": "module.cloudrun_cicd.module.env[\"staging\"]",
      "mode": "managed",
      "type": "google_service_account_iam_member",
      "name": "impersonate",
      "provider": "provider[\"registry.terraform.io/hashicorp/google\"]",
      "instances": [
        {
          "schema_version": 0,
          "attributes": {
            "condition": [],
            "etag": "BwX13aSZec0=",
            "id": "projects/my-hello-service-staging/serviceAccounts/my-hello-service-staging-sa@my-hello-service-staging.iam.gserviceaccount.com/roles/iam.serviceAccountUser/serviceAccount:my-hello-service-5099-ci-sa@my-hello-service-admin.iam.gserviceaccount.com",
            "member": "serviceAccount:my-hello-service-5099-ci-sa@my-hello-service-admin.iam.gserviceaccount.com",
            "role": "roles/iam.serviceAccountUser",
            "service_account_id": "projects/my-hello-service-staging/serviceAccounts/my-hello-service-staging-sa@my-hello-service-staging.iam.gserviceaccount.com"
          },
          "sensitive_attributes": [],
          "private": "bnVsbA==",
          "dependencies": [
            "module.cloudrun_cicd.google_project.admin_project",
            "module.cloudrun_cicd.google_project_service.admin_enabled_services",
            "module.cloudrun_cicd.module.env.google_project.project",
            "module.cloudrun_cicd.module.env.google_project_service.default",
            "module.cloudrun_cicd.module.env.google_service_account.cloudrun_service_account",
            "module.cloudrun_cicd.module.github_ci_access_config.google_service_account.ci_service_account",
            "module.cloudrun_cicd.module.github_ci_access_config.random_id.default"
          ]
        }
      ]
    },
    {
      "module": "module.cloudrun_cicd.module.env[\"staging\"].module.cloud_run_service",
      "mode": "managed",
      "type": "google_cloud_run_service",
      "name": "service",
      "provider": "provider[\"registry.terraform.io/hashicorp/google\"]",
      "instances": [
        {
          "schema_version": 1,
          "attributes": {
            "autogenerate_revision_name": true,
            "id": "locations/us-west1/namespaces/my-hello-service-staging/services/my-hello-service-8fd8",
            "location": "us-west1",
            "metadata": [
              {
                "annotations": {
                  "run.googleapis.com/ingress": "internal",
                  "run.googleapis.com/ingress-status": "internal",
                  "run.googleapis.com/operation-id": "7d4ff479-6a33-440e-95ff-97d82a445c90",
                  "serving.knative.dev/creator": "revell@google.com",
                  "serving.knative.dev/lastModifier": "revell@google.com"
                },
                "generation": 1,
                "labels": {
                  "cloud.googleapis.com/location": "us-west1"
                },
                "namespace": "my-hello-service-staging",
                "resource_version": "AAX183hSFZU",
                "self_link": "/apis/serving.knative.dev/v1/namespaces/476197200977/services/my-hello-service-8fd8",
                "uid": "8552eccf-6eb4-4eca-8bb0-b1d1ac4083a8"
              }
            ],
            "name": "my-hello-service-8fd8",
            "project": "my-hello-service-staging",
            "status": [
              {
                "conditions": [
                  {
                    "message": "",
                    "reason": "",
                    "status": "True",
                    "type": "Ready"
                  },
                  {
                    "message": "",
                    "reason": "",
                    "status": "True",
                    "type": "ConfigurationsReady"
                  },
                  {
                    "message": "",
                    "reason": "",
                    "status": "True",
                    "type": "RoutesReady"
                  }
                ],
                "latest_created_revision_name": "my-hello-service-8fd8-9trcg",
                "latest_ready_revision_name": "my-hello-service-8fd8-9trcg",
                "observed_generation": 1,
                "url": "https://my-hello-service-8fd8-ggdm3a3jqq-uw.a.run.app"
              }
            ],
            "template": [
              {
                "metadata": [
                  {
                    "annotations": {
                      "autoscaling.knative.dev/maxScale": "10",
                      "autoscaling.knative.dev/minScale": "3",
                      "run.googleapis.com/execution-environment": "gen1"
                    },
                    "generation": 0,
                    "labels": {},
                    "name": "",
                    "namespace": "",
                    "resource_version": "",
                    "self_link": "",
                    "uid": ""
                  }
                ],
                "spec": [
                  {
                    "container_concurrency": 80,
                    "containers": [
                      {
                        "args": [],
                        "command": [],
                        "env": [],
                        "env_from": [],
                        "image": "us-docker.pkg.dev/cloudrun/container/hello",
                        "ports": [
                          {
                            "container_port": 8080,
                            "name": "http1",
                            "protocol": ""
                          }
                        ],
                        "resources": [
                          {
                            "limits": {
                              "cpu": "1000m",
                              "memory": "512Mi"
                            },
                            "requests": {
                              "cpu": "1000m",
                              "memory": "512Mi"
                            }
                          }
                        ],
                        "volume_mounts": [],
                        "working_dir": ""
                      }
                    ],
                    "service_account_name": "my-hello-service-staging-sa@my-hello-service-staging.iam.gserviceaccount.com",
                    "serving_state": "",
                    "timeout_seconds": 300,
                    "volumes": []
                  }
                ]
              }
            ],
            "timeouts": null,
            "traffic": [
              {
                "latest_revision": true,
                "percent": 100,
                "revision_name": "",
                "tag": "",
                "url": ""
              }
            ]
          },
          "sensitive_attributes": [],
          "private": "eyJlMmJmYjczMC1lY2FhLTExZTYtOGY4OC0zNDM2M2JjN2M0YzAiOnsiY3JlYXRlIjoxMjAwMDAwMDAwMDAwLCJkZWxldGUiOjEyMDAwMDAwMDAwMDAsInVwZGF0ZSI6MTIwMDAwMDAwMDAwMH0sInNjaGVtYV92ZXJzaW9uIjoiMSJ9",
          "dependencies": [
            "module.cloudrun_cicd.module.env.google_project.project",
            "module.cloudrun_cicd.module.env.google_project_service.default",
            "module.cloudrun_cicd.module.env.google_service_account.cloudrun_service_account",
            "module.cloudrun_cicd.module.env.module.cloud_run_service.google_project_service.services",
            "module.cloudrun_cicd.module.env.module.cloud_run_service.google_secret_manager_secret.secrets",
            "module.cloudrun_cicd.module.env.module.cloud_run_service.google_secret_manager_secret_iam_member.secrets_accessors_iam",
            "module.cloudrun_cicd.module.env.module.cloud_run_service.random_id.default"
          ]
        }
      ]
    },
    {
      "module": "module.cloudrun_cicd.module.env[\"staging\"].module.cloud_run_service",
      "mode": "managed",
      "type": "google_cloud_run_service_iam_binding",
      "name": "admins",
      "provider": "provider[\"registry.terraform.io/hashicorp/google\"]",
      "instances": [
        {
          "schema_version": 0,
          "attributes": {
            "condition": [],
            "etag": null,
            "id": "v1/projects/my-hello-service-staging/locations/us-west1/services/my-hello-service-8fd8/roles/run.admin",
            "location": "us-west1",
            "members": [],
            "project": "my-hello-service-staging",
            "role": "roles/run.admin",
            "service": "v1/projects/my-hello-service-staging/locations/us-west1/services/my-hello-service-8fd8"
          },
          "sensitive_attributes": [],
          "private": "bnVsbA==",
          "dependencies": [
            "module.cloudrun_cicd.google_project.admin_project",
            "module.cloudrun_cicd.google_project_service.admin_enabled_services",
            "module.cloudrun_cicd.module.env.google_project.project",
            "module.cloudrun_cicd.module.env.google_project_service.default",
            "module.cloudrun_cicd.module.env.google_service_account.cloudrun_service_account",
            "module.cloudrun_cicd.module.env.module.cloud_run_service.google_cloud_run_service.service",
            "module.cloudrun_cicd.module.env.module.cloud_run_service.google_project_service.services",
            "module.cloudrun_cicd.module.env.module.cloud_run_service.google_secret_manager_secret.secrets",
            "module.cloudrun_cicd.module.env.module.cloud_run_service.google_secret_manager_secret_iam_member.secrets_accessors_iam",
            "module.cloudrun_cicd.module.env.module.cloud_run_service.random_id.default",
            "module.cloudrun_cicd.module.github_ci_access_config.google_service_account.ci_service_account",
            "module.cloudrun_cicd.module.github_ci_access_config.random_id.default"
          ]
        }
      ]
    },
    {
      "module": "module.cloudrun_cicd.module.env[\"staging\"].module.cloud_run_service",
      "mode": "managed",
      "type": "google_cloud_run_service_iam_binding",
      "name": "developers",
      "provider": "provider[\"registry.terraform.io/hashicorp/google\"]",
      "instances": [
        {
          "schema_version": 0,
          "attributes": {
            "condition": [],
            "etag": "BwX183lLKCg=",
            "id": "v1/projects/my-hello-service-staging/locations/us-west1/services/my-hello-service-8fd8/roles/run.developer",
            "location": "us-west1",
            "members": [
              "serviceAccount:my-hello-service-5099-ci-sa@my-hello-service-admin.iam.gserviceaccount.com"
            ],
            "project": "my-hello-service-staging",
            "role": "roles/run.developer",
            "service": "v1/projects/my-hello-service-staging/locations/us-west1/services/my-hello-service-8fd8"
          },
          "sensitive_attributes": [],
          "private": "bnVsbA==",
          "dependencies": [
            "module.cloudrun_cicd.google_project.admin_project",
            "module.cloudrun_cicd.google_project_service.admin_enabled_services",
            "module.cloudrun_cicd.module.env.google_project.project",
            "module.cloudrun_cicd.module.env.google_project_service.default",
            "module.cloudrun_cicd.module.env.google_service_account.cloudrun_service_account",
            "module.cloudrun_cicd.module.env.module.cloud_run_service.google_cloud_run_service.service",
            "module.cloudrun_cicd.module.env.module.cloud_run_service.google_project_service.services",
            "module.cloudrun_cicd.module.env.module.cloud_run_service.google_secret_manager_secret.secrets",
            "module.cloudrun_cicd.module.env.module.cloud_run_service.google_secret_manager_secret_iam_member.secrets_accessors_iam",
            "module.cloudrun_cicd.module.env.module.cloud_run_service.random_id.default",
            "module.cloudrun_cicd.module.github_ci_access_config.google_service_account.ci_service_account",
            "module.cloudrun_cicd.module.github_ci_access_config.random_id.default"
          ]
        }
      ]
    },
    {
      "module": "module.cloudrun_cicd.module.env[\"staging\"].module.cloud_run_service",
      "mode": "managed",
      "type": "google_cloud_run_service_iam_binding",
      "name": "invokers",
      "provider": "provider[\"registry.terraform.io/hashicorp/google\"]",
      "instances": [
        {
          "schema_version": 0,
          "attributes": {
            "condition": [],
            "etag": null,
            "id": "v1/projects/my-hello-service-staging/locations/us-west1/services/my-hello-service-8fd8/roles/run.invoker",
            "location": "us-west1",
            "members": [],
            "project": "my-hello-service-staging",
            "role": "roles/run.invoker",
            "service": "v1/projects/my-hello-service-staging/locations/us-west1/services/my-hello-service-8fd8"
          },
          "sensitive_attributes": [],
          "private": "bnVsbA==",
          "dependencies": [
            "module.cloudrun_cicd.google_project.admin_project",
            "module.cloudrun_cicd.google_project_service.admin_enabled_services",
            "module.cloudrun_cicd.module.env.google_project.project",
            "module.cloudrun_cicd.module.env.google_project_service.default",
            "module.cloudrun_cicd.module.env.google_service_account.cloudrun_service_account",
            "module.cloudrun_cicd.module.env.module.cloud_run_service.google_cloud_run_service.service",
            "module.cloudrun_cicd.module.env.module.cloud_run_service.google_project_service.services",
            "module.cloudrun_cicd.module.env.module.cloud_run_service.google_secret_manager_secret.secrets",
            "module.cloudrun_cicd.module.env.module.cloud_run_service.google_secret_manager_secret_iam_member.secrets_accessors_iam",
            "module.cloudrun_cicd.module.env.module.cloud_run_service.random_id.default",
            "module.cloudrun_cicd.module.github_ci_access_config.google_service_account.ci_service_account",
            "module.cloudrun_cicd.module.github_ci_access_config.random_id.default"
          ]
        }
      ]
    },
    {
      "module": "module.cloudrun_cicd.module.env[\"staging\"].module.cloud_run_service",
      "mode": "managed",
      "type": "google_project_iam_member",
      "name": "run_observability_iam",
      "provider": "provider[\"registry.terraform.io/hashicorp/google\"]",
      "instances": [
        {
          "index_key": "roles/cloudtrace.agent",
          "schema_version": 0,
          "attributes": {
            "condition": [],
            "etag": "BwX183jj1F0=",
            "id": "my-hello-service-staging/roles/cloudtrace.agent/serviceAccount:my-hello-service-staging-sa@my-hello-service-staging.iam.gserviceaccount.com",
            "member": "serviceAccount:my-hello-service-staging-sa@my-hello-service-staging.iam.gserviceaccount.com",
            "project": "my-hello-service-staging",
            "role": "roles/cloudtrace.agent"
          },
          "sensitive_attributes": [],
          "private": "bnVsbA==",
          "dependencies": [
            "module.cloudrun_cicd.module.env.google_project.project",
            "module.cloudrun_cicd.module.env.google_project_service.default",
            "module.cloudrun_cicd.module.env.google_service_account.cloudrun_service_account",
            "module.cloudrun_cicd.module.env.module.cloud_run_service.google_project_service.services"
          ]
        },
        {
          "index_key": "roles/logging.logWriter",
          "schema_version": 0,
          "attributes": {
            "condition": [],
            "etag": "BwX183jj1F0=",
            "id": "my-hello-service-staging/roles/logging.logWriter/serviceAccount:my-hello-service-staging-sa@my-hello-service-staging.iam.gserviceaccount.com",
            "member": "serviceAccount:my-hello-service-staging-sa@my-hello-service-staging.iam.gserviceaccount.com",
            "project": "my-hello-service-staging",
            "role": "roles/logging.logWriter"
          },
          "sensitive_attributes": [],
          "private": "bnVsbA==",
          "dependencies": [
            "module.cloudrun_cicd.module.env.google_project.project",
            "module.cloudrun_cicd.module.env.google_project_service.default",
            "module.cloudrun_cicd.module.env.google_service_account.cloudrun_service_account",
            "module.cloudrun_cicd.module.env.module.cloud_run_service.google_project_service.services"
          ]
        },
        {
          "index_key": "roles/monitoring.metricWriter",
          "schema_version": 0,
          "attributes": {
            "condition": [],
            "etag": "BwX183jj1F0=",
            "id": "my-hello-service-staging/roles/monitoring.metricWriter/serviceAccount:my-hello-service-staging-sa@my-hello-service-staging.iam.gserviceaccount.com",
            "member": "serviceAccount:my-hello-service-staging-sa@my-hello-service-staging.iam.gserviceaccount.com",
            "project": "my-hello-service-staging",
            "role": "roles/monitoring.metricWriter"
          },
          "sensitive_attributes": [],
          "private": "bnVsbA==",
          "dependencies": [
            "module.cloudrun_cicd.module.env.google_project.project",
            "module.cloudrun_cicd.module.env.google_project_service.default",
            "module.cloudrun_cicd.module.env.google_service_account.cloudrun_service_account",
            "module.cloudrun_cicd.module.env.module.cloud_run_service.google_project_service.services"
          ]
        },
        {
          "index_key": "roles/stackdriver.resourceMetadata.writer",
          "schema_version": 0,
          "attributes": {
            "condition": [],
            "etag": "BwX183jj1F0=",
            "id": "my-hello-service-staging/roles/stackdriver.resourceMetadata.writer/serviceAccount:my-hello-service-staging-sa@my-hello-service-staging.iam.gserviceaccount.com",
            "member": "serviceAccount:my-hello-service-staging-sa@my-hello-service-staging.iam.gserviceaccount.com",
            "project": "my-hello-service-staging",
            "role": "roles/stackdriver.resourceMetadata.writer"
          },
          "sensitive_attributes": [],
          "private": "bnVsbA==",
          "dependencies": [
            "module.cloudrun_cicd.module.env.google_project.project",
            "module.cloudrun_cicd.module.env.google_project_service.default",
            "module.cloudrun_cicd.module.env.google_service_account.cloudrun_service_account",
            "module.cloudrun_cicd.module.env.module.cloud_run_service.google_project_service.services"
          ]
        }
      ]
    },
    {
      "module": "module.cloudrun_cicd.module.env[\"staging\"].module.cloud_run_service",
      "mode": "managed",
      "type": "google_project_service",
      "name": "services",
      "provider": "provider[\"registry.terraform.io/hashicorp/google\"]",
      "instances": [
        {
          "index_key": "cloudresourcemanager.googleapis.com",
          "schema_version": 0,
          "attributes": {
            "disable_dependent_services": false,
            "disable_on_destroy": false,
            "id": "my-hello-service-staging/cloudresourcemanager.googleapis.com",
            "project": "my-hello-service-staging",
            "service": "cloudresourcemanager.googleapis.com",
            "timeouts": null
          },
          "sensitive_attributes": [],
          "private": "eyJlMmJmYjczMC1lY2FhLTExZTYtOGY4OC0zNDM2M2JjN2M0YzAiOnsiY3JlYXRlIjoxMjAwMDAwMDAwMDAwLCJkZWxldGUiOjEyMDAwMDAwMDAwMDAsInJlYWQiOjYwMDAwMDAwMDAwMCwidXBkYXRlIjoxMjAwMDAwMDAwMDAwfX0=",
          "dependencies": [
            "module.cloudrun_cicd.module.env.google_project.project"
          ]
        },
        {
          "index_key": "monitoring.googleapis.com",
          "schema_version": 0,
          "attributes": {
            "disable_dependent_services": false,
            "disable_on_destroy": false,
            "id": "my-hello-service-staging/monitoring.googleapis.com",
            "project": "my-hello-service-staging",
            "service": "monitoring.googleapis.com",
            "timeouts": null
          },
          "sensitive_attributes": [],
          "private": "eyJlMmJmYjczMC1lY2FhLTExZTYtOGY4OC0zNDM2M2JjN2M0YzAiOnsiY3JlYXRlIjoxMjAwMDAwMDAwMDAwLCJkZWxldGUiOjEyMDAwMDAwMDAwMDAsInJlYWQiOjYwMDAwMDAwMDAwMCwidXBkYXRlIjoxMjAwMDAwMDAwMDAwfX0=",
          "dependencies": [
            "module.cloudrun_cicd.module.env.google_project.project"
          ]
        },
        {
          "index_key": "run.googleapis.com",
          "schema_version": 0,
          "attributes": {
            "disable_dependent_services": false,
            "disable_on_destroy": false,
            "id": "my-hello-service-staging/run.googleapis.com",
            "project": "my-hello-service-staging",
            "service": "run.googleapis.com",
            "timeouts": null
          },
          "sensitive_attributes": [],
          "private": "eyJlMmJmYjczMC1lY2FhLTExZTYtOGY4OC0zNDM2M2JjN2M0YzAiOnsiY3JlYXRlIjoxMjAwMDAwMDAwMDAwLCJkZWxldGUiOjEyMDAwMDAwMDAwMDAsInJlYWQiOjYwMDAwMDAwMDAwMCwidXBkYXRlIjoxMjAwMDAwMDAwMDAwfX0=",
          "dependencies": [
            "module.cloudrun_cicd.module.env.google_project.project"
          ]
        },
        {
          "index_key": "secretmanager.googleapis.com",
          "schema_version": 0,
          "attributes": {
            "disable_dependent_services": false,
            "disable_on_destroy": false,
            "id": "my-hello-service-staging/secretmanager.googleapis.com",
            "project": "my-hello-service-staging",
            "service": "secretmanager.googleapis.com",
            "timeouts": null
          },
          "sensitive_attributes": [],
          "private": "eyJlMmJmYjczMC1lY2FhLTExZTYtOGY4OC0zNDM2M2JjN2M0YzAiOnsiY3JlYXRlIjoxMjAwMDAwMDAwMDAwLCJkZWxldGUiOjEyMDAwMDAwMDAwMDAsInJlYWQiOjYwMDAwMDAwMDAwMCwidXBkYXRlIjoxMjAwMDAwMDAwMDAwfX0=",
          "dependencies": [
            "module.cloudrun_cicd.module.env.google_project.project"
          ]
        },
        {
          "index_key": "serviceusage.googleapis.com",
          "schema_version": 0,
          "attributes": {
            "disable_dependent_services": false,
            "disable_on_destroy": false,
            "id": "my-hello-service-staging/serviceusage.googleapis.com",
            "project": "my-hello-service-staging",
            "service": "serviceusage.googleapis.com",
            "timeouts": null
          },
          "sensitive_attributes": [],
          "private": "eyJlMmJmYjczMC1lY2FhLTExZTYtOGY4OC0zNDM2M2JjN2M0YzAiOnsiY3JlYXRlIjoxMjAwMDAwMDAwMDAwLCJkZWxldGUiOjEyMDAwMDAwMDAwMDAsInJlYWQiOjYwMDAwMDAwMDAwMCwidXBkYXRlIjoxMjAwMDAwMDAwMDAwfX0=",
          "dependencies": [
            "module.cloudrun_cicd.module.env.google_project.project"
          ]
        },
        {
          "index_key": "stackdriver.googleapis.com",
          "schema_version": 0,
          "attributes": {
            "disable_dependent_services": false,
            "disable_on_destroy": false,
            "id": "my-hello-service-staging/stackdriver.googleapis.com",
            "project": "my-hello-service-staging",
            "service": "stackdriver.googleapis.com",
            "timeouts": null
          },
          "sensitive_attributes": [],
          "private": "eyJlMmJmYjczMC1lY2FhLTExZTYtOGY4OC0zNDM2M2JjN2M0YzAiOnsiY3JlYXRlIjoxMjAwMDAwMDAwMDAwLCJkZWxldGUiOjEyMDAwMDAwMDAwMDAsInJlYWQiOjYwMDAwMDAwMDAwMCwidXBkYXRlIjoxMjAwMDAwMDAwMDAwfX0=",
          "dependencies": [
            "module.cloudrun_cicd.module.env.google_project.project"
          ]
        }
      ]
    },
    {
      "module": "module.cloudrun_cicd.module.env[\"staging\"].module.cloud_run_service",
      "mode": "managed",
      "type": "random_id",
      "name": "default",
      "provider": "provider[\"registry.terraform.io/hashicorp/random\"]",
      "instances": [
        {
          "schema_version": 0,
          "attributes": {
            "b64_std": "j9g=",
            "b64_url": "j9g",
            "byte_length": 2,
            "dec": "36824",
            "hex": "8fd8",
            "id": "j9g",
            "keepers": null,
            "prefix": null
          },
          "sensitive_attributes": []
        }
      ]
    },
    {
      "module": "module.cloudrun_cicd.module.github_ci_access_config",
      "mode": "managed",
      "type": "google_artifact_registry_repository",
      "name": "artifact_repository",
      "provider": "provider[\"registry.terraform.io/hashicorp/google\"]",
      "instances": [
        {
          "schema_version": 0,
          "attributes": {
            "create_time": "2023-03-01T02:51:08.592646Z",
            "description": "Container registry for docker images.",
            "format": "DOCKER",
            "id": "projects/my-hello-service-admin/locations/us-west1/repositories/my-hello-service",
            "kms_key_name": "",
            "labels": {},
            "location": "us-west1",
            "maven_config": [],
            "name": "my-hello-service",
            "project": "my-hello-service-admin",
            "repository_id": "my-hello-service",
            "timeouts": null,
            "update_time": "2023-03-01T02:51:08.592646Z"
          },
          "sensitive_attributes": [],
          "private": "eyJlMmJmYjczMC1lY2FhLTExZTYtOGY4OC0zNDM2M2JjN2M0YzAiOnsiY3JlYXRlIjoxMjAwMDAwMDAwMDAwLCJkZWxldGUiOjEyMDAwMDAwMDAwMDAsInVwZGF0ZSI6MTIwMDAwMDAwMDAwMH19",
          "dependencies": [
            "module.cloudrun_cicd.google_project.admin_project",
            "module.cloudrun_cicd.google_project_service.admin_enabled_services",
            "module.cloudrun_cicd.module.github_ci_access_config.google_project_service.services"
          ]
        }
      ]
    },
    {
      "module": "module.cloudrun_cicd.module.github_ci_access_config",
      "mode": "managed",
      "type": "google_artifact_registry_repository_iam_binding",
      "name": "ci_service_account_iam",
      "provider": "provider[\"registry.terraform.io/hashicorp/google\"]",
      "instances": [
        {
          "schema_version": 0,
          "attributes": {
            "condition": [],
            "etag": "BwX13cDodBg=",
            "id": "projects/my-hello-service-admin/locations/us-west1/repositories/my-hello-service/roles/artifactregistry.repoAdmin",
            "location": "us-west1",
            "members": [
              "serviceAccount:my-hello-service-5099-ci-sa@my-hello-service-admin.iam.gserviceaccount.com"
            ],
            "project": "my-hello-service-admin",
            "repository": "projects/my-hello-service-admin/locations/us-west1/repositories/my-hello-service",
            "role": "roles/artifactregistry.repoAdmin"
          },
          "sensitive_attributes": [],
          "private": "bnVsbA==",
          "dependencies": [
            "module.cloudrun_cicd.google_project.admin_project",
            "module.cloudrun_cicd.google_project_service.admin_enabled_services",
            "module.cloudrun_cicd.module.github_ci_access_config.google_artifact_registry_repository.artifact_repository",
            "module.cloudrun_cicd.module.github_ci_access_config.google_project_service.services",
            "module.cloudrun_cicd.module.github_ci_access_config.google_service_account.ci_service_account",
            "module.cloudrun_cicd.module.github_ci_access_config.random_id.default"
          ]
        }
      ]
    },
    {
      "module": "module.cloudrun_cicd.module.github_ci_access_config",
      "mode": "managed",
      "type": "google_iam_workload_identity_pool",
      "name": "github_pool",
      "provider": "provider[\"registry.terraform.io/hashicorp/google\"]",
      "instances": [
        {
          "schema_version": 0,
          "attributes": {
            "description": "Identity pool for CI environment",
            "disabled": false,
            "display_name": "GitHub WIF Pool",
            "id": "projects/my-hello-service-admin/locations/global/workloadIdentityPools/github-pool-5099",
            "name": "projects/612840330496/locations/global/workloadIdentityPools/github-pool-5099",
            "project": "my-hello-service-admin",
            "state": "ACTIVE",
            "timeouts": null,
            "workload_identity_pool_id": "github-pool-5099"
          },
          "sensitive_attributes": [],
          "private": "eyJlMmJmYjczMC1lY2FhLTExZTYtOGY4OC0zNDM2M2JjN2M0YzAiOnsiY3JlYXRlIjoxMjAwMDAwMDAwMDAwLCJkZWxldGUiOjEyMDAwMDAwMDAwMDAsInVwZGF0ZSI6MTIwMDAwMDAwMDAwMH19",
          "dependencies": [
            "module.cloudrun_cicd.google_project.admin_project",
            "module.cloudrun_cicd.google_project_service.admin_enabled_services",
            "module.cloudrun_cicd.module.github_ci_access_config.google_project_service.services",
            "module.cloudrun_cicd.module.github_ci_access_config.random_id.default"
          ]
        }
      ]
    },
    {
      "module": "module.cloudrun_cicd.module.github_ci_access_config",
      "mode": "managed",
      "type": "google_iam_workload_identity_pool_provider",
      "name": "github_provider",
      "provider": "provider[\"registry.terraform.io/hashicorp/google\"]",
      "instances": [
        {
          "schema_version": 0,
          "attributes": {
            "attribute_condition": "attribute.event_name != \"pull_request_target\" \u0026\u0026 attribute.repository_owner_id == \"168090\" \u0026\u0026 attribute.repository_id == \"594214686\"",
            "attribute_mapping": {
              "attribute.actor": "assertion.actor",
              "attribute.aud": "assertion.aud",
              "attribute.event_name": "assertion.event_name",
              "attribute.repository": "assertion.repository",
              "attribute.repository_id": "assertion.repository_id",
              "attribute.repository_owner_id": "assertion.repository_owner_id",
              "attribute.workflow": "assertion.workflow",
              "google.subject": "assertion.sub"
            },
            "aws": [],
            "description": "GitHub OIDC identity provider for GitHub repo 594214686 CI environment",
            "disabled": false,
            "display_name": "GitHub WIF Provider",
            "id": "projects/my-hello-service-admin/locations/global/workloadIdentityPools/github-pool-5099/providers/github-provider",
            "name": "projects/612840330496/locations/global/workloadIdentityPools/github-pool-5099/providers/github-provider",
            "oidc": [
              {
                "allowed_audiences": [],
                "issuer_uri": "https://token.actions.githubusercontent.com"
              }
            ],
            "project": "my-hello-service-admin",
            "state": "ACTIVE",
            "timeouts": null,
            "workload_identity_pool_id": "github-pool-5099",
            "workload_identity_pool_provider_id": "github-provider"
          },
          "sensitive_attributes": [],
          "private": "eyJlMmJmYjczMC1lY2FhLTExZTYtOGY4OC0zNDM2M2JjN2M0YzAiOnsiY3JlYXRlIjoxMjAwMDAwMDAwMDAwLCJkZWxldGUiOjEyMDAwMDAwMDAwMDAsInVwZGF0ZSI6MTIwMDAwMDAwMDAwMH19",
          "dependencies": [
            "module.cloudrun_cicd.google_project.admin_project",
            "module.cloudrun_cicd.google_project_service.admin_enabled_services",
            "module.cloudrun_cicd.module.github_ci_access_config.google_iam_workload_identity_pool.github_pool",
            "module.cloudrun_cicd.module.github_ci_access_config.google_project_service.services",
            "module.cloudrun_cicd.module.github_ci_access_config.random_id.default"
          ]
        }
      ]
    },
    {
      "module": "module.cloudrun_cicd.module.github_ci_access_config",
      "mode": "managed",
      "type": "google_project_service",
      "name": "services",
      "provider": "provider[\"registry.terraform.io/hashicorp/google\"]",
      "instances": [
        {
          "index_key": "artifactregistry.googleapis.com",
          "schema_version": 0,
          "attributes": {
            "disable_dependent_services": false,
            "disable_on_destroy": false,
            "id": "my-hello-service-admin/artifactregistry.googleapis.com",
            "project": "my-hello-service-admin",
            "service": "artifactregistry.googleapis.com",
            "timeouts": null
          },
          "sensitive_attributes": [],
          "private": "eyJlMmJmYjczMC1lY2FhLTExZTYtOGY4OC0zNDM2M2JjN2M0YzAiOnsiY3JlYXRlIjoxMjAwMDAwMDAwMDAwLCJkZWxldGUiOjEyMDAwMDAwMDAwMDAsInJlYWQiOjYwMDAwMDAwMDAwMCwidXBkYXRlIjoxMjAwMDAwMDAwMDAwfX0=",
          "dependencies": [
            "module.cloudrun_cicd.google_project.admin_project",
            "module.cloudrun_cicd.google_project_service.admin_enabled_services"
          ]
        },
        {
          "index_key": "cloudresourcemanager.googleapis.com",
          "schema_version": 0,
          "attributes": {
            "disable_dependent_services": false,
            "disable_on_destroy": false,
            "id": "my-hello-service-admin/cloudresourcemanager.googleapis.com",
            "project": "my-hello-service-admin",
            "service": "cloudresourcemanager.googleapis.com",
            "timeouts": null
          },
          "sensitive_attributes": [],
          "private": "eyJlMmJmYjczMC1lY2FhLTExZTYtOGY4OC0zNDM2M2JjN2M0YzAiOnsiY3JlYXRlIjoxMjAwMDAwMDAwMDAwLCJkZWxldGUiOjEyMDAwMDAwMDAwMDAsInJlYWQiOjYwMDAwMDAwMDAwMCwidXBkYXRlIjoxMjAwMDAwMDAwMDAwfX0=",
          "dependencies": [
            "module.cloudrun_cicd.google_project.admin_project",
            "module.cloudrun_cicd.google_project_service.admin_enabled_services"
          ]
        },
        {
          "index_key": "iam.googleapis.com",
          "schema_version": 0,
          "attributes": {
            "disable_dependent_services": false,
            "disable_on_destroy": false,
            "id": "my-hello-service-admin/iam.googleapis.com",
            "project": "my-hello-service-admin",
            "service": "iam.googleapis.com",
            "timeouts": null
          },
          "sensitive_attributes": [],
          "private": "eyJlMmJmYjczMC1lY2FhLTExZTYtOGY4OC0zNDM2M2JjN2M0YzAiOnsiY3JlYXRlIjoxMjAwMDAwMDAwMDAwLCJkZWxldGUiOjEyMDAwMDAwMDAwMDAsInJlYWQiOjYwMDAwMDAwMDAwMCwidXBkYXRlIjoxMjAwMDAwMDAwMDAwfX0=",
          "dependencies": [
            "module.cloudrun_cicd.google_project.admin_project",
            "module.cloudrun_cicd.google_project_service.admin_enabled_services"
          ]
        },
        {
          "index_key": "iamcredentials.googleapis.com",
          "schema_version": 0,
          "attributes": {
            "disable_dependent_services": false,
            "disable_on_destroy": false,
            "id": "my-hello-service-admin/iamcredentials.googleapis.com",
            "project": "my-hello-service-admin",
            "service": "iamcredentials.googleapis.com",
            "timeouts": null
          },
          "sensitive_attributes": [],
          "private": "eyJlMmJmYjczMC1lY2FhLTExZTYtOGY4OC0zNDM2M2JjN2M0YzAiOnsiY3JlYXRlIjoxMjAwMDAwMDAwMDAwLCJkZWxldGUiOjEyMDAwMDAwMDAwMDAsInJlYWQiOjYwMDAwMDAwMDAwMCwidXBkYXRlIjoxMjAwMDAwMDAwMDAwfX0=",
          "dependencies": [
            "module.cloudrun_cicd.google_project.admin_project",
            "module.cloudrun_cicd.google_project_service.admin_enabled_services"
          ]
        },
        {
          "index_key": "serviceusage.googleapis.com",
          "schema_version": 0,
          "attributes": {
            "disable_dependent_services": false,
            "disable_on_destroy": false,
            "id": "my-hello-service-admin/serviceusage.googleapis.com",
            "project": "my-hello-service-admin",
            "service": "serviceusage.googleapis.com",
            "timeouts": null
          },
          "sensitive_attributes": [],
          "private": "eyJlMmJmYjczMC1lY2FhLTExZTYtOGY4OC0zNDM2M2JjN2M0YzAiOnsiY3JlYXRlIjoxMjAwMDAwMDAwMDAwLCJkZWxldGUiOjEyMDAwMDAwMDAwMDAsInJlYWQiOjYwMDAwMDAwMDAwMCwidXBkYXRlIjoxMjAwMDAwMDAwMDAwfX0=",
          "dependencies": [
            "module.cloudrun_cicd.google_project.admin_project",
            "module.cloudrun_cicd.google_project_service.admin_enabled_services"
          ]
        },
        {
          "index_key": "sts.googleapis.com",
          "schema_version": 0,
          "attributes": {
            "disable_dependent_services": false,
            "disable_on_destroy": false,
            "id": "my-hello-service-admin/sts.googleapis.com",
            "project": "my-hello-service-admin",
            "service": "sts.googleapis.com",
            "timeouts": null
          },
          "sensitive_attributes": [],
          "private": "eyJlMmJmYjczMC1lY2FhLTExZTYtOGY4OC0zNDM2M2JjN2M0YzAiOnsiY3JlYXRlIjoxMjAwMDAwMDAwMDAwLCJkZWxldGUiOjEyMDAwMDAwMDAwMDAsInJlYWQiOjYwMDAwMDAwMDAwMCwidXBkYXRlIjoxMjAwMDAwMDAwMDAwfX0=",
          "dependencies": [
            "module.cloudrun_cicd.google_project.admin_project",
            "module.cloudrun_cicd.google_project_service.admin_enabled_services"
          ]
        }
      ]
    },
    {
      "module": "module.cloudrun_cicd.module.github_ci_access_config",
      "mode": "managed",
      "type": "google_service_account",
      "name": "ci_service_account",
      "provider": "provider[\"registry.terraform.io/hashicorp/google\"]",
      "instances": [
        {
          "schema_version": 0,
          "attributes": {
            "account_id": "my-hello-service-5099-ci-sa",
            "description": "",
            "disabled": false,
            "display_name": "my-hello-service CI Service Account",
            "email": "my-hello-service-5099-ci-sa@my-hello-service-admin.iam.gserviceaccount.com",
            "id": "projects/my-hello-service-admin/serviceAccounts/my-hello-service-5099-ci-sa@my-hello-service-admin.iam.gserviceaccount.com",
            "member": "serviceAccount:my-hello-service-5099-ci-sa@my-hello-service-admin.iam.gserviceaccount.com",
            "name": "projects/my-hello-service-admin/serviceAccounts/my-hello-service-5099-ci-sa@my-hello-service-admin.iam.gserviceaccount.com",
            "project": "my-hello-service-admin",
            "timeouts": null,
            "unique_id": "102426959892037504930"
          },
          "sensitive_attributes": [],
          "private": "eyJlMmJmYjczMC1lY2FhLTExZTYtOGY4OC0zNDM2M2JjN2M0YzAiOnsiY3JlYXRlIjozMDAwMDAwMDAwMDB9fQ==",
          "dependencies": [
            "module.cloudrun_cicd.google_project.admin_project",
            "module.cloudrun_cicd.google_project_service.admin_enabled_services",
            "module.cloudrun_cicd.module.github_ci_access_config.random_id.default"
          ]
        }
      ]
    },
    {
      "module": "module.cloudrun_cicd.module.github_ci_access_config",
      "mode": "managed",
      "type": "google_service_account_iam_member",
      "name": "wif_github_iam",
      "provider": "provider[\"registry.terraform.io/hashicorp/google\"]",
      "instances": [
        {
          "schema_version": 0,
          "attributes": {
            "condition": [],
            "etag": "BwX1zcjjJNc=",
            "id": "projects/my-hello-service-admin/serviceAccounts/my-hello-service-5099-ci-sa@my-hello-service-admin.iam.gserviceaccount.com/roles/iam.workloadIdentityUser/principalSet://iam.googleapis.com/projects/612840330496/locations/global/workloadIdentityPools/github-pool-5099/*",
            "member": "principalSet://iam.googleapis.com/projects/612840330496/locations/global/workloadIdentityPools/github-pool-5099/*",
            "role": "roles/iam.workloadIdentityUser",
            "service_account_id": "projects/my-hello-service-admin/serviceAccounts/my-hello-service-5099-ci-sa@my-hello-service-admin.iam.gserviceaccount.com"
          },
          "sensitive_attributes": [],
          "private": "bnVsbA==",
          "dependencies": [
            "module.cloudrun_cicd.google_project.admin_project",
            "module.cloudrun_cicd.google_project_service.admin_enabled_services",
            "module.cloudrun_cicd.module.github_ci_access_config.google_iam_workload_identity_pool.github_pool",
            "module.cloudrun_cicd.module.github_ci_access_config.google_project_service.services",
            "module.cloudrun_cicd.module.github_ci_access_config.google_service_account.ci_service_account",
            "module.cloudrun_cicd.module.github_ci_access_config.random_id.default"
          ]
        }
      ]
    },
    {
      "module": "module.cloudrun_cicd.module.github_ci_access_config",
      "mode": "managed",
      "type": "random_id",
      "name": "default",
      "provider": "provider[\"registry.terraform.io/hashicorp/random\"]",
      "instances": [
        {
          "schema_version": 0,
          "attributes": {
            "b64_std": "UJk=",
            "b64_url": "UJk",
            "byte_length": 2,
            "dec": "20633",
            "hex": "5099",
            "id": "UJk",
            "keepers": null,
            "prefix": null
          },
          "sensitive_attributes": [],
          "dependencies": [
            "module.cloudrun_cicd.google_project.admin_project",
            "module.cloudrun_cicd.google_project_service.admin_enabled_services"
          ]
        }
      ]
    }
  ],
  "check_results": null
}
