{
  "version": 4,
  "terraform_version": "1.3.9",
  "serial": 147,
  "lineage": "0fba18ac-3dc4-6bc9-9fc4-09bd6fb362f3",
  "outputs": {},
  "resources": [
    {
      "module": "module.cloudrun_cicd",
      "mode": "managed",
      "type": "github_actions_secret",
      "name": "admin_project_id_secret",
      "provider": "provider[\"registry.terraform.io/integrations/github\"]",
      "instances": [
        {
          "schema_version": 0,
          "attributes": {
            "created_at": "2023-03-01 02:49:24 +0000 UTC",
            "encrypted_value": "",
            "id": "gh-rollout:admin_project_id",
            "plaintext_value": "my-hello-service-admin",
            "repository": "gh-rollout",
            "secret_name": "admin_project_id",
            "updated_at": "2023-03-01 02:49:24 +0000 UTC"
          },
          "sensitive_attributes": [],
          "private": "bnVsbA==",
          "dependencies": [
            "module.cloudrun_cicd.google_project.admin_project"
          ]
        }
      ]
    },
    {
      "module": "module.cloudrun_cicd",
      "mode": "managed",
      "type": "github_actions_secret",
      "name": "docker_image_secret",
      "provider": "provider[\"registry.terraform.io/integrations/github\"]",
      "instances": [
        {
          "schema_version": 0,
          "attributes": {
            "created_at": "2023-03-01 02:49:03 +0000 UTC",
            "encrypted_value": "",
            "id": "gh-rollout:docker_image",
            "plaintext_value": "my-hello-service",
            "repository": "gh-rollout",
            "secret_name": "docker_image",
            "updated_at": "2023-03-01 02:49:03 +0000 UTC"
          },
          "sensitive_attributes": [],
          "private": "bnVsbA=="
        }
      ]
    },
    {
      "module": "module.cloudrun_cicd",
      "mode": "managed",
      "type": "github_actions_secret",
      "name": "gar_location_secret",
      "provider": "provider[\"registry.terraform.io/integrations/github\"]",
      "instances": [
        {
          "schema_version": 0,
          "attributes": {
            "created_at": "2023-03-01 02:51:11 +0000 UTC",
            "encrypted_value": "",
            "id": "gh-rollout:gar_location",
            "plaintext_value": "us-west1",
            "repository": "gh-rollout",
            "secret_name": "gar_location",
            "updated_at": "2023-03-01 02:51:11 +0000 UTC"
          },
          "sensitive_attributes": [],
          "private": "bnVsbA==",
          "dependencies": [
            "module.cloudrun_cicd.google_project.admin_project",
            "module.cloudrun_cicd.google_project_service.admin_enabled_services",
            "module.cloudrun_cicd.module.github_ci_access_config.google_artifact_registry_repository.artifact_repository",
            "module.cloudrun_cicd.module.github_ci_access_config.google_project_service.services"
          ]
        }
      ]
    },
    {
      "module": "module.cloudrun_cicd",
      "mode": "managed",
      "type": "github_actions_secret",
      "name": "gar_repo_id_secret",
      "provider": "provider[\"registry.terraform.io/integrations/github\"]",
      "instances": [
        {
          "schema_version": 0,
          "attributes": {
            "created_at": "2023-03-01 02:49:08 +0000 UTC",
            "encrypted_value": "",
            "id": "gh-rollout:gar_repo_id",
            "plaintext_value": "my-hello-service",
            "repository": "gh-rollout",
            "secret_name": "gar_repo_id",
            "updated_at": "2023-03-01 02:49:08 +0000 UTC"
          },
          "sensitive_attributes": [],
          "private": "bnVsbA=="
        }
      ]
    },
    {
      "module": "module.cloudrun_cicd",
      "mode": "managed",
      "type": "github_actions_secret",
      "name": "wif_provider",
      "provider": "provider[\"registry.terraform.io/integrations/github\"]",
      "instances": [
        {
          "schema_version": 0,
          "attributes": {
            "created_at": "2023-03-01 02:51:22 +0000 UTC",
            "encrypted_value": "",
            "id": "gh-rollout:wif_provider",
            "plaintext_value": "projects/612840330496/locations/global/workloadIdentityPools/github-pool-5099/providers/github-provider",
            "repository": "gh-rollout",
            "secret_name": "wif_provider",
            "updated_at": "2023-03-01 02:51:22 +0000 UTC"
          },
          "sensitive_attributes": [],
          "private": "bnVsbA==",
          "dependencies": [
            "module.cloudrun_cicd.google_project.admin_project",
            "module.cloudrun_cicd.google_project_service.admin_enabled_services",
            "module.cloudrun_cicd.module.github_ci_access_config.google_iam_workload_identity_pool.github_pool",
            "module.cloudrun_cicd.module.github_ci_access_config.google_iam_workload_identity_pool_provider.github_provider",
            "module.cloudrun_cicd.module.github_ci_access_config.google_project_service.services",
            "module.cloudrun_cicd.module.github_ci_access_config.random_id.default"
          ]
        }
      ]
    },
    {
      "module": "module.cloudrun_cicd",
      "mode": "managed",
      "type": "github_actions_secret",
      "name": "wif_service_account",
      "provider": "provider[\"registry.terraform.io/integrations/github\"]",
      "instances": [
        {
          "schema_version": 0,
          "attributes": {
            "created_at": "2023-03-01 02:50:58 +0000 UTC",
            "encrypted_value": "",
            "id": "gh-rollout:wif_service_account",
            "plaintext_value": "my-hello-service-5099-ci-sa@my-hello-service-admin.iam.gserviceaccount.com",
            "repository": "gh-rollout",
            "secret_name": "wif_service_account",
            "updated_at": "2023-03-01 02:50:58 +0000 UTC"
          },
          "sensitive_attributes": [],
          "private": "bnVsbA==",
          "dependencies": [
            "module.cloudrun_cicd.google_project.admin_project",
            "module.cloudrun_cicd.google_project_service.admin_enabled_services",
            "module.cloudrun_cicd.module.github_ci_access_config.google_service_account.ci_service_account",
            "module.cloudrun_cicd.module.github_ci_access_config.random_id.default"
          ]
        }
      ]
    },
    {
      "module": "module.cloudrun_cicd",
      "mode": "managed",
      "type": "google_project",
      "name": "admin_project",
      "provider": "provider[\"registry.terraform.io/hashicorp/google\"]",
      "instances": [
        {
          "schema_version": 1,
          "attributes": {
            "auto_create_network": true,
            "billing_account": "009DE6-A7C95A-2AEE97",
            "folder_id": "436745444848",
            "id": "projects/my-hello-service-admin",
            "labels": {},
            "name": "my-hello-service admin",
            "number": "612840330496",
            "org_id": "",
            "project_id": "my-hello-service-admin",
            "skip_delete": null,
            "timeouts": null
          },
          "sensitive_attributes": [],
          "private": "eyJlMmJmYjczMC1lY2FhLTExZTYtOGY4OC0zNDM2M2JjN2M0YzAiOnsiY3JlYXRlIjo2MDAwMDAwMDAwMDAsImRlbGV0ZSI6NjAwMDAwMDAwMDAwLCJyZWFkIjo2MDAwMDAwMDAwMDAsInVwZGF0ZSI6NjAwMDAwMDAwMDAwfSwic2NoZW1hX3ZlcnNpb24iOiIxIn0="
        }
      ]
    },
    {
      "module": "module.cloudrun_cicd",
      "mode": "managed",
      "type": "google_project_service",
      "name": "admin_enabled_services",
      "provider": "provider[\"registry.terraform.io/hashicorp/google\"]",
      "instances": [
        {
          "index_key": "artifactregistry.googleapis.com",
          "schema_version": 0,
          "attributes": {
            "disable_dependent_services": null,
            "disable_on_destroy": true,
            "id": "my-hello-service-admin/artifactregistry.googleapis.com",
            "project": "my-hello-service-admin",
            "service": "artifactregistry.googleapis.com",
            "timeouts": null
          },
          "sensitive_attributes": [],
          "private": "eyJlMmJmYjczMC1lY2FhLTExZTYtOGY4OC0zNDM2M2JjN2M0YzAiOnsiY3JlYXRlIjoxMjAwMDAwMDAwMDAwLCJkZWxldGUiOjEyMDAwMDAwMDAwMDAsInJlYWQiOjYwMDAwMDAwMDAwMCwidXBkYXRlIjoxMjAwMDAwMDAwMDAwfX0=",
          "dependencies": [
            "module.cloudrun_cicd.google_project.admin_project"
          ]
        },
        {
          "index_key": "cloudbuild.googleapis.com",
          "schema_version": 0,
          "attributes": {
            "disable_dependent_services": null,
            "disable_on_destroy": true,
            "id": "my-hello-service-admin/cloudbuild.googleapis.com",
            "project": "my-hello-service-admin",
            "service": "cloudbuild.googleapis.com",
            "timeouts": null
          },
          "sensitive_attributes": [],
          "private": "eyJlMmJmYjczMC1lY2FhLTExZTYtOGY4OC0zNDM2M2JjN2M0YzAiOnsiY3JlYXRlIjoxMjAwMDAwMDAwMDAwLCJkZWxldGUiOjEyMDAwMDAwMDAwMDAsInJlYWQiOjYwMDAwMDAwMDAwMCwidXBkYXRlIjoxMjAwMDAwMDAwMDAwfX0=",
          "dependencies": [
            "module.cloudrun_cicd.google_project.admin_project"
          ]
        },
        {
          "index_key": "clouddeploy.googleapis.com",
          "schema_version": 0,
          "attributes": {
            "disable_dependent_services": null,
            "disable_on_destroy": true,
            "id": "my-hello-service-admin/clouddeploy.googleapis.com",
            "project": "my-hello-service-admin",
            "service": "clouddeploy.googleapis.com",
            "timeouts": null
          },
          "sensitive_attributes": [],
          "private": "eyJlMmJmYjczMC1lY2FhLTExZTYtOGY4OC0zNDM2M2JjN2M0YzAiOnsiY3JlYXRlIjoxMjAwMDAwMDAwMDAwLCJkZWxldGUiOjEyMDAwMDAwMDAwMDAsInJlYWQiOjYwMDAwMDAwMDAwMCwidXBkYXRlIjoxMjAwMDAwMDAwMDAwfX0=",
          "dependencies": [
            "module.cloudrun_cicd.google_project.admin_project"
          ]
        },
        {
          "index_key": "compute.googleapis.com",
          "schema_version": 0,
          "attributes": {
            "disable_dependent_services": null,
            "disable_on_destroy": true,
            "id": "my-hello-service-admin/compute.googleapis.com",
            "project": "my-hello-service-admin",
            "service": "compute.googleapis.com",
            "timeouts": null
          },
          "sensitive_attributes": [],
          "private": "eyJlMmJmYjczMC1lY2FhLTExZTYtOGY4OC0zNDM2M2JjN2M0YzAiOnsiY3JlYXRlIjoxMjAwMDAwMDAwMDAwLCJkZWxldGUiOjEyMDAwMDAwMDAwMDAsInJlYWQiOjYwMDAwMDAwMDAwMCwidXBkYXRlIjoxMjAwMDAwMDAwMDAwfX0=",
          "dependencies": [
            "module.cloudrun_cicd.google_project.admin_project"
          ]
        },
        {
          "index_key": "iam.googleapis.com",
          "schema_version": 0,
          "attributes": {
            "disable_dependent_services": null,
            "disable_on_destroy": true,
            "id": "my-hello-service-admin/iam.googleapis.com",
            "project": "my-hello-service-admin",
            "service": "iam.googleapis.com",
            "timeouts": null
          },
          "sensitive_attributes": [],
          "private": "eyJlMmJmYjczMC1lY2FhLTExZTYtOGY4OC0zNDM2M2JjN2M0YzAiOnsiY3JlYXRlIjoxMjAwMDAwMDAwMDAwLCJkZWxldGUiOjEyMDAwMDAwMDAwMDAsInJlYWQiOjYwMDAwMDAwMDAwMCwidXBkYXRlIjoxMjAwMDAwMDAwMDAwfX0=",
          "dependencies": [
            "module.cloudrun_cicd.google_project.admin_project"
          ]
        }
      ]
    },
    {
      "module": "module.cloudrun_cicd.module.dev_environment",
      "mode": "managed",
      "type": "github_actions_environment_secret",
      "name": "cloudrun_project_id_secret",
      "provider": "provider[\"registry.terraform.io/integrations/github\"]",
      "instances": [
        {
          "schema_version": 0,
          "attributes": {
            "created_at": "2023-03-01 21:45:59 +0000 UTC",
            "encrypted_value": "",
            "environment": "dev",
            "id": "gh-rollout:dev:cloudrun_project_id",
            "plaintext_value": "my-hello-service-dev",
            "repository": "gh-rollout",
            "secret_name": "cloudrun_project_id",
            "updated_at": "2023-03-01 21:45:59 +0000 UTC"
          },
          "sensitive_attributes": [],
          "private": "bnVsbA==",
          "dependencies": [
            "module.cloudrun_cicd.module.dev_environment.google_project.project"
          ]
        }
      ]
    },
    {
      "module": "module.cloudrun_cicd.module.dev_environment",
      "mode": "managed",
      "type": "github_actions_environment_secret",
      "name": "cloudrun_region_secret",
      "provider": "provider[\"registry.terraform.io/integrations/github\"]",
      "instances": [
        {
          "schema_version": 0,
          "attributes": {
            "created_at": "2023-03-01 02:49:07 +0000 UTC",
            "encrypted_value": "",
            "environment": "dev",
            "id": "gh-rollout:dev:cloudrun_region",
            "plaintext_value": "us-west1",
            "repository": "gh-rollout",
            "secret_name": "cloudrun_region",
            "updated_at": "2023-03-01 02:49:07 +0000 UTC"
          },
          "sensitive_attributes": [],
          "private": "bnVsbA=="
        }
      ]
    },
    {
      "module": "module.cloudrun_cicd.module.dev_environment",
      "mode": "managed",
      "type": "github_actions_environment_secret",
      "name": "cloudrun_service_secret",
      "provider": "provider[\"registry.terraform.io/integrations/github\"]",
      "instances": [
        {
          "schema_version": 0,
          "attributes": {
            "created_at": "2023-03-01 21:47:58 +0000 UTC",
            "encrypted_value": "",
            "environment": "dev",
            "id": "gh-rollout:dev:cloudrun_service",
            "plaintext_value": "my-hello-service",
            "repository": "gh-rollout",
            "secret_name": "cloudrun_service",
            "updated_at": "2023-03-01 21:47:58 +0000 UTC"
          },
          "sensitive_attributes": [],
          "private": "bnVsbA==",
          "dependencies": [
            "module.cloudrun_cicd.module.dev_environment.google_cloud_run_service.default",
            "module.cloudrun_cicd.module.dev_environment.google_project.project",
            "module.cloudrun_cicd.module.dev_environment.google_project_service.default",
            "module.cloudrun_cicd.module.dev_environment.google_service_account.cloudrun_service_account"
          ]
        }
      ]
    },
    {
      "module": "module.cloudrun_cicd.module.dev_environment",
      "mode": "managed",
      "type": "github_repository_environment",
      "name": "default",
      "provider": "provider[\"registry.terraform.io/integrations/github\"]",
      "instances": [
        {
          "schema_version": 0,
          "attributes": {
            "deployment_branch_policy": [],
            "environment": "dev",
            "id": "gh-rollout:dev",
            "repository": "gh-rollout",
            "reviewers": [
              {
                "teams": null,
                "users": null
              }
            ],
            "wait_timer": null
          },
          "sensitive_attributes": [],
          "private": "bnVsbA=="
        }
      ]
    },
    {
      "module": "module.cloudrun_cicd.module.dev_environment",
      "mode": "managed",
      "type": "google_artifact_registry_repository_iam_member",
      "name": "cloudrun_sa_gar_reader",
      "provider": "provider[\"registry.terraform.io/hashicorp/google\"]",
      "instances": [
        {
          "schema_version": 0,
          "attributes": {
            "condition": [],
            "etag": "BwX13cDodBg=",
            "id": "projects/my-hello-service-admin/locations/us-west1/repositories/my-hello-service/roles/artifactregistry.reader/serviceAccount:service-883317242336@serverless-robot-prod.iam.gserviceaccount.com",
            "location": "us-west1",
            "member": "serviceAccount:service-883317242336@serverless-robot-prod.iam.gserviceaccount.com",
            "project": "my-hello-service-admin",
            "repository": "projects/my-hello-service-admin/locations/us-west1/repositories/my-hello-service",
            "role": "roles/artifactregistry.reader"
          },
          "sensitive_attributes": [],
          "private": "bnVsbA==",
          "dependencies": [
            "module.cloudrun_cicd.google_project.admin_project",
            "module.cloudrun_cicd.google_project_service.admin_enabled_services",
            "module.cloudrun_cicd.module.dev_environment.google_cloud_run_service.default",
            "module.cloudrun_cicd.module.dev_environment.google_project.project",
            "module.cloudrun_cicd.module.github_ci_access_config.google_artifact_registry_repository.artifact_repository"
          ]
        }
      ]
    },
    {
      "module": "module.cloudrun_cicd.module.dev_environment",
      "mode": "managed",
      "type": "google_cloud_run_service",
      "name": "default",
      "provider": "provider[\"registry.terraform.io/hashicorp/google\"]",
      "instances": [
        {
          "schema_version": 1,
          "attributes": {
            "autogenerate_revision_name": false,
            "id": "locations/us-west1/namespaces/my-hello-service-dev/services/my-hello-service",
            "location": "us-west1",
            "metadata": [
              {
                "annotations": {
                  "run.googleapis.com/ingress": "all",
                  "run.googleapis.com/ingress-status": "all",
                  "run.googleapis.com/operation-id": "908c802d-04c7-4152-8c4b-feb817ebc537",
                  "serving.knative.dev/creator": "revell@google.com",
                  "serving.knative.dev/lastModifier": "revell@google.com"
                },
                "generation": 1,
                "labels": {
                  "cloud.googleapis.com/location": "us-west1"
                },
                "namespace": "my-hello-service-dev",
                "resource_version": "AAX13amfJkc",
                "self_link": "/apis/serving.knative.dev/v1/namespaces/883317242336/services/my-hello-service",
                "uid": "468973f5-2d67-4256-96f0-8b246bca91c7"
              }
            ],
            "name": "my-hello-service",
            "project": "my-hello-service-dev",
            "status": [
              {
                "conditions": [
                  {
                    "message": "",
                    "reason": "",
                    "status": "True",
                    "type": "Ready"
                  },
                  {
                    "message": "",
                    "reason": "",
                    "status": "True",
                    "type": "ConfigurationsReady"
                  },
                  {
                    "message": "",
                    "reason": "",
                    "status": "True",
                    "type": "RoutesReady"
                  }
                ],
                "latest_created_revision_name": "my-hello-service-8pn4s",
                "latest_ready_revision_name": "my-hello-service-8pn4s",
                "observed_generation": 1,
                "url": "https://my-hello-service-uyjkiybwna-uw.a.run.app"
              }
            ],
            "template": [
              {
                "metadata": [
                  {
                    "annotations": {
                      "autoscaling.knative.dev/maxScale": "100"
                    },
                    "generation": 0,
                    "labels": {},
                    "name": "",
                    "namespace": "",
                    "resource_version": "",
                    "self_link": "",
                    "uid": ""
                  }
                ],
                "spec": [
                  {
                    "container_concurrency": 80,
                    "containers": [
                      {
                        "args": [],
                        "command": [],
                        "env": [],
                        "env_from": [],
                        "image": "us-docker.pkg.dev/cloudrun/container/hello",
                        "ports": [
                          {
                            "container_port": 8080,
                            "name": "http1",
                            "protocol": ""
                          }
                        ],
                        "resources": [
                          {
                            "limits": {
                              "cpu": "1000m",
                              "memory": "512Mi"
                            },
                            "requests": {}
                          }
                        ],
                        "volume_mounts": [],
                        "working_dir": ""
                      }
                    ],
                    "service_account_name": "my-hello-service-dev-sa@my-hello-service-dev.iam.gserviceaccount.com",
                    "serving_state": "",
                    "timeout_seconds": 300,
                    "volumes": []
                  }
                ]
              }
            ],
            "timeouts": null,
            "traffic": [
              {
                "latest_revision": true,
                "percent": 100,
                "revision_name": "",
                "tag": "",
                "url": ""
              }
            ]
          },
          "sensitive_attributes": [],
          "private": "eyJlMmJmYjczMC1lY2FhLTExZTYtOGY4OC0zNDM2M2JjN2M0YzAiOnsiY3JlYXRlIjoxMjAwMDAwMDAwMDAwLCJkZWxldGUiOjEyMDAwMDAwMDAwMDAsInVwZGF0ZSI6MTIwMDAwMDAwMDAwMH0sInNjaGVtYV92ZXJzaW9uIjoiMSJ9",
          "dependencies": [
            "module.cloudrun_cicd.module.dev_environment.google_project.project",
            "module.cloudrun_cicd.module.dev_environment.google_project_service.default",
            "module.cloudrun_cicd.module.dev_environment.google_service_account.cloudrun_service_account"
          ]
        }
      ]
    },
    {
      "module": "module.cloudrun_cicd.module.dev_environment",
      "mode": "managed",
      "type": "google_cloud_run_service_iam_member",
      "name": "developer",
      "provider": "provider[\"registry.terraform.io/hashicorp/google\"]",
      "instances": [
        {
          "schema_version": 0,
          "attributes": {
            "condition": [],
            "etag": "BwX13aowyAs=",
            "id": "v1/projects/my-hello-service-dev/locations/us-west1/services/my-hello-service/roles/run.developer/serviceAccount:my-hello-service-5099-ci-sa@my-hello-service-admin.iam.gserviceaccount.com",
            "location": "us-west1",
            "member": "serviceAccount:my-hello-service-5099-ci-sa@my-hello-service-admin.iam.gserviceaccount.com",
            "project": "my-hello-service-dev",
            "role": "roles/run.developer",
            "service": "v1/projects/my-hello-service-dev/locations/us-west1/services/my-hello-service"
          },
          "sensitive_attributes": [],
          "private": "bnVsbA==",
          "dependencies": [
            "module.cloudrun_cicd.google_project.admin_project",
            "module.cloudrun_cicd.google_project_service.admin_enabled_services",
            "module.cloudrun_cicd.module.dev_environment.google_cloud_run_service.default",
            "module.cloudrun_cicd.module.dev_environment.google_project.project",
            "module.cloudrun_cicd.module.dev_environment.google_project_service.default",
            "module.cloudrun_cicd.module.dev_environment.google_service_account.cloudrun_service_account",
            "module.cloudrun_cicd.module.github_ci_access_config.google_service_account.ci_service_account",
            "module.cloudrun_cicd.module.github_ci_access_config.random_id.default"
          ]
        }
      ]
    },
    {
      "module": "module.cloudrun_cicd.module.dev_environment",
      "mode": "managed",
      "type": "google_project",
      "name": "project",
      "provider": "provider[\"registry.terraform.io/hashicorp/google\"]",
      "instances": [
        {
          "schema_version": 1,
          "attributes": {
            "auto_create_network": true,
            "billing_account": "009DE6-A7C95A-2AEE97",
            "folder_id": "436745444848",
            "id": "projects/my-hello-service-dev",
            "labels": {},
            "name": "my-hello-service dev",
            "number": "883317242336",
            "org_id": "",
            "project_id": "my-hello-service-dev",
            "skip_delete": null,
            "timeouts": null
          },
          "sensitive_attributes": [],
          "private": "eyJlMmJmYjczMC1lY2FhLTExZTYtOGY4OC0zNDM2M2JjN2M0YzAiOnsiY3JlYXRlIjo2MDAwMDAwMDAwMDAsImRlbGV0ZSI6NjAwMDAwMDAwMDAwLCJyZWFkIjo2MDAwMDAwMDAwMDAsInVwZGF0ZSI6NjAwMDAwMDAwMDAwfSwic2NoZW1hX3ZlcnNpb24iOiIxIn0="
        }
      ]
    },
    {
      "module": "module.cloudrun_cicd.module.dev_environment",
      "mode": "managed",
      "type": "google_project_service",
      "name": "default",
      "provider": "provider[\"registry.terraform.io/hashicorp/google\"]",
      "instances": [
        {
          "index_key": "iam.googleapis.com",
          "schema_version": 0,
          "attributes": {
            "disable_dependent_services": null,
            "disable_on_destroy": true,
            "id": "my-hello-service-dev/iam.googleapis.com",
            "project": "my-hello-service-dev",
            "service": "iam.googleapis.com",
            "timeouts": null
          },
          "sensitive_attributes": [],
          "private": "eyJlMmJmYjczMC1lY2FhLTExZTYtOGY4OC0zNDM2M2JjN2M0YzAiOnsiY3JlYXRlIjoxMjAwMDAwMDAwMDAwLCJkZWxldGUiOjEyMDAwMDAwMDAwMDAsInJlYWQiOjYwMDAwMDAwMDAwMCwidXBkYXRlIjoxMjAwMDAwMDAwMDAwfX0=",
          "dependencies": [
            "module.cloudrun_cicd.module.dev_environment.google_project.project"
          ]
        },
        {
          "index_key": "run.googleapis.com",
          "schema_version": 0,
          "attributes": {
            "disable_dependent_services": null,
            "disable_on_destroy": true,
            "id": "my-hello-service-dev/run.googleapis.com",
            "project": "my-hello-service-dev",
            "service": "run.googleapis.com",
            "timeouts": null
          },
          "sensitive_attributes": [],
          "private": "eyJlMmJmYjczMC1lY2FhLTExZTYtOGY4OC0zNDM2M2JjN2M0YzAiOnsiY3JlYXRlIjoxMjAwMDAwMDAwMDAwLCJkZWxldGUiOjEyMDAwMDAwMDAwMDAsInJlYWQiOjYwMDAwMDAwMDAwMCwidXBkYXRlIjoxMjAwMDAwMDAwMDAwfX0=",
          "dependencies": [
            "module.cloudrun_cicd.module.dev_environment.google_project.project"
          ]
        }
      ]
    },
    {
      "module": "module.cloudrun_cicd.module.dev_environment",
      "mode": "managed",
      "type": "google_service_account",
      "name": "cloudrun_service_account",
      "provider": "provider[\"registry.terraform.io/hashicorp/google\"]",
      "instances": [
        {
          "schema_version": 0,
          "attributes": {
            "account_id": "my-hello-service-dev-sa",
            "description": "",
            "disabled": false,
            "display_name": "my-hello-service dev SA",
            "email": "my-hello-service-dev-sa@my-hello-service-dev.iam.gserviceaccount.com",
            "id": "projects/my-hello-service-dev/serviceAccounts/my-hello-service-dev-sa@my-hello-service-dev.iam.gserviceaccount.com",
            "member": "serviceAccount:my-hello-service-dev-sa@my-hello-service-dev.iam.gserviceaccount.com",
            "name": "projects/my-hello-service-dev/serviceAccounts/my-hello-service-dev-sa@my-hello-service-dev.iam.gserviceaccount.com",
            "project": "my-hello-service-dev",
            "timeouts": null,
            "unique_id": "105217191738542926237"
          },
          "sensitive_attributes": [],
          "private": "eyJlMmJmYjczMC1lY2FhLTExZTYtOGY4OC0zNDM2M2JjN2M0YzAiOnsiY3JlYXRlIjozMDAwMDAwMDAwMDB9fQ==",
          "dependencies": [
            "module.cloudrun_cicd.module.dev_environment.google_project.project",
            "module.cloudrun_cicd.module.dev_environment.google_project_service.default"
          ]
        }
      ]
    },
    {
      "module": "module.cloudrun_cicd.module.dev_environment",
      "mode": "managed",
      "type": "google_service_account_iam_member",
      "name": "impersonate",
      "provider": "provider[\"registry.terraform.io/hashicorp/google\"]",
      "instances": [
        {
          "schema_version": 0,
          "attributes": {
            "condition": [],
            "etag": "BwX13aVGWjk=",
            "id": "projects/my-hello-service-dev/serviceAccounts/my-hello-service-dev-sa@my-hello-service-dev.iam.gserviceaccount.com/roles/iam.serviceAccountUser/serviceAccount:my-hello-service-5099-ci-sa@my-hello-service-admin.iam.gserviceaccount.com",
            "member": "serviceAccount:my-hello-service-5099-ci-sa@my-hello-service-admin.iam.gserviceaccount.com",
            "role": "roles/iam.serviceAccountUser",
            "service_account_id": "projects/my-hello-service-dev/serviceAccounts/my-hello-service-dev-sa@my-hello-service-dev.iam.gserviceaccount.com"
          },
          "sensitive_attributes": [],
          "private": "bnVsbA==",
          "dependencies": [
            "module.cloudrun_cicd.google_project.admin_project",
            "module.cloudrun_cicd.google_project_service.admin_enabled_services",
            "module.cloudrun_cicd.module.dev_environment.google_project.project",
            "module.cloudrun_cicd.module.dev_environment.google_project_service.default",
            "module.cloudrun_cicd.module.dev_environment.google_service_account.cloudrun_service_account",
            "module.cloudrun_cicd.module.github_ci_access_config.google_service_account.ci_service_account",
            "module.cloudrun_cicd.module.github_ci_access_config.random_id.default"
          ]
        }
      ]
    },
    {
      "module": "module.cloudrun_cicd.module.env[\"staging\"]",
      "mode": "managed",
      "type": "github_actions_environment_secret",
      "name": "cloudrun_project_id_secret",
      "provider": "provider[\"registry.terraform.io/integrations/github\"]",
      "instances": [
        {
          "schema_version": 0,
          "attributes": {
            "created_at": "2023-03-01 21:45:58 +0000 UTC",
            "encrypted_value": "",
            "environment": "staging",
            "id": "gh-rollout:staging:cloudrun_project_id",
            "plaintext_value": "my-hello-service-staging",
            "repository": "gh-rollout",
            "secret_name": "cloudrun_project_id",
            "updated_at": "2023-03-01 21:45:58 +0000 UTC"
          },
          "sensitive_attributes": [],
          "private": "bnVsbA=="
        }
      ]
    },
    {
      "module": "module.cloudrun_cicd.module.env[\"staging\"]",
      "mode": "managed",
      "type": "github_actions_environment_secret",
      "name": "cloudrun_region_secret",
      "provider": "provider[\"registry.terraform.io/integrations/github\"]",
      "instances": [
        {
          "schema_version": 0,
          "attributes": {
            "created_at": "2023-03-01 02:49:11 +0000 UTC",
            "encrypted_value": "",
            "environment": "staging",
            "id": "gh-rollout:staging:cloudrun_region",
            "plaintext_value": "us-west1",
            "repository": "gh-rollout",
            "secret_name": "cloudrun_region",
            "updated_at": "2023-03-01 02:49:11 +0000 UTC"
          },
          "sensitive_attributes": [],
          "private": "bnVsbA=="
        }
      ]
    },
    {
      "module": "module.cloudrun_cicd.module.env[\"staging\"]",
      "mode": "managed",
      "type": "github_actions_environment_secret",
      "name": "cloudrun_service_secret",
      "provider": "provider[\"registry.terraform.io/integrations/github\"]",
      "instances": [
        {
          "schema_version": 0,
          "attributes": {
            "created_at": "2023-03-01 21:47:56 +0000 UTC",
            "encrypted_value": "",
            "environment": "staging",
            "id": "gh-rollout:staging:cloudrun_service",
            "plaintext_value": "my-hello-service",
            "repository": "gh-rollout",
            "secret_name": "cloudrun_service",
            "updated_at": "2023-03-01 21:47:56 +0000 UTC"
          },
          "sensitive_attributes": [],
          "private": "bnVsbA=="
        }
      ]
    },
    {
      "module": "module.cloudrun_cicd.module.env[\"staging\"]",
      "mode": "managed",
      "type": "github_repository_environment",
      "name": "default",
      "provider": "provider[\"registry.terraform.io/integrations/github\"]",
      "instances": [
        {
          "schema_version": 0,
          "attributes": {
            "deployment_branch_policy": [],
            "environment": "staging",
            "id": "gh-rollout:staging",
            "repository": "gh-rollout",
            "reviewers": [
              {
                "teams": null,
                "users": null
              }
            ],
            "wait_timer": null
          },
          "sensitive_attributes": [],
          "private": "bnVsbA=="
        }
      ]
    },
    {
      "module": "module.cloudrun_cicd.module.env[\"staging\"]",
      "mode": "managed",
      "type": "google_artifact_registry_repository_iam_member",
      "name": "cloudrun_sa_gar_reader",
      "provider": "provider[\"registry.terraform.io/hashicorp/google\"]",
      "instances": [
        {
          "schema_version": 0,
          "attributes": {
            "condition": [],
            "etag": "BwX13cDodBg=",
            "id": "projects/my-hello-service-admin/locations/us-west1/repositories/my-hello-service/roles/artifactregistry.reader/serviceAccount:service-476197200977@serverless-robot-prod.iam.gserviceaccount.com",
            "location": "us-west1",
            "member": "serviceAccount:service-476197200977@serverless-robot-prod.iam.gserviceaccount.com",
            "project": "my-hello-service-admin",
            "repository": "projects/my-hello-service-admin/locations/us-west1/repositories/my-hello-service",
            "role": "roles/artifactregistry.reader"
          },
          "sensitive_attributes": [],
          "private": "bnVsbA=="
        }
      ]
    },
    {
      "module": "module.cloudrun_cicd.module.env[\"staging\"]",
      "mode": "managed",
      "type": "google_cloud_run_service",
      "name": "default",
      "provider": "provider[\"registry.terraform.io/hashicorp/google\"]",
      "instances": [
        {
          "schema_version": 1,
          "attributes": {
            "autogenerate_revision_name": false,
            "id": "locations/us-west1/namespaces/my-hello-service-staging/services/my-hello-service",
            "location": "us-west1",
            "metadata": [
              {
                "annotations": {
                  "run.googleapis.com/ingress": "all",
                  "run.googleapis.com/ingress-status": "all",
                  "run.googleapis.com/operation-id": "630dc01f-2dc6-4830-928c-e1e5195de4fa",
                  "serving.knative.dev/creator": "revell@google.com",
                  "serving.knative.dev/lastModifier": "revell@google.com"
                },
                "generation": 1,
                "labels": {
                  "cloud.googleapis.com/location": "us-west1"
                },
                "namespace": "my-hello-service-staging",
                "resource_version": "AAX13aoPZJs",
                "self_link": "/apis/serving.knative.dev/v1/namespaces/476197200977/services/my-hello-service",
                "uid": "4253d786-8389-4cbc-8162-202943456dcc"
              }
            ],
            "name": "my-hello-service",
            "project": "my-hello-service-staging",
            "status": [
              {
                "conditions": [
                  {
                    "message": "",
                    "reason": "",
                    "status": "True",
                    "type": "Ready"
                  },
                  {
                    "message": "",
                    "reason": "",
                    "status": "True",
                    "type": "ConfigurationsReady"
                  },
                  {
                    "message": "",
                    "reason": "",
                    "status": "True",
                    "type": "RoutesReady"
                  }
                ],
                "latest_created_revision_name": "my-hello-service-t8vqs",
                "latest_ready_revision_name": "my-hello-service-t8vqs",
                "observed_generation": 1,
                "url": "https://my-hello-service-ggdm3a3jqq-uw.a.run.app"
              }
            ],
            "template": [
              {
                "metadata": [
                  {
                    "annotations": {
                      "autoscaling.knative.dev/maxScale": "100"
                    },
                    "generation": 0,
                    "labels": {},
                    "name": "",
                    "namespace": "",
                    "resource_version": "",
                    "self_link": "",
                    "uid": ""
                  }
                ],
                "spec": [
                  {
                    "container_concurrency": 80,
                    "containers": [
                      {
                        "args": [],
                        "command": [],
                        "env": [],
                        "env_from": [],
                        "image": "us-docker.pkg.dev/cloudrun/container/hello",
                        "ports": [
                          {
                            "container_port": 8080,
                            "name": "http1",
                            "protocol": ""
                          }
                        ],
                        "resources": [
                          {
                            "limits": {
                              "cpu": "1000m",
                              "memory": "512Mi"
                            },
                            "requests": {}
                          }
                        ],
                        "volume_mounts": [],
                        "working_dir": ""
                      }
                    ],
                    "service_account_name": "my-hello-service-staging-sa@my-hello-service-staging.iam.gserviceaccount.com",
                    "serving_state": "",
                    "timeout_seconds": 300,
                    "volumes": []
                  }
                ]
              }
            ],
            "timeouts": null,
            "traffic": [
              {
                "latest_revision": true,
                "percent": 100,
                "revision_name": "",
                "tag": "",
                "url": ""
              }
            ]
          },
          "sensitive_attributes": [],
          "private": "eyJlMmJmYjczMC1lY2FhLTExZTYtOGY4OC0zNDM2M2JjN2M0YzAiOnsiY3JlYXRlIjoxMjAwMDAwMDAwMDAwLCJkZWxldGUiOjEyMDAwMDAwMDAwMDAsInVwZGF0ZSI6MTIwMDAwMDAwMDAwMH0sInNjaGVtYV92ZXJzaW9uIjoiMSJ9"
        }
      ]
    },
    {
      "module": "module.cloudrun_cicd.module.env[\"staging\"]",
      "mode": "managed",
      "type": "google_cloud_run_service_iam_member",
      "name": "developer",
      "provider": "provider[\"registry.terraform.io/hashicorp/google\"]",
      "instances": [
        {
          "schema_version": 0,
          "attributes": {
            "condition": [],
            "etag": "BwX13aotqW4=",
            "id": "v1/projects/my-hello-service-staging/locations/us-west1/services/my-hello-service/roles/run.developer/serviceAccount:my-hello-service-5099-ci-sa@my-hello-service-admin.iam.gserviceaccount.com",
            "location": "us-west1",
            "member": "serviceAccount:my-hello-service-5099-ci-sa@my-hello-service-admin.iam.gserviceaccount.com",
            "project": "my-hello-service-staging",
            "role": "roles/run.developer",
            "service": "v1/projects/my-hello-service-staging/locations/us-west1/services/my-hello-service"
          },
          "sensitive_attributes": [],
          "private": "bnVsbA=="
        }
      ]
    },
    {
      "module": "module.cloudrun_cicd.module.env[\"staging\"]",
      "mode": "managed",
      "type": "google_project",
      "name": "project",
      "provider": "provider[\"registry.terraform.io/hashicorp/google\"]",
      "instances": [
        {
          "schema_version": 1,
          "attributes": {
            "auto_create_network": true,
            "billing_account": "009DE6-A7C95A-2AEE97",
            "folder_id": "436745444848",
            "id": "projects/my-hello-service-staging",
            "labels": {},
            "name": "my-hello-service staging",
            "number": "476197200977",
            "org_id": "",
            "project_id": "my-hello-service-staging",
            "skip_delete": null,
            "timeouts": null
          },
          "sensitive_attributes": [],
          "private": "eyJlMmJmYjczMC1lY2FhLTExZTYtOGY4OC0zNDM2M2JjN2M0YzAiOnsiY3JlYXRlIjo2MDAwMDAwMDAwMDAsImRlbGV0ZSI6NjAwMDAwMDAwMDAwLCJyZWFkIjo2MDAwMDAwMDAwMDAsInVwZGF0ZSI6NjAwMDAwMDAwMDAwfSwic2NoZW1hX3ZlcnNpb24iOiIxIn0="
        }
      ]
    },
    {
      "module": "module.cloudrun_cicd.module.env[\"staging\"]",
      "mode": "managed",
      "type": "google_project_service",
      "name": "default",
      "provider": "provider[\"registry.terraform.io/hashicorp/google\"]",
      "instances": [
        {
          "index_key": "iam.googleapis.com",
          "schema_version": 0,
          "attributes": {
            "disable_dependent_services": null,
            "disable_on_destroy": true,
            "id": "my-hello-service-staging/iam.googleapis.com",
            "project": "my-hello-service-staging",
            "service": "iam.googleapis.com",
            "timeouts": null
          },
          "sensitive_attributes": [],
          "private": "eyJlMmJmYjczMC1lY2FhLTExZTYtOGY4OC0zNDM2M2JjN2M0YzAiOnsiY3JlYXRlIjoxMjAwMDAwMDAwMDAwLCJkZWxldGUiOjEyMDAwMDAwMDAwMDAsInJlYWQiOjYwMDAwMDAwMDAwMCwidXBkYXRlIjoxMjAwMDAwMDAwMDAwfX0="
        },
        {
          "index_key": "run.googleapis.com",
          "schema_version": 0,
          "attributes": {
            "disable_dependent_services": null,
            "disable_on_destroy": true,
            "id": "my-hello-service-staging/run.googleapis.com",
            "project": "my-hello-service-staging",
            "service": "run.googleapis.com",
            "timeouts": null
          },
          "sensitive_attributes": [],
          "private": "eyJlMmJmYjczMC1lY2FhLTExZTYtOGY4OC0zNDM2M2JjN2M0YzAiOnsiY3JlYXRlIjoxMjAwMDAwMDAwMDAwLCJkZWxldGUiOjEyMDAwMDAwMDAwMDAsInJlYWQiOjYwMDAwMDAwMDAwMCwidXBkYXRlIjoxMjAwMDAwMDAwMDAwfX0="
        }
      ]
    },
    {
      "module": "module.cloudrun_cicd.module.env[\"staging\"]",
      "mode": "managed",
      "type": "google_service_account",
      "name": "cloudrun_service_account",
      "provider": "provider[\"registry.terraform.io/hashicorp/google\"]",
      "instances": [
        {
          "schema_version": 0,
          "attributes": {
            "account_id": "my-hello-service-staging-sa",
            "description": "",
            "disabled": false,
            "display_name": "my-hello-service staging SA",
            "email": "my-hello-service-staging-sa@my-hello-service-staging.iam.gserviceaccount.com",
            "id": "projects/my-hello-service-staging/serviceAccounts/my-hello-service-staging-sa@my-hello-service-staging.iam.gserviceaccount.com",
            "member": "serviceAccount:my-hello-service-staging-sa@my-hello-service-staging.iam.gserviceaccount.com",
            "name": "projects/my-hello-service-staging/serviceAccounts/my-hello-service-staging-sa@my-hello-service-staging.iam.gserviceaccount.com",
            "project": "my-hello-service-staging",
            "timeouts": null,
            "unique_id": "103162630012231820701"
          },
          "sensitive_attributes": [],
          "private": "eyJlMmJmYjczMC1lY2FhLTExZTYtOGY4OC0zNDM2M2JjN2M0YzAiOnsiY3JlYXRlIjozMDAwMDAwMDAwMDB9fQ=="
        }
      ]
    },
    {
      "module": "module.cloudrun_cicd.module.env[\"staging\"]",
      "mode": "managed",
      "type": "google_service_account_iam_member",
      "name": "impersonate",
      "provider": "provider[\"registry.terraform.io/hashicorp/google\"]",
      "instances": [
        {
          "schema_version": 0,
          "attributes": {
            "condition": [],
            "etag": "BwX13aSZec0=",
            "id": "projects/my-hello-service-staging/serviceAccounts/my-hello-service-staging-sa@my-hello-service-staging.iam.gserviceaccount.com/roles/iam.serviceAccountUser/serviceAccount:my-hello-service-5099-ci-sa@my-hello-service-admin.iam.gserviceaccount.com",
            "member": "serviceAccount:my-hello-service-5099-ci-sa@my-hello-service-admin.iam.gserviceaccount.com",
            "role": "roles/iam.serviceAccountUser",
            "service_account_id": "projects/my-hello-service-staging/serviceAccounts/my-hello-service-staging-sa@my-hello-service-staging.iam.gserviceaccount.com"
          },
          "sensitive_attributes": [],
          "private": "bnVsbA=="
        }
      ]
    },
    {
      "module": "module.cloudrun_cicd.module.github_ci_access_config",
      "mode": "managed",
      "type": "google_artifact_registry_repository",
      "name": "artifact_repository",
      "provider": "provider[\"registry.terraform.io/hashicorp/google\"]",
      "instances": [
        {
          "schema_version": 0,
          "attributes": {
            "create_time": "2023-03-01T02:51:08.592646Z",
            "description": "Container registry for docker images.",
            "format": "DOCKER",
            "id": "projects/my-hello-service-admin/locations/us-west1/repositories/my-hello-service",
            "kms_key_name": "",
            "labels": {},
            "location": "us-west1",
            "maven_config": [],
            "name": "my-hello-service",
            "project": "my-hello-service-admin",
            "repository_id": "my-hello-service",
            "timeouts": null,
            "update_time": "2023-03-01T02:51:08.592646Z"
          },
          "sensitive_attributes": [],
          "private": "eyJlMmJmYjczMC1lY2FhLTExZTYtOGY4OC0zNDM2M2JjN2M0YzAiOnsiY3JlYXRlIjoxMjAwMDAwMDAwMDAwLCJkZWxldGUiOjEyMDAwMDAwMDAwMDAsInVwZGF0ZSI6MTIwMDAwMDAwMDAwMH19",
          "dependencies": [
            "module.cloudrun_cicd.google_project.admin_project",
            "module.cloudrun_cicd.google_project_service.admin_enabled_services",
            "module.cloudrun_cicd.module.github_ci_access_config.google_project_service.services"
          ]
        }
      ]
    },
    {
      "module": "module.cloudrun_cicd.module.github_ci_access_config",
      "mode": "managed",
      "type": "google_artifact_registry_repository_iam_binding",
      "name": "ci_service_account_iam",
      "provider": "provider[\"registry.terraform.io/hashicorp/google\"]",
      "instances": [
        {
          "schema_version": 0,
          "attributes": {
            "condition": [],
            "etag": "BwX1zcjkTfM=",
            "id": "projects/my-hello-service-admin/locations/us-west1/repositories/my-hello-service/roles/artifactregistry.repoAdmin",
            "location": "us-west1",
            "members": [
              "serviceAccount:my-hello-service-5099-ci-sa@my-hello-service-admin.iam.gserviceaccount.com"
            ],
            "project": "my-hello-service-admin",
            "repository": "projects/my-hello-service-admin/locations/us-west1/repositories/my-hello-service",
            "role": "roles/artifactregistry.repoAdmin"
          },
          "sensitive_attributes": [],
          "private": "bnVsbA==",
          "dependencies": [
            "module.cloudrun_cicd.google_project.admin_project",
            "module.cloudrun_cicd.google_project_service.admin_enabled_services",
            "module.cloudrun_cicd.module.github_ci_access_config.google_artifact_registry_repository.artifact_repository",
            "module.cloudrun_cicd.module.github_ci_access_config.google_project_service.services",
            "module.cloudrun_cicd.module.github_ci_access_config.google_service_account.ci_service_account",
            "module.cloudrun_cicd.module.github_ci_access_config.random_id.default"
          ]
        }
      ]
    },
    {
      "module": "module.cloudrun_cicd.module.github_ci_access_config",
      "mode": "managed",
      "type": "google_iam_workload_identity_pool",
      "name": "github_pool",
      "provider": "provider[\"registry.terraform.io/hashicorp/google\"]",
      "instances": [
        {
          "schema_version": 0,
          "attributes": {
            "description": "Identity pool for CI environment",
            "disabled": false,
            "display_name": "GitHub WIF Pool",
            "id": "projects/my-hello-service-admin/locations/global/workloadIdentityPools/github-pool-5099",
            "name": "projects/612840330496/locations/global/workloadIdentityPools/github-pool-5099",
            "project": "my-hello-service-admin",
            "state": "ACTIVE",
            "timeouts": null,
            "workload_identity_pool_id": "github-pool-5099"
          },
          "sensitive_attributes": [],
          "private": "eyJlMmJmYjczMC1lY2FhLTExZTYtOGY4OC0zNDM2M2JjN2M0YzAiOnsiY3JlYXRlIjoxMjAwMDAwMDAwMDAwLCJkZWxldGUiOjEyMDAwMDAwMDAwMDAsInVwZGF0ZSI6MTIwMDAwMDAwMDAwMH19",
          "dependencies": [
            "module.cloudrun_cicd.google_project.admin_project",
            "module.cloudrun_cicd.google_project_service.admin_enabled_services",
            "module.cloudrun_cicd.module.github_ci_access_config.google_project_service.services",
            "module.cloudrun_cicd.module.github_ci_access_config.random_id.default"
          ]
        }
      ]
    },
    {
      "module": "module.cloudrun_cicd.module.github_ci_access_config",
      "mode": "managed",
      "type": "google_iam_workload_identity_pool_provider",
      "name": "github_provider",
      "provider": "provider[\"registry.terraform.io/hashicorp/google\"]",
      "instances": [
        {
          "schema_version": 0,
          "attributes": {
            "attribute_condition": "attribute.event_name != \"pull_request_target\" \u0026\u0026 attribute.repository_owner_id == \"168090\" \u0026\u0026 attribute.repository_id == \"594214686\"",
            "attribute_mapping": {
              "attribute.actor": "assertion.actor",
              "attribute.aud": "assertion.aud",
              "attribute.event_name": "assertion.event_name",
              "attribute.repository": "assertion.repository",
              "attribute.repository_id": "assertion.repository_id",
              "attribute.repository_owner_id": "assertion.repository_owner_id",
              "attribute.workflow": "assertion.workflow",
              "google.subject": "assertion.sub"
            },
            "aws": [],
            "description": "GitHub OIDC identity provider for GitHub repo 594214686 CI environment",
            "disabled": false,
            "display_name": "GitHub WIF Provider",
            "id": "projects/my-hello-service-admin/locations/global/workloadIdentityPools/github-pool-5099/providers/github-provider",
            "name": "projects/612840330496/locations/global/workloadIdentityPools/github-pool-5099/providers/github-provider",
            "oidc": [
              {
                "allowed_audiences": [],
                "issuer_uri": "https://token.actions.githubusercontent.com"
              }
            ],
            "project": "my-hello-service-admin",
            "state": "ACTIVE",
            "timeouts": null,
            "workload_identity_pool_id": "github-pool-5099",
            "workload_identity_pool_provider_id": "github-provider"
          },
          "sensitive_attributes": [],
          "private": "eyJlMmJmYjczMC1lY2FhLTExZTYtOGY4OC0zNDM2M2JjN2M0YzAiOnsiY3JlYXRlIjoxMjAwMDAwMDAwMDAwLCJkZWxldGUiOjEyMDAwMDAwMDAwMDAsInVwZGF0ZSI6MTIwMDAwMDAwMDAwMH19",
          "dependencies": [
            "module.cloudrun_cicd.google_project.admin_project",
            "module.cloudrun_cicd.google_project_service.admin_enabled_services",
            "module.cloudrun_cicd.module.github_ci_access_config.google_iam_workload_identity_pool.github_pool",
            "module.cloudrun_cicd.module.github_ci_access_config.google_project_service.services",
            "module.cloudrun_cicd.module.github_ci_access_config.random_id.default"
          ]
        }
      ]
    },
    {
      "module": "module.cloudrun_cicd.module.github_ci_access_config",
      "mode": "managed",
      "type": "google_project_service",
      "name": "services",
      "provider": "provider[\"registry.terraform.io/hashicorp/google\"]",
      "instances": [
        {
          "index_key": "artifactregistry.googleapis.com",
          "schema_version": 0,
          "attributes": {
            "disable_dependent_services": false,
            "disable_on_destroy": false,
            "id": "my-hello-service-admin/artifactregistry.googleapis.com",
            "project": "my-hello-service-admin",
            "service": "artifactregistry.googleapis.com",
            "timeouts": null
          },
          "sensitive_attributes": [],
          "private": "eyJlMmJmYjczMC1lY2FhLTExZTYtOGY4OC0zNDM2M2JjN2M0YzAiOnsiY3JlYXRlIjoxMjAwMDAwMDAwMDAwLCJkZWxldGUiOjEyMDAwMDAwMDAwMDAsInJlYWQiOjYwMDAwMDAwMDAwMCwidXBkYXRlIjoxMjAwMDAwMDAwMDAwfX0=",
          "dependencies": [
            "module.cloudrun_cicd.google_project.admin_project",
            "module.cloudrun_cicd.google_project_service.admin_enabled_services"
          ]
        },
        {
          "index_key": "cloudresourcemanager.googleapis.com",
          "schema_version": 0,
          "attributes": {
            "disable_dependent_services": false,
            "disable_on_destroy": false,
            "id": "my-hello-service-admin/cloudresourcemanager.googleapis.com",
            "project": "my-hello-service-admin",
            "service": "cloudresourcemanager.googleapis.com",
            "timeouts": null
          },
          "sensitive_attributes": [],
          "private": "eyJlMmJmYjczMC1lY2FhLTExZTYtOGY4OC0zNDM2M2JjN2M0YzAiOnsiY3JlYXRlIjoxMjAwMDAwMDAwMDAwLCJkZWxldGUiOjEyMDAwMDAwMDAwMDAsInJlYWQiOjYwMDAwMDAwMDAwMCwidXBkYXRlIjoxMjAwMDAwMDAwMDAwfX0=",
          "dependencies": [
            "module.cloudrun_cicd.google_project.admin_project",
            "module.cloudrun_cicd.google_project_service.admin_enabled_services"
          ]
        },
        {
          "index_key": "iam.googleapis.com",
          "schema_version": 0,
          "attributes": {
            "disable_dependent_services": false,
            "disable_on_destroy": false,
            "id": "my-hello-service-admin/iam.googleapis.com",
            "project": "my-hello-service-admin",
            "service": "iam.googleapis.com",
            "timeouts": null
          },
          "sensitive_attributes": [],
          "private": "eyJlMmJmYjczMC1lY2FhLTExZTYtOGY4OC0zNDM2M2JjN2M0YzAiOnsiY3JlYXRlIjoxMjAwMDAwMDAwMDAwLCJkZWxldGUiOjEyMDAwMDAwMDAwMDAsInJlYWQiOjYwMDAwMDAwMDAwMCwidXBkYXRlIjoxMjAwMDAwMDAwMDAwfX0=",
          "dependencies": [
            "module.cloudrun_cicd.google_project.admin_project",
            "module.cloudrun_cicd.google_project_service.admin_enabled_services"
          ]
        },
        {
          "index_key": "iamcredentials.googleapis.com",
          "schema_version": 0,
          "attributes": {
            "disable_dependent_services": false,
            "disable_on_destroy": false,
            "id": "my-hello-service-admin/iamcredentials.googleapis.com",
            "project": "my-hello-service-admin",
            "service": "iamcredentials.googleapis.com",
            "timeouts": null
          },
          "sensitive_attributes": [],
          "private": "eyJlMmJmYjczMC1lY2FhLTExZTYtOGY4OC0zNDM2M2JjN2M0YzAiOnsiY3JlYXRlIjoxMjAwMDAwMDAwMDAwLCJkZWxldGUiOjEyMDAwMDAwMDAwMDAsInJlYWQiOjYwMDAwMDAwMDAwMCwidXBkYXRlIjoxMjAwMDAwMDAwMDAwfX0=",
          "dependencies": [
            "module.cloudrun_cicd.google_project.admin_project",
            "module.cloudrun_cicd.google_project_service.admin_enabled_services"
          ]
        },
        {
          "index_key": "serviceusage.googleapis.com",
          "schema_version": 0,
          "attributes": {
            "disable_dependent_services": false,
            "disable_on_destroy": false,
            "id": "my-hello-service-admin/serviceusage.googleapis.com",
            "project": "my-hello-service-admin",
            "service": "serviceusage.googleapis.com",
            "timeouts": null
          },
          "sensitive_attributes": [],
          "private": "eyJlMmJmYjczMC1lY2FhLTExZTYtOGY4OC0zNDM2M2JjN2M0YzAiOnsiY3JlYXRlIjoxMjAwMDAwMDAwMDAwLCJkZWxldGUiOjEyMDAwMDAwMDAwMDAsInJlYWQiOjYwMDAwMDAwMDAwMCwidXBkYXRlIjoxMjAwMDAwMDAwMDAwfX0=",
          "dependencies": [
            "module.cloudrun_cicd.google_project.admin_project",
            "module.cloudrun_cicd.google_project_service.admin_enabled_services"
          ]
        },
        {
          "index_key": "sts.googleapis.com",
          "schema_version": 0,
          "attributes": {
            "disable_dependent_services": false,
            "disable_on_destroy": false,
            "id": "my-hello-service-admin/sts.googleapis.com",
            "project": "my-hello-service-admin",
            "service": "sts.googleapis.com",
            "timeouts": null
          },
          "sensitive_attributes": [],
          "private": "eyJlMmJmYjczMC1lY2FhLTExZTYtOGY4OC0zNDM2M2JjN2M0YzAiOnsiY3JlYXRlIjoxMjAwMDAwMDAwMDAwLCJkZWxldGUiOjEyMDAwMDAwMDAwMDAsInJlYWQiOjYwMDAwMDAwMDAwMCwidXBkYXRlIjoxMjAwMDAwMDAwMDAwfX0=",
          "dependencies": [
            "module.cloudrun_cicd.google_project.admin_project",
            "module.cloudrun_cicd.google_project_service.admin_enabled_services"
          ]
        }
      ]
    },
    {
      "module": "module.cloudrun_cicd.module.github_ci_access_config",
      "mode": "managed",
      "type": "google_service_account",
      "name": "ci_service_account",
      "provider": "provider[\"registry.terraform.io/hashicorp/google\"]",
      "instances": [
        {
          "schema_version": 0,
          "attributes": {
            "account_id": "my-hello-service-5099-ci-sa",
            "description": "",
            "disabled": false,
            "display_name": "my-hello-service CI Service Account",
            "email": "my-hello-service-5099-ci-sa@my-hello-service-admin.iam.gserviceaccount.com",
            "id": "projects/my-hello-service-admin/serviceAccounts/my-hello-service-5099-ci-sa@my-hello-service-admin.iam.gserviceaccount.com",
            "member": "serviceAccount:my-hello-service-5099-ci-sa@my-hello-service-admin.iam.gserviceaccount.com",
            "name": "projects/my-hello-service-admin/serviceAccounts/my-hello-service-5099-ci-sa@my-hello-service-admin.iam.gserviceaccount.com",
            "project": "my-hello-service-admin",
            "timeouts": null,
            "unique_id": "102426959892037504930"
          },
          "sensitive_attributes": [],
          "private": "eyJlMmJmYjczMC1lY2FhLTExZTYtOGY4OC0zNDM2M2JjN2M0YzAiOnsiY3JlYXRlIjozMDAwMDAwMDAwMDB9fQ==",
          "dependencies": [
            "module.cloudrun_cicd.google_project.admin_project",
            "module.cloudrun_cicd.google_project_service.admin_enabled_services",
            "module.cloudrun_cicd.module.github_ci_access_config.random_id.default"
          ]
        }
      ]
    },
    {
      "module": "module.cloudrun_cicd.module.github_ci_access_config",
      "mode": "managed",
      "type": "google_service_account_iam_member",
      "name": "wif_github_iam",
      "provider": "provider[\"registry.terraform.io/hashicorp/google\"]",
      "instances": [
        {
          "schema_version": 0,
          "attributes": {
            "condition": [],
            "etag": "BwX1zcjjJNc=",
            "id": "projects/my-hello-service-admin/serviceAccounts/my-hello-service-5099-ci-sa@my-hello-service-admin.iam.gserviceaccount.com/roles/iam.workloadIdentityUser/principalSet://iam.googleapis.com/projects/612840330496/locations/global/workloadIdentityPools/github-pool-5099/*",
            "member": "principalSet://iam.googleapis.com/projects/612840330496/locations/global/workloadIdentityPools/github-pool-5099/*",
            "role": "roles/iam.workloadIdentityUser",
            "service_account_id": "projects/my-hello-service-admin/serviceAccounts/my-hello-service-5099-ci-sa@my-hello-service-admin.iam.gserviceaccount.com"
          },
          "sensitive_attributes": [],
          "private": "bnVsbA==",
          "dependencies": [
            "module.cloudrun_cicd.google_project.admin_project",
            "module.cloudrun_cicd.google_project_service.admin_enabled_services",
            "module.cloudrun_cicd.module.github_ci_access_config.google_iam_workload_identity_pool.github_pool",
            "module.cloudrun_cicd.module.github_ci_access_config.google_project_service.services",
            "module.cloudrun_cicd.module.github_ci_access_config.google_service_account.ci_service_account",
            "module.cloudrun_cicd.module.github_ci_access_config.random_id.default"
          ]
        }
      ]
    },
    {
      "module": "module.cloudrun_cicd.module.github_ci_access_config",
      "mode": "managed",
      "type": "random_id",
      "name": "default",
      "provider": "provider[\"registry.terraform.io/hashicorp/random\"]",
      "instances": [
        {
          "schema_version": 0,
          "attributes": {
            "b64_std": "UJk=",
            "b64_url": "UJk",
            "byte_length": 2,
            "dec": "20633",
            "hex": "5099",
            "id": "UJk",
            "keepers": null,
            "prefix": null
          },
          "sensitive_attributes": [],
          "dependencies": [
            "module.cloudrun_cicd.google_project.admin_project",
            "module.cloudrun_cicd.google_project_service.admin_enabled_services"
          ]
        }
      ]
    },
    {
      "module": "module.cloudrun_cicd.module.prod_environment",
      "mode": "managed",
      "type": "github_actions_environment_secret",
      "name": "cloudrun_project_id_secret",
      "provider": "provider[\"registry.terraform.io/integrations/github\"]",
      "instances": [
        {
          "schema_version": 0,
          "attributes": {
            "created_at": "2023-03-01 21:46:01 +0000 UTC",
            "encrypted_value": "",
            "environment": "prod",
            "id": "gh-rollout:prod:cloudrun_project_id",
            "plaintext_value": "my-hello-service-prod",
            "repository": "gh-rollout",
            "secret_name": "cloudrun_project_id",
            "updated_at": "2023-03-01 21:46:01 +0000 UTC"
          },
          "sensitive_attributes": [],
          "private": "bnVsbA==",
          "dependencies": [
            "module.cloudrun_cicd.module.prod_environment.google_project.project"
          ]
        }
      ]
    },
    {
      "module": "module.cloudrun_cicd.module.prod_environment",
      "mode": "managed",
      "type": "github_actions_environment_secret",
      "name": "cloudrun_region_secret",
      "provider": "provider[\"registry.terraform.io/integrations/github\"]",
      "instances": [
        {
          "schema_version": 0,
          "attributes": {
            "created_at": "2023-03-01 02:49:10 +0000 UTC",
            "encrypted_value": "",
            "environment": "prod",
            "id": "gh-rollout:prod:cloudrun_region",
            "plaintext_value": "us-west1",
            "repository": "gh-rollout",
            "secret_name": "cloudrun_region",
            "updated_at": "2023-03-01 02:49:10 +0000 UTC"
          },
          "sensitive_attributes": [],
          "private": "bnVsbA=="
        }
      ]
    },
    {
      "module": "module.cloudrun_cicd.module.prod_environment",
      "mode": "managed",
      "type": "github_actions_environment_secret",
      "name": "cloudrun_service_secret",
      "provider": "provider[\"registry.terraform.io/integrations/github\"]",
      "instances": [
        {
          "schema_version": 0,
          "attributes": {
            "created_at": "2023-03-01 21:47:45 +0000 UTC",
            "encrypted_value": "",
            "environment": "prod",
            "id": "gh-rollout:prod:cloudrun_service",
            "plaintext_value": "my-hello-service",
            "repository": "gh-rollout",
            "secret_name": "cloudrun_service",
            "updated_at": "2023-03-01 21:47:45 +0000 UTC"
          },
          "sensitive_attributes": [],
          "private": "bnVsbA==",
          "dependencies": [
            "module.cloudrun_cicd.module.prod_environment.google_cloud_run_service.default",
            "module.cloudrun_cicd.module.prod_environment.google_project.project",
            "module.cloudrun_cicd.module.prod_environment.google_project_service.default",
            "module.cloudrun_cicd.module.prod_environment.google_service_account.cloudrun_service_account"
          ]
        }
      ]
    },
    {
      "module": "module.cloudrun_cicd.module.prod_environment",
      "mode": "managed",
      "type": "github_repository_environment",
      "name": "default",
      "provider": "provider[\"registry.terraform.io/integrations/github\"]",
      "instances": [
        {
          "schema_version": 0,
          "attributes": {
            "deployment_branch_policy": [],
            "environment": "prod",
            "id": "gh-rollout:prod",
            "repository": "gh-rollout",
            "reviewers": [
              {
                "teams": null,
                "users": null
              }
            ],
            "wait_timer": null
          },
          "sensitive_attributes": [],
          "private": "bnVsbA=="
        }
      ]
    },
    {
      "module": "module.cloudrun_cicd.module.prod_environment",
      "mode": "managed",
      "type": "google_artifact_registry_repository_iam_member",
      "name": "cloudrun_sa_gar_reader",
      "provider": "provider[\"registry.terraform.io/hashicorp/google\"]",
      "instances": [
        {
          "schema_version": 0,
          "attributes": {
            "condition": [],
            "etag": "BwX13cDodBg=",
            "id": "projects/my-hello-service-admin/locations/us-west1/repositories/my-hello-service/roles/artifactregistry.reader/serviceAccount:service-908015327166@serverless-robot-prod.iam.gserviceaccount.com",
            "location": "us-west1",
            "member": "serviceAccount:service-908015327166@serverless-robot-prod.iam.gserviceaccount.com",
            "project": "my-hello-service-admin",
            "repository": "projects/my-hello-service-admin/locations/us-west1/repositories/my-hello-service",
            "role": "roles/artifactregistry.reader"
          },
          "sensitive_attributes": [],
          "private": "bnVsbA==",
          "dependencies": [
            "module.cloudrun_cicd.google_project.admin_project",
            "module.cloudrun_cicd.google_project_service.admin_enabled_services",
            "module.cloudrun_cicd.module.github_ci_access_config.google_artifact_registry_repository.artifact_repository",
            "module.cloudrun_cicd.module.prod_environment.google_cloud_run_service.default",
            "module.cloudrun_cicd.module.prod_environment.google_project.project"
          ]
        }
      ]
    },
    {
      "module": "module.cloudrun_cicd.module.prod_environment",
      "mode": "managed",
      "type": "google_cloud_run_service",
      "name": "default",
      "provider": "provider[\"registry.terraform.io/hashicorp/google\"]",
      "instances": [
        {
          "schema_version": 1,
          "attributes": {
            "autogenerate_revision_name": false,
            "id": "locations/us-west1/namespaces/my-hello-service-prod/services/my-hello-service",
            "location": "us-west1",
            "metadata": [
              {
                "annotations": {
                  "run.googleapis.com/ingress": "all",
                  "run.googleapis.com/ingress-status": "all",
                  "run.googleapis.com/operation-id": "0c3ffff6-e436-4070-8490-c6e061caab1c",
                  "serving.knative.dev/creator": "revell@google.com",
                  "serving.knative.dev/lastModifier": "revell@google.com"
                },
                "generation": 1,
                "labels": {
                  "cloud.googleapis.com/location": "us-west1"
                },
                "namespace": "my-hello-service-prod",
                "resource_version": "AAX13alGcSk",
                "self_link": "/apis/serving.knative.dev/v1/namespaces/908015327166/services/my-hello-service",
                "uid": "de2a5068-b22e-4ca2-91f4-0a28b8bed31b"
              }
            ],
            "name": "my-hello-service",
            "project": "my-hello-service-prod",
            "status": [
              {
                "conditions": [
                  {
                    "message": "",
                    "reason": "",
                    "status": "True",
                    "type": "Ready"
                  },
                  {
                    "message": "",
                    "reason": "",
                    "status": "True",
                    "type": "ConfigurationsReady"
                  },
                  {
                    "message": "",
                    "reason": "",
                    "status": "True",
                    "type": "RoutesReady"
                  }
                ],
                "latest_created_revision_name": "my-hello-service-9p7q8",
                "latest_ready_revision_name": "my-hello-service-9p7q8",
                "observed_generation": 1,
                "url": "https://my-hello-service-xt2osb4y2q-uw.a.run.app"
              }
            ],
            "template": [
              {
                "metadata": [
                  {
                    "annotations": {
                      "autoscaling.knative.dev/maxScale": "100"
                    },
                    "generation": 0,
                    "labels": {},
                    "name": "",
                    "namespace": "",
                    "resource_version": "",
                    "self_link": "",
                    "uid": ""
                  }
                ],
                "spec": [
                  {
                    "container_concurrency": 80,
                    "containers": [
                      {
                        "args": [],
                        "command": [],
                        "env": [],
                        "env_from": [],
                        "image": "us-docker.pkg.dev/cloudrun/container/hello",
                        "ports": [
                          {
                            "container_port": 8080,
                            "name": "http1",
                            "protocol": ""
                          }
                        ],
                        "resources": [
                          {
                            "limits": {
                              "cpu": "1000m",
                              "memory": "512Mi"
                            },
                            "requests": {}
                          }
                        ],
                        "volume_mounts": [],
                        "working_dir": ""
                      }
                    ],
                    "service_account_name": "my-hello-service-prod-sa@my-hello-service-prod.iam.gserviceaccount.com",
                    "serving_state": "",
                    "timeout_seconds": 300,
                    "volumes": []
                  }
                ]
              }
            ],
            "timeouts": null,
            "traffic": [
              {
                "latest_revision": true,
                "percent": 100,
                "revision_name": "",
                "tag": "",
                "url": ""
              }
            ]
          },
          "sensitive_attributes": [],
          "private": "eyJlMmJmYjczMC1lY2FhLTExZTYtOGY4OC0zNDM2M2JjN2M0YzAiOnsiY3JlYXRlIjoxMjAwMDAwMDAwMDAwLCJkZWxldGUiOjEyMDAwMDAwMDAwMDAsInVwZGF0ZSI6MTIwMDAwMDAwMDAwMH0sInNjaGVtYV92ZXJzaW9uIjoiMSJ9",
          "dependencies": [
            "module.cloudrun_cicd.module.prod_environment.google_project.project",
            "module.cloudrun_cicd.module.prod_environment.google_project_service.default",
            "module.cloudrun_cicd.module.prod_environment.google_service_account.cloudrun_service_account"
          ]
        }
      ]
    },
    {
      "module": "module.cloudrun_cicd.module.prod_environment",
      "mode": "managed",
      "type": "google_cloud_run_service_iam_member",
      "name": "developer",
      "provider": "provider[\"registry.terraform.io/hashicorp/google\"]",
      "instances": [
        {
          "schema_version": 0,
          "attributes": {
            "condition": [],
            "etag": "BwX13amNOfs=",
            "id": "v1/projects/my-hello-service-prod/locations/us-west1/services/my-hello-service/roles/run.developer/serviceAccount:my-hello-service-5099-ci-sa@my-hello-service-admin.iam.gserviceaccount.com",
            "location": "us-west1",
            "member": "serviceAccount:my-hello-service-5099-ci-sa@my-hello-service-admin.iam.gserviceaccount.com",
            "project": "my-hello-service-prod",
            "role": "roles/run.developer",
            "service": "v1/projects/my-hello-service-prod/locations/us-west1/services/my-hello-service"
          },
          "sensitive_attributes": [],
          "private": "bnVsbA==",
          "dependencies": [
            "module.cloudrun_cicd.google_project.admin_project",
            "module.cloudrun_cicd.google_project_service.admin_enabled_services",
            "module.cloudrun_cicd.module.github_ci_access_config.google_service_account.ci_service_account",
            "module.cloudrun_cicd.module.github_ci_access_config.random_id.default",
            "module.cloudrun_cicd.module.prod_environment.google_cloud_run_service.default",
            "module.cloudrun_cicd.module.prod_environment.google_project.project",
            "module.cloudrun_cicd.module.prod_environment.google_project_service.default",
            "module.cloudrun_cicd.module.prod_environment.google_service_account.cloudrun_service_account"
          ]
        }
      ]
    },
    {
      "module": "module.cloudrun_cicd.module.prod_environment",
      "mode": "managed",
      "type": "google_project",
      "name": "project",
      "provider": "provider[\"registry.terraform.io/hashicorp/google\"]",
      "instances": [
        {
          "schema_version": 1,
          "attributes": {
            "auto_create_network": true,
            "billing_account": "009DE6-A7C95A-2AEE97",
            "folder_id": "436745444848",
            "id": "projects/my-hello-service-prod",
            "labels": {},
            "name": "my-hello-service prod",
            "number": "908015327166",
            "org_id": "",
            "project_id": "my-hello-service-prod",
            "skip_delete": null,
            "timeouts": null
          },
          "sensitive_attributes": [],
          "private": "eyJlMmJmYjczMC1lY2FhLTExZTYtOGY4OC0zNDM2M2JjN2M0YzAiOnsiY3JlYXRlIjo2MDAwMDAwMDAwMDAsImRlbGV0ZSI6NjAwMDAwMDAwMDAwLCJyZWFkIjo2MDAwMDAwMDAwMDAsInVwZGF0ZSI6NjAwMDAwMDAwMDAwfSwic2NoZW1hX3ZlcnNpb24iOiIxIn0="
        }
      ]
    },
    {
      "module": "module.cloudrun_cicd.module.prod_environment",
      "mode": "managed",
      "type": "google_project_service",
      "name": "default",
      "provider": "provider[\"registry.terraform.io/hashicorp/google\"]",
      "instances": [
        {
          "index_key": "iam.googleapis.com",
          "schema_version": 0,
          "attributes": {
            "disable_dependent_services": null,
            "disable_on_destroy": true,
            "id": "my-hello-service-prod/iam.googleapis.com",
            "project": "my-hello-service-prod",
            "service": "iam.googleapis.com",
            "timeouts": null
          },
          "sensitive_attributes": [],
          "private": "eyJlMmJmYjczMC1lY2FhLTExZTYtOGY4OC0zNDM2M2JjN2M0YzAiOnsiY3JlYXRlIjoxMjAwMDAwMDAwMDAwLCJkZWxldGUiOjEyMDAwMDAwMDAwMDAsInJlYWQiOjYwMDAwMDAwMDAwMCwidXBkYXRlIjoxMjAwMDAwMDAwMDAwfX0=",
          "dependencies": [
            "module.cloudrun_cicd.module.prod_environment.google_project.project"
          ]
        },
        {
          "index_key": "run.googleapis.com",
          "schema_version": 0,
          "attributes": {
            "disable_dependent_services": null,
            "disable_on_destroy": true,
            "id": "my-hello-service-prod/run.googleapis.com",
            "project": "my-hello-service-prod",
            "service": "run.googleapis.com",
            "timeouts": null
          },
          "sensitive_attributes": [],
          "private": "eyJlMmJmYjczMC1lY2FhLTExZTYtOGY4OC0zNDM2M2JjN2M0YzAiOnsiY3JlYXRlIjoxMjAwMDAwMDAwMDAwLCJkZWxldGUiOjEyMDAwMDAwMDAwMDAsInJlYWQiOjYwMDAwMDAwMDAwMCwidXBkYXRlIjoxMjAwMDAwMDAwMDAwfX0=",
          "dependencies": [
            "module.cloudrun_cicd.module.prod_environment.google_project.project"
          ]
        }
      ]
    },
    {
      "module": "module.cloudrun_cicd.module.prod_environment",
      "mode": "managed",
      "type": "google_service_account",
      "name": "cloudrun_service_account",
      "provider": "provider[\"registry.terraform.io/hashicorp/google\"]",
      "instances": [
        {
          "schema_version": 0,
          "attributes": {
            "account_id": "my-hello-service-prod-sa",
            "description": "",
            "disabled": false,
            "display_name": "my-hello-service prod SA",
            "email": "my-hello-service-prod-sa@my-hello-service-prod.iam.gserviceaccount.com",
            "id": "projects/my-hello-service-prod/serviceAccounts/my-hello-service-prod-sa@my-hello-service-prod.iam.gserviceaccount.com",
            "member": "serviceAccount:my-hello-service-prod-sa@my-hello-service-prod.iam.gserviceaccount.com",
            "name": "projects/my-hello-service-prod/serviceAccounts/my-hello-service-prod-sa@my-hello-service-prod.iam.gserviceaccount.com",
            "project": "my-hello-service-prod",
            "timeouts": null,
            "unique_id": "101200291693631572532"
          },
          "sensitive_attributes": [],
          "private": "eyJlMmJmYjczMC1lY2FhLTExZTYtOGY4OC0zNDM2M2JjN2M0YzAiOnsiY3JlYXRlIjozMDAwMDAwMDAwMDB9fQ==",
          "dependencies": [
            "module.cloudrun_cicd.module.prod_environment.google_project.project",
            "module.cloudrun_cicd.module.prod_environment.google_project_service.default"
          ]
        }
      ]
    },
    {
      "module": "module.cloudrun_cicd.module.prod_environment",
      "mode": "managed",
      "type": "google_service_account_iam_member",
      "name": "impersonate",
      "provider": "provider[\"registry.terraform.io/hashicorp/google\"]",
      "instances": [
        {
          "schema_version": 0,
          "attributes": {
            "condition": [],
            "etag": "BwX13aU7UmU=",
            "id": "projects/my-hello-service-prod/serviceAccounts/my-hello-service-prod-sa@my-hello-service-prod.iam.gserviceaccount.com/roles/iam.serviceAccountUser/serviceAccount:my-hello-service-5099-ci-sa@my-hello-service-admin.iam.gserviceaccount.com",
            "member": "serviceAccount:my-hello-service-5099-ci-sa@my-hello-service-admin.iam.gserviceaccount.com",
            "role": "roles/iam.serviceAccountUser",
            "service_account_id": "projects/my-hello-service-prod/serviceAccounts/my-hello-service-prod-sa@my-hello-service-prod.iam.gserviceaccount.com"
          },
          "sensitive_attributes": [],
          "private": "bnVsbA==",
          "dependencies": [
            "module.cloudrun_cicd.google_project.admin_project",
            "module.cloudrun_cicd.google_project_service.admin_enabled_services",
            "module.cloudrun_cicd.module.github_ci_access_config.google_service_account.ci_service_account",
            "module.cloudrun_cicd.module.github_ci_access_config.random_id.default",
            "module.cloudrun_cicd.module.prod_environment.google_project.project",
            "module.cloudrun_cicd.module.prod_environment.google_project_service.default",
            "module.cloudrun_cicd.module.prod_environment.google_service_account.cloudrun_service_account"
          ]
        }
      ]
    }
  ],
  "check_results": null
}
